
Microsoft Visual Studio Solution File, Format Version 12.00
# Visual Studio Version 16
VisualStudioVersion = 16.0.31205.134
MinimumVisualStudioVersion = 10.0.40219.1
Project("{2150E333-8FDC-42A3-9474-1A3956D46DE8}") = "Wpf", "Wpf", "{B56A122E-E129-4205-89A6-065B4B2798B7}"
EndProject
Project("{2150E333-8FDC-42A3-9474-1A3956D46DE8}") = "XF", "XF", "{13B347FC-7469-4E35-9597-0A4DC5EAEAA8}"
EndProject
Project("{2150E333-8FDC-42A3-9474-1A3956D46DE8}") = "Common", "Common", "{60F56B49-2067-42BA-8648-A664A3D0FA32}"
EndProject
Project("{9A19103F-16F7-4668-BE54-9A1E7A4F7556}") = "ConsoleTest", "Test\ConsoleTest\ConsoleTest.csproj", "{DEB62302-A166-4D4E-9827-27609C8834E7}"
EndProject
Project("{2150E333-8FDC-42A3-9474-1A3956D46DE8}") = "CoreApi", "CoreApi", "{517A8313-4C6A-42A7-B2AB-337AA29060E0}"
EndProject
Project("{2150E333-8FDC-42A3-9474-1A3956D46DE8}") = "MAUI", "MAUI", "{F75F8642-42ED-46D9-BFEC-7284589BFA3A}"
EndProject
Project("{2150E333-8FDC-42A3-9474-1A3956D46DE8}") = "Test", "Test", "{445CBEDE-1815-408B-AAEE-9217310DE158}"
EndProject
Project("{2150E333-8FDC-42A3-9474-1A3956D46DE8}") = "Blazor", "Blazor", "{95BB3518-72E4-4DF7-9D9E-8C6840B8FB6B}"
EndProject
Project("{9A19103F-16F7-4668-BE54-9A1E7A4F7556}") = "Skymly.JyGameStudio.Wpf", "WPF\Skymly.JyGameStudio.Wpf\Skymly.JyGameStudio.Wpf.csproj", "{85CA40EF-A438-4E0F-B3B2-F4F3AB88E7EE}"
EndProject
Project("{9A19103F-16F7-4668-BE54-9A1E7A4F7556}") = "Skymly.JyGameStudio.Wpf.Core", "WPF\Skymly.JyGameStudio.Wpf.Core\Skymly.JyGameStudio.Wpf.Core.csproj", "{4F7D3E1B-88F5-4A88-8747-CE64B91F52BA}"
EndProject
Project("{9A19103F-16F7-4668-BE54-9A1E7A4F7556}") = "Skymly.JyGameStudio.Wpf.Themes", "WPF\Skymly.JyGameStudio.Wpf.Themes\Skymly.JyGameStudio.Wpf.Themes.csproj", "{0C3D7F2B-A1E8-4722-BA6C-E183BF758ECC}"
EndProject
Project("{9A19103F-16F7-4668-BE54-9A1E7A4F7556}") = "Tools", "Common\Tools\Tools.csproj", "{4F5517E3-7FBC-42FC-9073-7C4C7657B951}"
EndProject
Project("{9A19103F-16F7-4668-BE54-9A1E7A4F7556}") = "Skymly.JyGameStudio.Data", "Common\Skymly.JyGameStudio.Data\Skymly.JyGameStudio.Data.csproj", "{E3DF0492-C3BB-4854-B072-F977C97BE7C7}"
EndProject
Project("{9A19103F-16F7-4668-BE54-9A1E7A4F7556}") = "Skymly.JyGameStudio.BlazorApp.Server", "Blazor\Skymly.JyGameStudio.BlazorApp\Skymly.JyGameStudio.BlazorApp.Server\Skymly.JyGameStudio.BlazorApp.Server.csproj", "{D5658B6A-22A7-4D8A-BFF4-1E79937F033C}"
EndProject
Project("{9A19103F-16F7-4668-BE54-9A1E7A4F7556}") = "Skymly.JyGameStudio.BlazorApp.Shared", "Blazor\Skymly.JyGameStudio.BlazorApp\Skymly.JyGameStudio.BlazorApp.Shared\Skymly.JyGameStudio.BlazorApp.Shared.csproj", "{6672E374-C500-420F-BFE0-ACE364071325}"
EndProject
Project("{9A19103F-16F7-4668-BE54-9A1E7A4F7556}") = "Skymly.JyGameStudio.BlazorApp.WebAssembly", "Blazor\Skymly.JyGameStudio.BlazorApp\Skymly.JyGameStudio.BlazorApp.WebAssembly\Skymly.JyGameStudio.BlazorApp.WebAssembly.csproj", "{1C71563D-6E7B-4375-AA3F-552131B745A1}"
EndProject
Project("{9A19103F-16F7-4668-BE54-9A1E7A4F7556}") = "Skymly.JyGameStudio.XF", "XF\Skymly.JyGameStudio.XF\Skymly.JyGameStudio.XF\Skymly.JyGameStudio.XF.csproj", "{5D373627-BBFF-4FBA-92C7-7A56F36ABF15}"
EndProject
Project("{FAE04EC0-301F-11D3-BF4B-00C04F79EFBC}") = "Skymly.JyGameStudio.XF.Android", "XF\Skymly.JyGameStudio.XF\Skymly.JyGameStudio.XF.Android\Skymly.JyGameStudio.XF.Android.csproj", "{6F4988E0-9553-432B-B4DA-F8134C69E9AC}"
EndProject
Project("{FAE04EC0-301F-11D3-BF4B-00C04F79EFBC}") = "Skymly.JyGameStudio.XF.iOS", "XF\Skymly.JyGameStudio.XF\Skymly.JyGameStudio.XF.iOS\Skymly.JyGameStudio.XF.iOS.csproj", "{F8FE4CF8-E65C-4A2B-808E-13C5D771AEA9}"
EndProject
Project("{9A19103F-16F7-4668-BE54-9A1E7A4F7556}") = "Skymly.JyGameStudio.XF.Core", "XF\Skymly.JyGameStudio.XF.Core\Skymly.JyGameStudio.XF.Core.csproj", "{B094FF64-85AB-4D4E-A38F-9B18DA918882}"
EndProject
Project("{FAE04EC0-301F-11D3-BF4B-00C04F79EFBC}") = "Skymly.JyGameStudio.Api.Library", "Common\Skymly.JyGameStudio.Api.Library\Skymly.JyGameStudio.Api.Library.csproj", "{8B405457-582E-43E6-9D32-8120C2DF2A47}"
EndProject
Project("{9A19103F-16F7-4668-BE54-9A1E7A4F7556}") = "Skymly.JyGameStudio.Models", "Common\Skymly.JyGameTools.Models\Skymly.JyGameStudio.Models.csproj", "{501B6A40-2619-493C-A8BD-9C4B8371E6FE}"
EndProject
Project("{9A19103F-16F7-4668-BE54-9A1E7A4F7556}") = "Skymly.JyGameStudio.Api.Hosting", "CoreApi\Skymly.JyGameStudio.Api.Hosting\Skymly.JyGameStudio.Api.Hosting.csproj", "{E4B7DEC5-4092-4FF6-B163-5F40A29653F5}"
EndProject
Global
	GlobalSection(SolutionConfigurationPlatforms) = preSolution
		Ad-Hoc|Any CPU = Ad-Hoc|Any CPU
		Ad-Hoc|ARM = Ad-Hoc|ARM
		Ad-Hoc|iPhone = Ad-Hoc|iPhone
		Ad-Hoc|iPhoneSimulator = Ad-Hoc|iPhoneSimulator
		Ad-Hoc|x64 = Ad-Hoc|x64
		Ad-Hoc|x86 = Ad-Hoc|x86
		AppStore|Any CPU = AppStore|Any CPU
		AppStore|ARM = AppStore|ARM
		AppStore|iPhone = AppStore|iPhone
		AppStore|iPhoneSimulator = AppStore|iPhoneSimulator
		AppStore|x64 = AppStore|x64
		AppStore|x86 = AppStore|x86
		Debug|Any CPU = Debug|Any CPU
		Debug|ARM = Debug|ARM
		Debug|iPhone = Debug|iPhone
		Debug|iPhoneSimulator = Debug|iPhoneSimulator
		Debug|x64 = Debug|x64
		Debug|x86 = Debug|x86
		Release|Any CPU = Release|Any CPU
		Release|ARM = Release|ARM
		Release|iPhone = Release|iPhone
		Release|iPhoneSimulator = Release|iPhoneSimulator
		Release|x64 = Release|x64
		Release|x86 = Release|x86
	EndGlobalSection
	GlobalSection(ProjectConfigurationPlatforms) = postSolution
		{DEB62302-A166-4D4E-9827-27609C8834E7}.Ad-Hoc|Any CPU.ActiveCfg = Debug|Any CPU
		{DEB62302-A166-4D4E-9827-27609C8834E7}.Ad-Hoc|Any CPU.Build.0 = Debug|Any CPU
		{DEB62302-A166-4D4E-9827-27609C8834E7}.Ad-Hoc|ARM.ActiveCfg = Debug|Any CPU
		{DEB62302-A166-4D4E-9827-27609C8834E7}.Ad-Hoc|ARM.Build.0 = Debug|Any CPU
		{DEB62302-A166-4D4E-9827-27609C8834E7}.Ad-Hoc|iPhone.ActiveCfg = Debug|Any CPU
		{DEB62302-A166-4D4E-9827-27609C8834E7}.Ad-Hoc|iPhone.Build.0 = Debug|Any CPU
		{DEB62302-A166-4D4E-9827-27609C8834E7}.Ad-Hoc|iPhoneSimulator.ActiveCfg = Debug|Any CPU
		{DEB62302-A166-4D4E-9827-27609C8834E7}.Ad-Hoc|iPhoneSimulator.Build.0 = Debug|Any CPU
		{DEB62302-A166-4D4E-9827-27609C8834E7}.Ad-Hoc|x64.ActiveCfg = Debug|Any CPU
		{DEB62302-A166-4D4E-9827-27609C8834E7}.Ad-Hoc|x64.Build.0 = Debug|Any CPU
		{DEB62302-A166-4D4E-9827-27609C8834E7}.Ad-Hoc|x86.ActiveCfg = Debug|Any CPU
		{DEB62302-A166-4D4E-9827-27609C8834E7}.Ad-Hoc|x86.Build.0 = Debug|Any CPU
		{DEB62302-A166-4D4E-9827-27609C8834E7}.AppStore|Any CPU.ActiveCfg = Debug|Any CPU
		{DEB62302-A166-4D4E-9827-27609C8834E7}.AppStore|Any CPU.Build.0 = Debug|Any CPU
		{DEB62302-A166-4D4E-9827-27609C8834E7}.AppStore|ARM.ActiveCfg = Debug|Any CPU
		{DEB62302-A166-4D4E-9827-27609C8834E7}.AppStore|ARM.Build.0 = Debug|Any CPU
		{DEB62302-A166-4D4E-9827-27609C8834E7}.AppStore|iPhone.ActiveCfg = Debug|Any CPU
		{DEB62302-A166-4D4E-9827-27609C8834E7}.AppStore|iPhone.Build.0 = Debug|Any CPU
		{DEB62302-A166-4D4E-9827-27609C8834E7}.AppStore|iPhoneSimulator.ActiveCfg = Debug|Any CPU
		{DEB62302-A166-4D4E-9827-27609C8834E7}.AppStore|iPhoneSimulator.Build.0 = Debug|Any CPU
		{DEB62302-A166-4D4E-9827-27609C8834E7}.AppStore|x64.ActiveCfg = Debug|Any CPU
		{DEB62302-A166-4D4E-9827-27609C8834E7}.AppStore|x64.Build.0 = Debug|Any CPU
		{DEB62302-A166-4D4E-9827-27609C8834E7}.AppStore|x86.ActiveCfg = Debug|Any CPU
		{DEB62302-A166-4D4E-9827-27609C8834E7}.AppStore|x86.Build.0 = Debug|Any CPU
		{DEB62302-A166-4D4E-9827-27609C8834E7}.Debug|Any CPU.ActiveCfg = Debug|Any CPU
		{DEB62302-A166-4D4E-9827-27609C8834E7}.Debug|Any CPU.Build.0 = Debug|Any CPU
		{DEB62302-A166-4D4E-9827-27609C8834E7}.Debug|ARM.ActiveCfg = Debug|Any CPU
		{DEB62302-A166-4D4E-9827-27609C8834E7}.Debug|ARM.Build.0 = Debug|Any CPU
		{DEB62302-A166-4D4E-9827-27609C8834E7}.Debug|iPhone.ActiveCfg = Debug|Any CPU
		{DEB62302-A166-4D4E-9827-27609C8834E7}.Debug|iPhone.Build.0 = Debug|Any CPU
		{DEB62302-A166-4D4E-9827-27609C8834E7}.Debug|iPhoneSimulator.ActiveCfg = Debug|Any CPU
		{DEB62302-A166-4D4E-9827-27609C8834E7}.Debug|iPhoneSimulator.Build.0 = Debug|Any CPU
		{DEB62302-A166-4D4E-9827-27609C8834E7}.Debug|x64.ActiveCfg = Debug|Any CPU
		{DEB62302-A166-4D4E-9827-27609C8834E7}.Debug|x64.Build.0 = Debug|Any CPU
		{DEB62302-A166-4D4E-9827-27609C8834E7}.Debug|x86.ActiveCfg = Debug|Any CPU
		{DEB62302-A166-4D4E-9827-27609C8834E7}.Debug|x86.Build.0 = Debug|Any CPU
		{DEB62302-A166-4D4E-9827-27609C8834E7}.Release|Any CPU.ActiveCfg = Release|Any CPU
		{DEB62302-A166-4D4E-9827-27609C8834E7}.Release|Any CPU.Build.0 = Release|Any CPU
		{DEB62302-A166-4D4E-9827-27609C8834E7}.Release|ARM.ActiveCfg = Release|Any CPU
		{DEB62302-A166-4D4E-9827-27609C8834E7}.Release|ARM.Build.0 = Release|Any CPU
		{DEB62302-A166-4D4E-9827-27609C8834E7}.Release|iPhone.ActiveCfg = Release|Any CPU
		{DEB62302-A166-4D4E-9827-27609C8834E7}.Release|iPhone.Build.0 = Release|Any CPU
		{DEB62302-A166-4D4E-9827-27609C8834E7}.Release|iPhoneSimulator.ActiveCfg = Release|Any CPU
		{DEB62302-A166-4D4E-9827-27609C8834E7}.Release|iPhoneSimulator.Build.0 = Release|Any CPU
		{DEB62302-A166-4D4E-9827-27609C8834E7}.Release|x64.ActiveCfg = Release|Any CPU
		{DEB62302-A166-4D4E-9827-27609C8834E7}.Release|x64.Build.0 = Release|Any CPU
		{DEB62302-A166-4D4E-9827-27609C8834E7}.Release|x86.ActiveCfg = Release|Any CPU
		{DEB62302-A166-4D4E-9827-27609C8834E7}.Release|x86.Build.0 = Release|Any CPU
		{85CA40EF-A438-4E0F-B3B2-F4F3AB88E7EE}.Ad-Hoc|Any CPU.ActiveCfg = Debug|Any CPU
		{85CA40EF-A438-4E0F-B3B2-F4F3AB88E7EE}.Ad-Hoc|Any CPU.Build.0 = Debug|Any CPU
		{85CA40EF-A438-4E0F-B3B2-F4F3AB88E7EE}.Ad-Hoc|ARM.ActiveCfg = Debug|Any CPU
		{85CA40EF-A438-4E0F-B3B2-F4F3AB88E7EE}.Ad-Hoc|ARM.Build.0 = Debug|Any CPU
		{85CA40EF-A438-4E0F-B3B2-F4F3AB88E7EE}.Ad-Hoc|iPhone.ActiveCfg = Debug|Any CPU
		{85CA40EF-A438-4E0F-B3B2-F4F3AB88E7EE}.Ad-Hoc|iPhone.Build.0 = Debug|Any CPU
		{85CA40EF-A438-4E0F-B3B2-F4F3AB88E7EE}.Ad-Hoc|iPhoneSimulator.ActiveCfg = Debug|Any CPU
		{85CA40EF-A438-4E0F-B3B2-F4F3AB88E7EE}.Ad-Hoc|iPhoneSimulator.Build.0 = Debug|Any CPU
		{85CA40EF-A438-4E0F-B3B2-F4F3AB88E7EE}.Ad-Hoc|x64.ActiveCfg = Debug|Any CPU
		{85CA40EF-A438-4E0F-B3B2-F4F3AB88E7EE}.Ad-Hoc|x64.Build.0 = Debug|Any CPU
		{85CA40EF-A438-4E0F-B3B2-F4F3AB88E7EE}.Ad-Hoc|x86.ActiveCfg = Debug|Any CPU
		{85CA40EF-A438-4E0F-B3B2-F4F3AB88E7EE}.Ad-Hoc|x86.Build.0 = Debug|Any CPU
		{85CA40EF-A438-4E0F-B3B2-F4F3AB88E7EE}.AppStore|Any CPU.ActiveCfg = Debug|Any CPU
		{85CA40EF-A438-4E0F-B3B2-F4F3AB88E7EE}.AppStore|Any CPU.Build.0 = Debug|Any CPU
		{85CA40EF-A438-4E0F-B3B2-F4F3AB88E7EE}.AppStore|ARM.ActiveCfg = Debug|Any CPU
		{85CA40EF-A438-4E0F-B3B2-F4F3AB88E7EE}.AppStore|ARM.Build.0 = Debug|Any CPU
		{85CA40EF-A438-4E0F-B3B2-F4F3AB88E7EE}.AppStore|iPhone.ActiveCfg = Debug|Any CPU
		{85CA40EF-A438-4E0F-B3B2-F4F3AB88E7EE}.AppStore|iPhone.Build.0 = Debug|Any CPU
		{85CA40EF-A438-4E0F-B3B2-F4F3AB88E7EE}.AppStore|iPhoneSimulator.ActiveCfg = Debug|Any CPU
		{85CA40EF-A438-4E0F-B3B2-F4F3AB88E7EE}.AppStore|iPhoneSimulator.Build.0 = Debug|Any CPU
		{85CA40EF-A438-4E0F-B3B2-F4F3AB88E7EE}.AppStore|x64.ActiveCfg = Debug|Any CPU
		{85CA40EF-A438-4E0F-B3B2-F4F3AB88E7EE}.AppStore|x64.Build.0 = Debug|Any CPU
		{85CA40EF-A438-4E0F-B3B2-F4F3AB88E7EE}.AppStore|x86.ActiveCfg = Debug|Any CPU
		{85CA40EF-A438-4E0F-B3B2-F4F3AB88E7EE}.AppStore|x86.Build.0 = Debug|Any CPU
		{85CA40EF-A438-4E0F-B3B2-F4F3AB88E7EE}.Debug|Any CPU.ActiveCfg = Debug|Any CPU
		{85CA40EF-A438-4E0F-B3B2-F4F3AB88E7EE}.Debug|Any CPU.Build.0 = Debug|Any CPU
		{85CA40EF-A438-4E0F-B3B2-F4F3AB88E7EE}.Debug|ARM.ActiveCfg = Debug|Any CPU
		{85CA40EF-A438-4E0F-B3B2-F4F3AB88E7EE}.Debug|ARM.Build.0 = Debug|Any CPU
		{85CA40EF-A438-4E0F-B3B2-F4F3AB88E7EE}.Debug|iPhone.ActiveCfg = Debug|Any CPU
		{85CA40EF-A438-4E0F-B3B2-F4F3AB88E7EE}.Debug|iPhone.Build.0 = Debug|Any CPU
		{85CA40EF-A438-4E0F-B3B2-F4F3AB88E7EE}.Debug|iPhoneSimulator.ActiveCfg = Debug|Any CPU
		{85CA40EF-A438-4E0F-B3B2-F4F3AB88E7EE}.Debug|iPhoneSimulator.Build.0 = Debug|Any CPU
		{85CA40EF-A438-4E0F-B3B2-F4F3AB88E7EE}.Debug|x64.ActiveCfg = Debug|Any CPU
		{85CA40EF-A438-4E0F-B3B2-F4F3AB88E7EE}.Debug|x64.Build.0 = Debug|Any CPU
		{85CA40EF-A438-4E0F-B3B2-F4F3AB88E7EE}.Debug|x86.ActiveCfg = Debug|Any CPU
		{85CA40EF-A438-4E0F-B3B2-F4F3AB88E7EE}.Debug|x86.Build.0 = Debug|Any CPU
		{85CA40EF-A438-4E0F-B3B2-F4F3AB88E7EE}.Release|Any CPU.ActiveCfg = Release|Any CPU
		{85CA40EF-A438-4E0F-B3B2-F4F3AB88E7EE}.Release|Any CPU.Build.0 = Release|Any CPU
		{85CA40EF-A438-4E0F-B3B2-F4F3AB88E7EE}.Release|ARM.ActiveCfg = Release|Any CPU
		{85CA40EF-A438-4E0F-B3B2-F4F3AB88E7EE}.Release|ARM.Build.0 = Release|Any CPU
		{85CA40EF-A438-4E0F-B3B2-F4F3AB88E7EE}.Release|iPhone.ActiveCfg = Release|Any CPU
		{85CA40EF-A438-4E0F-B3B2-F4F3AB88E7EE}.Release|iPhone.Build.0 = Release|Any CPU
		{85CA40EF-A438-4E0F-B3B2-F4F3AB88E7EE}.Release|iPhoneSimulator.ActiveCfg = Release|Any CPU
		{85CA40EF-A438-4E0F-B3B2-F4F3AB88E7EE}.Release|iPhoneSimulator.Build.0 = Release|Any CPU
		{85CA40EF-A438-4E0F-B3B2-F4F3AB88E7EE}.Release|x64.ActiveCfg = Release|Any CPU
		{85CA40EF-A438-4E0F-B3B2-F4F3AB88E7EE}.Release|x64.Build.0 = Release|Any CPU
		{85CA40EF-A438-4E0F-B3B2-F4F3AB88E7EE}.Release|x86.ActiveCfg = Release|Any CPU
		{85CA40EF-A438-4E0F-B3B2-F4F3AB88E7EE}.Release|x86.Build.0 = Release|Any CPU
		{4F7D3E1B-88F5-4A88-8747-CE64B91F52BA}.Ad-Hoc|Any CPU.ActiveCfg = Debug|Any CPU
		{4F7D3E1B-88F5-4A88-8747-CE64B91F52BA}.Ad-Hoc|Any CPU.Build.0 = Debug|Any CPU
		{4F7D3E1B-88F5-4A88-8747-CE64B91F52BA}.Ad-Hoc|ARM.ActiveCfg = Debug|Any CPU
		{4F7D3E1B-88F5-4A88-8747-CE64B91F52BA}.Ad-Hoc|ARM.Build.0 = Debug|Any CPU
		{4F7D3E1B-88F5-4A88-8747-CE64B91F52BA}.Ad-Hoc|iPhone.ActiveCfg = Debug|Any CPU
		{4F7D3E1B-88F5-4A88-8747-CE64B91F52BA}.Ad-Hoc|iPhone.Build.0 = Debug|Any CPU
		{4F7D3E1B-88F5-4A88-8747-CE64B91F52BA}.Ad-Hoc|iPhoneSimulator.ActiveCfg = Debug|Any CPU
		{4F7D3E1B-88F5-4A88-8747-CE64B91F52BA}.Ad-Hoc|iPhoneSimulator.Build.0 = Debug|Any CPU
		{4F7D3E1B-88F5-4A88-8747-CE64B91F52BA}.Ad-Hoc|x64.ActiveCfg = Debug|Any CPU
		{4F7D3E1B-88F5-4A88-8747-CE64B91F52BA}.Ad-Hoc|x64.Build.0 = Debug|Any CPU
		{4F7D3E1B-88F5-4A88-8747-CE64B91F52BA}.Ad-Hoc|x86.ActiveCfg = Debug|Any CPU
		{4F7D3E1B-88F5-4A88-8747-CE64B91F52BA}.Ad-Hoc|x86.Build.0 = Debug|Any CPU
		{4F7D3E1B-88F5-4A88-8747-CE64B91F52BA}.AppStore|Any CPU.ActiveCfg = Debug|Any CPU
		{4F7D3E1B-88F5-4A88-8747-CE64B91F52BA}.AppStore|Any CPU.Build.0 = Debug|Any CPU
		{4F7D3E1B-88F5-4A88-8747-CE64B91F52BA}.AppStore|ARM.ActiveCfg = Debug|Any CPU
		{4F7D3E1B-88F5-4A88-8747-CE64B91F52BA}.AppStore|ARM.Build.0 = Debug|Any CPU
		{4F7D3E1B-88F5-4A88-8747-CE64B91F52BA}.AppStore|iPhone.ActiveCfg = Debug|Any CPU
		{4F7D3E1B-88F5-4A88-8747-CE64B91F52BA}.AppStore|iPhone.Build.0 = Debug|Any CPU
		{4F7D3E1B-88F5-4A88-8747-CE64B91F52BA}.AppStore|iPhoneSimulator.ActiveCfg = Debug|Any CPU
		{4F7D3E1B-88F5-4A88-8747-CE64B91F52BA}.AppStore|iPhoneSimulator.Build.0 = Debug|Any CPU
		{4F7D3E1B-88F5-4A88-8747-CE64B91F52BA}.AppStore|x64.ActiveCfg = Debug|Any CPU
		{4F7D3E1B-88F5-4A88-8747-CE64B91F52BA}.AppStore|x64.Build.0 = Debug|Any CPU
		{4F7D3E1B-88F5-4A88-8747-CE64B91F52BA}.AppStore|x86.ActiveCfg = Debug|Any CPU
		{4F7D3E1B-88F5-4A88-8747-CE64B91F52BA}.AppStore|x86.Build.0 = Debug|Any CPU
		{4F7D3E1B-88F5-4A88-8747-CE64B91F52BA}.Debug|Any CPU.ActiveCfg = Debug|Any CPU
		{4F7D3E1B-88F5-4A88-8747-CE64B91F52BA}.Debug|Any CPU.Build.0 = Debug|Any CPU
		{4F7D3E1B-88F5-4A88-8747-CE64B91F52BA}.Debug|ARM.ActiveCfg = Debug|Any CPU
		{4F7D3E1B-88F5-4A88-8747-CE64B91F52BA}.Debug|ARM.Build.0 = Debug|Any CPU
		{4F7D3E1B-88F5-4A88-8747-CE64B91F52BA}.Debug|iPhone.ActiveCfg = Debug|Any CPU
		{4F7D3E1B-88F5-4A88-8747-CE64B91F52BA}.Debug|iPhone.Build.0 = Debug|Any CPU
		{4F7D3E1B-88F5-4A88-8747-CE64B91F52BA}.Debug|iPhoneSimulator.ActiveCfg = Debug|Any CPU
		{4F7D3E1B-88F5-4A88-8747-CE64B91F52BA}.Debug|iPhoneSimulator.Build.0 = Debug|Any CPU
		{4F7D3E1B-88F5-4A88-8747-CE64B91F52BA}.Debug|x64.ActiveCfg = Debug|Any CPU
		{4F7D3E1B-88F5-4A88-8747-CE64B91F52BA}.Debug|x64.Build.0 = Debug|Any CPU
		{4F7D3E1B-88F5-4A88-8747-CE64B91F52BA}.Debug|x86.ActiveCfg = Debug|Any CPU
		{4F7D3E1B-88F5-4A88-8747-CE64B91F52BA}.Debug|x86.Build.0 = Debug|Any CPU
		{4F7D3E1B-88F5-4A88-8747-CE64B91F52BA}.Release|Any CPU.ActiveCfg = Release|Any CPU
		{4F7D3E1B-88F5-4A88-8747-CE64B91F52BA}.Release|Any CPU.Build.0 = Release|Any CPU
		{4F7D3E1B-88F5-4A88-8747-CE64B91F52BA}.Release|ARM.ActiveCfg = Release|Any CPU
		{4F7D3E1B-88F5-4A88-8747-CE64B91F52BA}.Release|ARM.Build.0 = Release|Any CPU
		{4F7D3E1B-88F5-4A88-8747-CE64B91F52BA}.Release|iPhone.ActiveCfg = Release|Any CPU
		{4F7D3E1B-88F5-4A88-8747-CE64B91F52BA}.Release|iPhone.Build.0 = Release|Any CPU
		{4F7D3E1B-88F5-4A88-8747-CE64B91F52BA}.Release|iPhoneSimulator.ActiveCfg = Release|Any CPU
		{4F7D3E1B-88F5-4A88-8747-CE64B91F52BA}.Release|iPhoneSimulator.Build.0 = Release|Any CPU
		{4F7D3E1B-88F5-4A88-8747-CE64B91F52BA}.Release|x64.ActiveCfg = Release|Any CPU
		{4F7D3E1B-88F5-4A88-8747-CE64B91F52BA}.Release|x64.Build.0 = Release|Any CPU
		{4F7D3E1B-88F5-4A88-8747-CE64B91F52BA}.Release|x86.ActiveCfg = Release|Any CPU
		{4F7D3E1B-88F5-4A88-8747-CE64B91F52BA}.Release|x86.Build.0 = Release|Any CPU
		{0C3D7F2B-A1E8-4722-BA6C-E183BF758ECC}.Ad-Hoc|Any CPU.ActiveCfg = Debug|Any CPU
		{0C3D7F2B-A1E8-4722-BA6C-E183BF758ECC}.Ad-Hoc|Any CPU.Build.0 = Debug|Any CPU
		{0C3D7F2B-A1E8-4722-BA6C-E183BF758ECC}.Ad-Hoc|ARM.ActiveCfg = Debug|Any CPU
		{0C3D7F2B-A1E8-4722-BA6C-E183BF758ECC}.Ad-Hoc|ARM.Build.0 = Debug|Any CPU
		{0C3D7F2B-A1E8-4722-BA6C-E183BF758ECC}.Ad-Hoc|iPhone.ActiveCfg = Debug|Any CPU
		{0C3D7F2B-A1E8-4722-BA6C-E183BF758ECC}.Ad-Hoc|iPhone.Build.0 = Debug|Any CPU
		{0C3D7F2B-A1E8-4722-BA6C-E183BF758ECC}.Ad-Hoc|iPhoneSimulator.ActiveCfg = Debug|Any CPU
		{0C3D7F2B-A1E8-4722-BA6C-E183BF758ECC}.Ad-Hoc|iPhoneSimulator.Build.0 = Debug|Any CPU
		{0C3D7F2B-A1E8-4722-BA6C-E183BF758ECC}.Ad-Hoc|x64.ActiveCfg = Debug|Any CPU
		{0C3D7F2B-A1E8-4722-BA6C-E183BF758ECC}.Ad-Hoc|x64.Build.0 = Debug|Any CPU
		{0C3D7F2B-A1E8-4722-BA6C-E183BF758ECC}.Ad-Hoc|x86.ActiveCfg = Debug|Any CPU
		{0C3D7F2B-A1E8-4722-BA6C-E183BF758ECC}.Ad-Hoc|x86.Build.0 = Debug|Any CPU
		{0C3D7F2B-A1E8-4722-BA6C-E183BF758ECC}.AppStore|Any CPU.ActiveCfg = Debug|Any CPU
		{0C3D7F2B-A1E8-4722-BA6C-E183BF758ECC}.AppStore|Any CPU.Build.0 = Debug|Any CPU
		{0C3D7F2B-A1E8-4722-BA6C-E183BF758ECC}.AppStore|ARM.ActiveCfg = Debug|Any CPU
		{0C3D7F2B-A1E8-4722-BA6C-E183BF758ECC}.AppStore|ARM.Build.0 = Debug|Any CPU
		{0C3D7F2B-A1E8-4722-BA6C-E183BF758ECC}.AppStore|iPhone.ActiveCfg = Debug|Any CPU
		{0C3D7F2B-A1E8-4722-BA6C-E183BF758ECC}.AppStore|iPhone.Build.0 = Debug|Any CPU
		{0C3D7F2B-A1E8-4722-BA6C-E183BF758ECC}.AppStore|iPhoneSimulator.ActiveCfg = Debug|Any CPU
		{0C3D7F2B-A1E8-4722-BA6C-E183BF758ECC}.AppStore|iPhoneSimulator.Build.0 = Debug|Any CPU
		{0C3D7F2B-A1E8-4722-BA6C-E183BF758ECC}.AppStore|x64.ActiveCfg = Debug|Any CPU
		{0C3D7F2B-A1E8-4722-BA6C-E183BF758ECC}.AppStore|x64.Build.0 = Debug|Any CPU
		{0C3D7F2B-A1E8-4722-BA6C-E183BF758ECC}.AppStore|x86.ActiveCfg = Debug|Any CPU
		{0C3D7F2B-A1E8-4722-BA6C-E183BF758ECC}.AppStore|x86.Build.0 = Debug|Any CPU
		{0C3D7F2B-A1E8-4722-BA6C-E183BF758ECC}.Debug|Any CPU.ActiveCfg = Debug|Any CPU
		{0C3D7F2B-A1E8-4722-BA6C-E183BF758ECC}.Debug|Any CPU.Build.0 = Debug|Any CPU
		{0C3D7F2B-A1E8-4722-BA6C-E183BF758ECC}.Debug|ARM.ActiveCfg = Debug|Any CPU
		{0C3D7F2B-A1E8-4722-BA6C-E183BF758ECC}.Debug|ARM.Build.0 = Debug|Any CPU
		{0C3D7F2B-A1E8-4722-BA6C-E183BF758ECC}.Debug|iPhone.ActiveCfg = Debug|Any CPU
		{0C3D7F2B-A1E8-4722-BA6C-E183BF758ECC}.Debug|iPhone.Build.0 = Debug|Any CPU
		{0C3D7F2B-A1E8-4722-BA6C-E183BF758ECC}.Debug|iPhoneSimulator.ActiveCfg = Debug|Any CPU
		{0C3D7F2B-A1E8-4722-BA6C-E183BF758ECC}.Debug|iPhoneSimulator.Build.0 = Debug|Any CPU
		{0C3D7F2B-A1E8-4722-BA6C-E183BF758ECC}.Debug|x64.ActiveCfg = Debug|Any CPU
		{0C3D7F2B-A1E8-4722-BA6C-E183BF758ECC}.Debug|x64.Build.0 = Debug|Any CPU
		{0C3D7F2B-A1E8-4722-BA6C-E183BF758ECC}.Debug|x86.ActiveCfg = Debug|Any CPU
		{0C3D7F2B-A1E8-4722-BA6C-E183BF758ECC}.Debug|x86.Build.0 = Debug|Any CPU
		{0C3D7F2B-A1E8-4722-BA6C-E183BF758ECC}.Release|Any CPU.ActiveCfg = Release|Any CPU
		{0C3D7F2B-A1E8-4722-BA6C-E183BF758ECC}.Release|Any CPU.Build.0 = Release|Any CPU
		{0C3D7F2B-A1E8-4722-BA6C-E183BF758ECC}.Release|ARM.ActiveCfg = Release|Any CPU
		{0C3D7F2B-A1E8-4722-BA6C-E183BF758ECC}.Release|ARM.Build.0 = Release|Any CPU
		{0C3D7F2B-A1E8-4722-BA6C-E183BF758ECC}.Release|iPhone.ActiveCfg = Release|Any CPU
		{0C3D7F2B-A1E8-4722-BA6C-E183BF758ECC}.Release|iPhone.Build.0 = Release|Any CPU
		{0C3D7F2B-A1E8-4722-BA6C-E183BF758ECC}.Release|iPhoneSimulator.ActiveCfg = Release|Any CPU
		{0C3D7F2B-A1E8-4722-BA6C-E183BF758ECC}.Release|iPhoneSimulator.Build.0 = Release|Any CPU
		{0C3D7F2B-A1E8-4722-BA6C-E183BF758ECC}.Release|x64.ActiveCfg = Release|Any CPU
		{0C3D7F2B-A1E8-4722-BA6C-E183BF758ECC}.Release|x64.Build.0 = Release|Any CPU
		{0C3D7F2B-A1E8-4722-BA6C-E183BF758ECC}.Release|x86.ActiveCfg = Release|Any CPU
		{0C3D7F2B-A1E8-4722-BA6C-E183BF758ECC}.Release|x86.Build.0 = Release|Any CPU
		{4F5517E3-7FBC-42FC-9073-7C4C7657B951}.Ad-Hoc|Any CPU.ActiveCfg = Debug|Any CPU
		{4F5517E3-7FBC-42FC-9073-7C4C7657B951}.Ad-Hoc|Any CPU.Build.0 = Debug|Any CPU
		{4F5517E3-7FBC-42FC-9073-7C4C7657B951}.Ad-Hoc|ARM.ActiveCfg = Debug|Any CPU
		{4F5517E3-7FBC-42FC-9073-7C4C7657B951}.Ad-Hoc|ARM.Build.0 = Debug|Any CPU
		{4F5517E3-7FBC-42FC-9073-7C4C7657B951}.Ad-Hoc|iPhone.ActiveCfg = Debug|Any CPU
		{4F5517E3-7FBC-42FC-9073-7C4C7657B951}.Ad-Hoc|iPhone.Build.0 = Debug|Any CPU
		{4F5517E3-7FBC-42FC-9073-7C4C7657B951}.Ad-Hoc|iPhoneSimulator.ActiveCfg = Debug|Any CPU
		{4F5517E3-7FBC-42FC-9073-7C4C7657B951}.Ad-Hoc|iPhoneSimulator.Build.0 = Debug|Any CPU
		{4F5517E3-7FBC-42FC-9073-7C4C7657B951}.Ad-Hoc|x64.ActiveCfg = Debug|Any CPU
		{4F5517E3-7FBC-42FC-9073-7C4C7657B951}.Ad-Hoc|x64.Build.0 = Debug|Any CPU
		{4F5517E3-7FBC-42FC-9073-7C4C7657B951}.Ad-Hoc|x86.ActiveCfg = Debug|Any CPU
		{4F5517E3-7FBC-42FC-9073-7C4C7657B951}.Ad-Hoc|x86.Build.0 = Debug|Any CPU
		{4F5517E3-7FBC-42FC-9073-7C4C7657B951}.AppStore|Any CPU.ActiveCfg = Debug|Any CPU
		{4F5517E3-7FBC-42FC-9073-7C4C7657B951}.AppStore|Any CPU.Build.0 = Debug|Any CPU
		{4F5517E3-7FBC-42FC-9073-7C4C7657B951}.AppStore|ARM.ActiveCfg = Debug|Any CPU
		{4F5517E3-7FBC-42FC-9073-7C4C7657B951}.AppStore|ARM.Build.0 = Debug|Any CPU
		{4F5517E3-7FBC-42FC-9073-7C4C7657B951}.AppStore|iPhone.ActiveCfg = Debug|Any CPU
		{4F5517E3-7FBC-42FC-9073-7C4C7657B951}.AppStore|iPhone.Build.0 = Debug|Any CPU
		{4F5517E3-7FBC-42FC-9073-7C4C7657B951}.AppStore|iPhoneSimulator.ActiveCfg = Debug|Any CPU
		{4F5517E3-7FBC-42FC-9073-7C4C7657B951}.AppStore|iPhoneSimulator.Build.0 = Debug|Any CPU
		{4F5517E3-7FBC-42FC-9073-7C4C7657B951}.AppStore|x64.ActiveCfg = Debug|Any CPU
		{4F5517E3-7FBC-42FC-9073-7C4C7657B951}.AppStore|x64.Build.0 = Debug|Any CPU
		{4F5517E3-7FBC-42FC-9073-7C4C7657B951}.AppStore|x86.ActiveCfg = Debug|Any CPU
		{4F5517E3-7FBC-42FC-9073-7C4C7657B951}.AppStore|x86.Build.0 = Debug|Any CPU
		{4F5517E3-7FBC-42FC-9073-7C4C7657B951}.Debug|Any CPU.ActiveCfg = Debug|Any CPU
		{4F5517E3-7FBC-42FC-9073-7C4C7657B951}.Debug|Any CPU.Build.0 = Debug|Any CPU
		{4F5517E3-7FBC-42FC-9073-7C4C7657B951}.Debug|ARM.ActiveCfg = Debug|Any CPU
		{4F5517E3-7FBC-42FC-9073-7C4C7657B951}.Debug|ARM.Build.0 = Debug|Any CPU
		{4F5517E3-7FBC-42FC-9073-7C4C7657B951}.Debug|iPhone.ActiveCfg = Debug|Any CPU
		{4F5517E3-7FBC-42FC-9073-7C4C7657B951}.Debug|iPhone.Build.0 = Debug|Any CPU
		{4F5517E3-7FBC-42FC-9073-7C4C7657B951}.Debug|iPhoneSimulator.ActiveCfg = Debug|Any CPU
		{4F5517E3-7FBC-42FC-9073-7C4C7657B951}.Debug|iPhoneSimulator.Build.0 = Debug|Any CPU
		{4F5517E3-7FBC-42FC-9073-7C4C7657B951}.Debug|x64.ActiveCfg = Debug|Any CPU
		{4F5517E3-7FBC-42FC-9073-7C4C7657B951}.Debug|x64.Build.0 = Debug|Any CPU
		{4F5517E3-7FBC-42FC-9073-7C4C7657B951}.Debug|x86.ActiveCfg = Debug|Any CPU
		{4F5517E3-7FBC-42FC-9073-7C4C7657B951}.Debug|x86.Build.0 = Debug|Any CPU
		{4F5517E3-7FBC-42FC-9073-7C4C7657B951}.Release|Any CPU.ActiveCfg = Release|Any CPU
		{4F5517E3-7FBC-42FC-9073-7C4C7657B951}.Release|Any CPU.Build.0 = Release|Any CPU
		{4F5517E3-7FBC-42FC-9073-7C4C7657B951}.Release|ARM.ActiveCfg = Release|Any CPU
		{4F5517E3-7FBC-42FC-9073-7C4C7657B951}.Release|ARM.Build.0 = Release|Any CPU
		{4F5517E3-7FBC-42FC-9073-7C4C7657B951}.Release|iPhone.ActiveCfg = Release|Any CPU
		{4F5517E3-7FBC-42FC-9073-7C4C7657B951}.Release|iPhone.Build.0 = Release|Any CPU
		{4F5517E3-7FBC-42FC-9073-7C4C7657B951}.Release|iPhoneSimulator.ActiveCfg = Release|Any CPU
		{4F5517E3-7FBC-42FC-9073-7C4C7657B951}.Release|iPhoneSimulator.Build.0 = Release|Any CPU
		{4F5517E3-7FBC-42FC-9073-7C4C7657B951}.Release|x64.ActiveCfg = Release|Any CPU
		{4F5517E3-7FBC-42FC-9073-7C4C7657B951}.Release|x64.Build.0 = Release|Any CPU
		{4F5517E3-7FBC-42FC-9073-7C4C7657B951}.Release|x86.ActiveCfg = Release|Any CPU
		{4F5517E3-7FBC-42FC-9073-7C4C7657B951}.Release|x86.Build.0 = Release|Any CPU
		{E3DF0492-C3BB-4854-B072-F977C97BE7C7}.Ad-Hoc|Any CPU.ActiveCfg = Debug|Any CPU
		{E3DF0492-C3BB-4854-B072-F977C97BE7C7}.Ad-Hoc|Any CPU.Build.0 = Debug|Any CPU
		{E3DF0492-C3BB-4854-B072-F977C97BE7C7}.Ad-Hoc|ARM.ActiveCfg = Debug|Any CPU
		{E3DF0492-C3BB-4854-B072-F977C97BE7C7}.Ad-Hoc|ARM.Build.0 = Debug|Any CPU
		{E3DF0492-C3BB-4854-B072-F977C97BE7C7}.Ad-Hoc|iPhone.ActiveCfg = Debug|Any CPU
		{E3DF0492-C3BB-4854-B072-F977C97BE7C7}.Ad-Hoc|iPhone.Build.0 = Debug|Any CPU
		{E3DF0492-C3BB-4854-B072-F977C97BE7C7}.Ad-Hoc|iPhoneSimulator.ActiveCfg = Debug|Any CPU
		{E3DF0492-C3BB-4854-B072-F977C97BE7C7}.Ad-Hoc|iPhoneSimulator.Build.0 = Debug|Any CPU
		{E3DF0492-C3BB-4854-B072-F977C97BE7C7}.Ad-Hoc|x64.ActiveCfg = Debug|Any CPU
		{E3DF0492-C3BB-4854-B072-F977C97BE7C7}.Ad-Hoc|x64.Build.0 = Debug|Any CPU
		{E3DF0492-C3BB-4854-B072-F977C97BE7C7}.Ad-Hoc|x86.ActiveCfg = Debug|Any CPU
		{E3DF0492-C3BB-4854-B072-F977C97BE7C7}.Ad-Hoc|x86.Build.0 = Debug|Any CPU
		{E3DF0492-C3BB-4854-B072-F977C97BE7C7}.AppStore|Any CPU.ActiveCfg = Debug|Any CPU
		{E3DF0492-C3BB-4854-B072-F977C97BE7C7}.AppStore|Any CPU.Build.0 = Debug|Any CPU
		{E3DF0492-C3BB-4854-B072-F977C97BE7C7}.AppStore|ARM.ActiveCfg = Debug|Any CPU
		{E3DF0492-C3BB-4854-B072-F977C97BE7C7}.AppStore|ARM.Build.0 = Debug|Any CPU
		{E3DF0492-C3BB-4854-B072-F977C97BE7C7}.AppStore|iPhone.ActiveCfg = Debug|Any CPU
		{E3DF0492-C3BB-4854-B072-F977C97BE7C7}.AppStore|iPhone.Build.0 = Debug|Any CPU
		{E3DF0492-C3BB-4854-B072-F977C97BE7C7}.AppStore|iPhoneSimulator.ActiveCfg = Debug|Any CPU
		{E3DF0492-C3BB-4854-B072-F977C97BE7C7}.AppStore|iPhoneSimulator.Build.0 = Debug|Any CPU
		{E3DF0492-C3BB-4854-B072-F977C97BE7C7}.AppStore|x64.ActiveCfg = Debug|Any CPU
		{E3DF0492-C3BB-4854-B072-F977C97BE7C7}.AppStore|x64.Build.0 = Debug|Any CPU
		{E3DF0492-C3BB-4854-B072-F977C97BE7C7}.AppStore|x86.ActiveCfg = Debug|Any CPU
		{E3DF0492-C3BB-4854-B072-F977C97BE7C7}.AppStore|x86.Build.0 = Debug|Any CPU
		{E3DF0492-C3BB-4854-B072-F977C97BE7C7}.Debug|Any CPU.ActiveCfg = Debug|Any CPU
		{E3DF0492-C3BB-4854-B072-F977C97BE7C7}.Debug|Any CPU.Build.0 = Debug|Any CPU
		{E3DF0492-C3BB-4854-B072-F977C97BE7C7}.Debug|ARM.ActiveCfg = Debug|Any CPU
		{E3DF0492-C3BB-4854-B072-F977C97BE7C7}.Debug|ARM.Build.0 = Debug|Any CPU
		{E3DF0492-C3BB-4854-B072-F977C97BE7C7}.Debug|iPhone.ActiveCfg = Debug|Any CPU
		{E3DF0492-C3BB-4854-B072-F977C97BE7C7}.Debug|iPhone.Build.0 = Debug|Any CPU
		{E3DF0492-C3BB-4854-B072-F977C97BE7C7}.Debug|iPhoneSimulator.ActiveCfg = Debug|Any CPU
		{E3DF0492-C3BB-4854-B072-F977C97BE7C7}.Debug|iPhoneSimulator.Build.0 = Debug|Any CPU
		{E3DF0492-C3BB-4854-B072-F977C97BE7C7}.Debug|x64.ActiveCfg = Debug|Any CPU
		{E3DF0492-C3BB-4854-B072-F977C97BE7C7}.Debug|x64.Build.0 = Debug|Any CPU
		{E3DF0492-C3BB-4854-B072-F977C97BE7C7}.Debug|x86.ActiveCfg = Debug|Any CPU
		{E3DF0492-C3BB-4854-B072-F977C97BE7C7}.Debug|x86.Build.0 = Debug|Any CPU
		{E3DF0492-C3BB-4854-B072-F977C97BE7C7}.Release|Any CPU.ActiveCfg = Release|Any CPU
		{E3DF0492-C3BB-4854-B072-F977C97BE7C7}.Release|Any CPU.Build.0 = Release|Any CPU
		{E3DF0492-C3BB-4854-B072-F977C97BE7C7}.Release|ARM.ActiveCfg = Release|Any CPU
		{E3DF0492-C3BB-4854-B072-F977C97BE7C7}.Release|ARM.Build.0 = Release|Any CPU
		{E3DF0492-C3BB-4854-B072-F977C97BE7C7}.Release|iPhone.ActiveCfg = Release|Any CPU
		{E3DF0492-C3BB-4854-B072-F977C97BE7C7}.Release|iPhone.Build.0 = Release|Any CPU
		{E3DF0492-C3BB-4854-B072-F977C97BE7C7}.Release|iPhoneSimulator.ActiveCfg = Release|Any CPU
		{E3DF0492-C3BB-4854-B072-F977C97BE7C7}.Release|iPhoneSimulator.Build.0 = Release|Any CPU
		{E3DF0492-C3BB-4854-B072-F977C97BE7C7}.Release|x64.ActiveCfg = Release|Any CPU
		{E3DF0492-C3BB-4854-B072-F977C97BE7C7}.Release|x64.Build.0 = Release|Any CPU
		{E3DF0492-C3BB-4854-B072-F977C97BE7C7}.Release|x86.ActiveCfg = Release|Any CPU
		{E3DF0492-C3BB-4854-B072-F977C97BE7C7}.Release|x86.Build.0 = Release|Any CPU
		{D5658B6A-22A7-4D8A-BFF4-1E79937F033C}.Ad-Hoc|Any CPU.ActiveCfg = Debug|Any CPU
		{D5658B6A-22A7-4D8A-BFF4-1E79937F033C}.Ad-Hoc|Any CPU.Build.0 = Debug|Any CPU
		{D5658B6A-22A7-4D8A-BFF4-1E79937F033C}.Ad-Hoc|ARM.ActiveCfg = Debug|Any CPU
		{D5658B6A-22A7-4D8A-BFF4-1E79937F033C}.Ad-Hoc|ARM.Build.0 = Debug|Any CPU
		{D5658B6A-22A7-4D8A-BFF4-1E79937F033C}.Ad-Hoc|iPhone.ActiveCfg = Debug|Any CPU
		{D5658B6A-22A7-4D8A-BFF4-1E79937F033C}.Ad-Hoc|iPhone.Build.0 = Debug|Any CPU
		{D5658B6A-22A7-4D8A-BFF4-1E79937F033C}.Ad-Hoc|iPhoneSimulator.ActiveCfg = Debug|Any CPU
		{D5658B6A-22A7-4D8A-BFF4-1E79937F033C}.Ad-Hoc|iPhoneSimulator.Build.0 = Debug|Any CPU
		{D5658B6A-22A7-4D8A-BFF4-1E79937F033C}.Ad-Hoc|x64.ActiveCfg = Debug|Any CPU
		{D5658B6A-22A7-4D8A-BFF4-1E79937F033C}.Ad-Hoc|x64.Build.0 = Debug|Any CPU
		{D5658B6A-22A7-4D8A-BFF4-1E79937F033C}.Ad-Hoc|x86.ActiveCfg = Debug|Any CPU
		{D5658B6A-22A7-4D8A-BFF4-1E79937F033C}.Ad-Hoc|x86.Build.0 = Debug|Any CPU
		{D5658B6A-22A7-4D8A-BFF4-1E79937F033C}.AppStore|Any CPU.ActiveCfg = Debug|Any CPU
		{D5658B6A-22A7-4D8A-BFF4-1E79937F033C}.AppStore|Any CPU.Build.0 = Debug|Any CPU
		{D5658B6A-22A7-4D8A-BFF4-1E79937F033C}.AppStore|ARM.ActiveCfg = Debug|Any CPU
		{D5658B6A-22A7-4D8A-BFF4-1E79937F033C}.AppStore|ARM.Build.0 = Debug|Any CPU
		{D5658B6A-22A7-4D8A-BFF4-1E79937F033C}.AppStore|iPhone.ActiveCfg = Debug|Any CPU
		{D5658B6A-22A7-4D8A-BFF4-1E79937F033C}.AppStore|iPhone.Build.0 = Debug|Any CPU
		{D5658B6A-22A7-4D8A-BFF4-1E79937F033C}.AppStore|iPhoneSimulator.ActiveCfg = Debug|Any CPU
		{D5658B6A-22A7-4D8A-BFF4-1E79937F033C}.AppStore|iPhoneSimulator.Build.0 = Debug|Any CPU
		{D5658B6A-22A7-4D8A-BFF4-1E79937F033C}.AppStore|x64.ActiveCfg = Debug|Any CPU
		{D5658B6A-22A7-4D8A-BFF4-1E79937F033C}.AppStore|x64.Build.0 = Debug|Any CPU
		{D5658B6A-22A7-4D8A-BFF4-1E79937F033C}.AppStore|x86.ActiveCfg = Debug|Any CPU
		{D5658B6A-22A7-4D8A-BFF4-1E79937F033C}.AppStore|x86.Build.0 = Debug|Any CPU
		{D5658B6A-22A7-4D8A-BFF4-1E79937F033C}.Debug|Any CPU.ActiveCfg = Debug|Any CPU
		{D5658B6A-22A7-4D8A-BFF4-1E79937F033C}.Debug|Any CPU.Build.0 = Debug|Any CPU
		{D5658B6A-22A7-4D8A-BFF4-1E79937F033C}.Debug|ARM.ActiveCfg = Debug|Any CPU
		{D5658B6A-22A7-4D8A-BFF4-1E79937F033C}.Debug|ARM.Build.0 = Debug|Any CPU
		{D5658B6A-22A7-4D8A-BFF4-1E79937F033C}.Debug|iPhone.ActiveCfg = Debug|Any CPU
		{D5658B6A-22A7-4D8A-BFF4-1E79937F033C}.Debug|iPhone.Build.0 = Debug|Any CPU
		{D5658B6A-22A7-4D8A-BFF4-1E79937F033C}.Debug|iPhoneSimulator.ActiveCfg = Debug|Any CPU
		{D5658B6A-22A7-4D8A-BFF4-1E79937F033C}.Debug|iPhoneSimulator.Build.0 = Debug|Any CPU
		{D5658B6A-22A7-4D8A-BFF4-1E79937F033C}.Debug|x64.ActiveCfg = Debug|Any CPU
		{D5658B6A-22A7-4D8A-BFF4-1E79937F033C}.Debug|x64.Build.0 = Debug|Any CPU
		{D5658B6A-22A7-4D8A-BFF4-1E79937F033C}.Debug|x86.ActiveCfg = Debug|Any CPU
		{D5658B6A-22A7-4D8A-BFF4-1E79937F033C}.Debug|x86.Build.0 = Debug|Any CPU
		{D5658B6A-22A7-4D8A-BFF4-1E79937F033C}.Release|Any CPU.ActiveCfg = Release|Any CPU
		{D5658B6A-22A7-4D8A-BFF4-1E79937F033C}.Release|Any CPU.Build.0 = Release|Any CPU
		{D5658B6A-22A7-4D8A-BFF4-1E79937F033C}.Release|ARM.ActiveCfg = Release|Any CPU
		{D5658B6A-22A7-4D8A-BFF4-1E79937F033C}.Release|ARM.Build.0 = Release|Any CPU
		{D5658B6A-22A7-4D8A-BFF4-1E79937F033C}.Release|iPhone.ActiveCfg = Release|Any CPU
		{D5658B6A-22A7-4D8A-BFF4-1E79937F033C}.Release|iPhone.Build.0 = Release|Any CPU
		{D5658B6A-22A7-4D8A-BFF4-1E79937F033C}.Release|iPhoneSimulator.ActiveCfg = Release|Any CPU
		{D5658B6A-22A7-4D8A-BFF4-1E79937F033C}.Release|iPhoneSimulator.Build.0 = Release|Any CPU
		{D5658B6A-22A7-4D8A-BFF4-1E79937F033C}.Release|x64.ActiveCfg = Release|Any CPU
		{D5658B6A-22A7-4D8A-BFF4-1E79937F033C}.Release|x64.Build.0 = Release|Any CPU
		{D5658B6A-22A7-4D8A-BFF4-1E79937F033C}.Release|x86.ActiveCfg = Release|Any CPU
		{D5658B6A-22A7-4D8A-BFF4-1E79937F033C}.Release|x86.Build.0 = Release|Any CPU
		{6672E374-C500-420F-BFE0-ACE364071325}.Ad-Hoc|Any CPU.ActiveCfg = Debug|Any CPU
		{6672E374-C500-420F-BFE0-ACE364071325}.Ad-Hoc|Any CPU.Build.0 = Debug|Any CPU
		{6672E374-C500-420F-BFE0-ACE364071325}.Ad-Hoc|ARM.ActiveCfg = Debug|Any CPU
		{6672E374-C500-420F-BFE0-ACE364071325}.Ad-Hoc|ARM.Build.0 = Debug|Any CPU
		{6672E374-C500-420F-BFE0-ACE364071325}.Ad-Hoc|iPhone.ActiveCfg = Debug|Any CPU
		{6672E374-C500-420F-BFE0-ACE364071325}.Ad-Hoc|iPhone.Build.0 = Debug|Any CPU
		{6672E374-C500-420F-BFE0-ACE364071325}.Ad-Hoc|iPhoneSimulator.ActiveCfg = Debug|Any CPU
		{6672E374-C500-420F-BFE0-ACE364071325}.Ad-Hoc|iPhoneSimulator.Build.0 = Debug|Any CPU
		{6672E374-C500-420F-BFE0-ACE364071325}.Ad-Hoc|x64.ActiveCfg = Debug|Any CPU
		{6672E374-C500-420F-BFE0-ACE364071325}.Ad-Hoc|x64.Build.0 = Debug|Any CPU
		{6672E374-C500-420F-BFE0-ACE364071325}.Ad-Hoc|x86.ActiveCfg = Debug|Any CPU
		{6672E374-C500-420F-BFE0-ACE364071325}.Ad-Hoc|x86.Build.0 = Debug|Any CPU
		{6672E374-C500-420F-BFE0-ACE364071325}.AppStore|Any CPU.ActiveCfg = Debug|Any CPU
		{6672E374-C500-420F-BFE0-ACE364071325}.AppStore|Any CPU.Build.0 = Debug|Any CPU
		{6672E374-C500-420F-BFE0-ACE364071325}.AppStore|ARM.ActiveCfg = Debug|Any CPU
		{6672E374-C500-420F-BFE0-ACE364071325}.AppStore|ARM.Build.0 = Debug|Any CPU
		{6672E374-C500-420F-BFE0-ACE364071325}.AppStore|iPhone.ActiveCfg = Debug|Any CPU
		{6672E374-C500-420F-BFE0-ACE364071325}.AppStore|iPhone.Build.0 = Debug|Any CPU
		{6672E374-C500-420F-BFE0-ACE364071325}.AppStore|iPhoneSimulator.ActiveCfg = Debug|Any CPU
		{6672E374-C500-420F-BFE0-ACE364071325}.AppStore|iPhoneSimulator.Build.0 = Debug|Any CPU
		{6672E374-C500-420F-BFE0-ACE364071325}.AppStore|x64.ActiveCfg = Debug|Any CPU
		{6672E374-C500-420F-BFE0-ACE364071325}.AppStore|x64.Build.0 = Debug|Any CPU
		{6672E374-C500-420F-BFE0-ACE364071325}.AppStore|x86.ActiveCfg = Debug|Any CPU
		{6672E374-C500-420F-BFE0-ACE364071325}.AppStore|x86.Build.0 = Debug|Any CPU
		{6672E374-C500-420F-BFE0-ACE364071325}.Debug|Any CPU.ActiveCfg = Debug|Any CPU
		{6672E374-C500-420F-BFE0-ACE364071325}.Debug|Any CPU.Build.0 = Debug|Any CPU
		{6672E374-C500-420F-BFE0-ACE364071325}.Debug|ARM.ActiveCfg = Debug|Any CPU
		{6672E374-C500-420F-BFE0-ACE364071325}.Debug|ARM.Build.0 = Debug|Any CPU
		{6672E374-C500-420F-BFE0-ACE364071325}.Debug|iPhone.ActiveCfg = Debug|Any CPU
		{6672E374-C500-420F-BFE0-ACE364071325}.Debug|iPhone.Build.0 = Debug|Any CPU
		{6672E374-C500-420F-BFE0-ACE364071325}.Debug|iPhoneSimulator.ActiveCfg = Debug|Any CPU
		{6672E374-C500-420F-BFE0-ACE364071325}.Debug|iPhoneSimulator.Build.0 = Debug|Any CPU
		{6672E374-C500-420F-BFE0-ACE364071325}.Debug|x64.ActiveCfg = Debug|Any CPU
		{6672E374-C500-420F-BFE0-ACE364071325}.Debug|x64.Build.0 = Debug|Any CPU
		{6672E374-C500-420F-BFE0-ACE364071325}.Debug|x86.ActiveCfg = Debug|Any CPU
		{6672E374-C500-420F-BFE0-ACE364071325}.Debug|x86.Build.0 = Debug|Any CPU
		{6672E374-C500-420F-BFE0-ACE364071325}.Release|Any CPU.ActiveCfg = Release|Any CPU
		{6672E374-C500-420F-BFE0-ACE364071325}.Release|Any CPU.Build.0 = Release|Any CPU
		{6672E374-C500-420F-BFE0-ACE364071325}.Release|ARM.ActiveCfg = Release|Any CPU
		{6672E374-C500-420F-BFE0-ACE364071325}.Release|ARM.Build.0 = Release|Any CPU
		{6672E374-C500-420F-BFE0-ACE364071325}.Release|iPhone.ActiveCfg = Release|Any CPU
		{6672E374-C500-420F-BFE0-ACE364071325}.Release|iPhone.Build.0 = Release|Any CPU
		{6672E374-C500-420F-BFE0-ACE364071325}.Release|iPhoneSimulator.ActiveCfg = Release|Any CPU
		{6672E374-C500-420F-BFE0-ACE364071325}.Release|iPhoneSimulator.Build.0 = Release|Any CPU
		{6672E374-C500-420F-BFE0-ACE364071325}.Release|x64.ActiveCfg = Release|Any CPU
		{6672E374-C500-420F-BFE0-ACE364071325}.Release|x64.Build.0 = Release|Any CPU
		{6672E374-C500-420F-BFE0-ACE364071325}.Release|x86.ActiveCfg = Release|Any CPU
		{6672E374-C500-420F-BFE0-ACE364071325}.Release|x86.Build.0 = Release|Any CPU
		{1C71563D-6E7B-4375-AA3F-552131B745A1}.Ad-Hoc|Any CPU.ActiveCfg = Debug|Any CPU
		{1C71563D-6E7B-4375-AA3F-552131B745A1}.Ad-Hoc|Any CPU.Build.0 = Debug|Any CPU
		{1C71563D-6E7B-4375-AA3F-552131B745A1}.Ad-Hoc|ARM.ActiveCfg = Debug|Any CPU
		{1C71563D-6E7B-4375-AA3F-552131B745A1}.Ad-Hoc|ARM.Build.0 = Debug|Any CPU
		{1C71563D-6E7B-4375-AA3F-552131B745A1}.Ad-Hoc|iPhone.ActiveCfg = Debug|Any CPU
		{1C71563D-6E7B-4375-AA3F-552131B745A1}.Ad-Hoc|iPhone.Build.0 = Debug|Any CPU
		{1C71563D-6E7B-4375-AA3F-552131B745A1}.Ad-Hoc|iPhoneSimulator.ActiveCfg = Debug|Any CPU
		{1C71563D-6E7B-4375-AA3F-552131B745A1}.Ad-Hoc|iPhoneSimulator.Build.0 = Debug|Any CPU
		{1C71563D-6E7B-4375-AA3F-552131B745A1}.Ad-Hoc|x64.ActiveCfg = Debug|Any CPU
		{1C71563D-6E7B-4375-AA3F-552131B745A1}.Ad-Hoc|x64.Build.0 = Debug|Any CPU
		{1C71563D-6E7B-4375-AA3F-552131B745A1}.Ad-Hoc|x86.ActiveCfg = Debug|Any CPU
		{1C71563D-6E7B-4375-AA3F-552131B745A1}.Ad-Hoc|x86.Build.0 = Debug|Any CPU
		{1C71563D-6E7B-4375-AA3F-552131B745A1}.AppStore|Any CPU.ActiveCfg = Debug|Any CPU
		{1C71563D-6E7B-4375-AA3F-552131B745A1}.AppStore|Any CPU.Build.0 = Debug|Any CPU
		{1C71563D-6E7B-4375-AA3F-552131B745A1}.AppStore|ARM.ActiveCfg = Debug|Any CPU
		{1C71563D-6E7B-4375-AA3F-552131B745A1}.AppStore|ARM.Build.0 = Debug|Any CPU
		{1C71563D-6E7B-4375-AA3F-552131B745A1}.AppStore|iPhone.ActiveCfg = Debug|Any CPU
		{1C71563D-6E7B-4375-AA3F-552131B745A1}.AppStore|iPhone.Build.0 = Debug|Any CPU
		{1C71563D-6E7B-4375-AA3F-552131B745A1}.AppStore|iPhoneSimulator.ActiveCfg = Debug|Any CPU
		{1C71563D-6E7B-4375-AA3F-552131B745A1}.AppStore|iPhoneSimulator.Build.0 = Debug|Any CPU
		{1C71563D-6E7B-4375-AA3F-552131B745A1}.AppStore|x64.ActiveCfg = Debug|Any CPU
		{1C71563D-6E7B-4375-AA3F-552131B745A1}.AppStore|x64.Build.0 = Debug|Any CPU
		{1C71563D-6E7B-4375-AA3F-552131B745A1}.AppStore|x86.ActiveCfg = Debug|Any CPU
		{1C71563D-6E7B-4375-AA3F-552131B745A1}.AppStore|x86.Build.0 = Debug|Any CPU
		{1C71563D-6E7B-4375-AA3F-552131B745A1}.Debug|Any CPU.ActiveCfg = Debug|Any CPU
		{1C71563D-6E7B-4375-AA3F-552131B745A1}.Debug|Any CPU.Build.0 = Debug|Any CPU
		{1C71563D-6E7B-4375-AA3F-552131B745A1}.Debug|ARM.ActiveCfg = Debug|Any CPU
		{1C71563D-6E7B-4375-AA3F-552131B745A1}.Debug|ARM.Build.0 = Debug|Any CPU
		{1C71563D-6E7B-4375-AA3F-552131B745A1}.Debug|iPhone.ActiveCfg = Debug|Any CPU
		{1C71563D-6E7B-4375-AA3F-552131B745A1}.Debug|iPhone.Build.0 = Debug|Any CPU
		{1C71563D-6E7B-4375-AA3F-552131B745A1}.Debug|iPhoneSimulator.ActiveCfg = Debug|Any CPU
		{1C71563D-6E7B-4375-AA3F-552131B745A1}.Debug|iPhoneSimulator.Build.0 = Debug|Any CPU
		{1C71563D-6E7B-4375-AA3F-552131B745A1}.Debug|x64.ActiveCfg = Debug|Any CPU
		{1C71563D-6E7B-4375-AA3F-552131B745A1}.Debug|x64.Build.0 = Debug|Any CPU
		{1C71563D-6E7B-4375-AA3F-552131B745A1}.Debug|x86.ActiveCfg = Debug|Any CPU
		{1C71563D-6E7B-4375-AA3F-552131B745A1}.Debug|x86.Build.0 = Debug|Any CPU
		{1C71563D-6E7B-4375-AA3F-552131B745A1}.Release|Any CPU.ActiveCfg = Release|Any CPU
		{1C71563D-6E7B-4375-AA3F-552131B745A1}.Release|Any CPU.Build.0 = Release|Any CPU
		{1C71563D-6E7B-4375-AA3F-552131B745A1}.Release|ARM.ActiveCfg = Release|Any CPU
		{1C71563D-6E7B-4375-AA3F-552131B745A1}.Release|ARM.Build.0 = Release|Any CPU
		{1C71563D-6E7B-4375-AA3F-552131B745A1}.Release|iPhone.ActiveCfg = Release|Any CPU
		{1C71563D-6E7B-4375-AA3F-552131B745A1}.Release|iPhone.Build.0 = Release|Any CPU
		{1C71563D-6E7B-4375-AA3F-552131B745A1}.Release|iPhoneSimulator.ActiveCfg = Release|Any CPU
		{1C71563D-6E7B-4375-AA3F-552131B745A1}.Release|iPhoneSimulator.Build.0 = Release|Any CPU
		{1C71563D-6E7B-4375-AA3F-552131B745A1}.Release|x64.ActiveCfg = Release|Any CPU
		{1C71563D-6E7B-4375-AA3F-552131B745A1}.Release|x64.Build.0 = Release|Any CPU
		{1C71563D-6E7B-4375-AA3F-552131B745A1}.Release|x86.ActiveCfg = Release|Any CPU
		{1C71563D-6E7B-4375-AA3F-552131B745A1}.Release|x86.Build.0 = Release|Any CPU
		{5D373627-BBFF-4FBA-92C7-7A56F36ABF15}.Ad-Hoc|Any CPU.ActiveCfg = Debug|Any CPU
		{5D373627-BBFF-4FBA-92C7-7A56F36ABF15}.Ad-Hoc|Any CPU.Build.0 = Debug|Any CPU
		{5D373627-BBFF-4FBA-92C7-7A56F36ABF15}.Ad-Hoc|ARM.ActiveCfg = Debug|Any CPU
		{5D373627-BBFF-4FBA-92C7-7A56F36ABF15}.Ad-Hoc|ARM.Build.0 = Debug|Any CPU
		{5D373627-BBFF-4FBA-92C7-7A56F36ABF15}.Ad-Hoc|iPhone.ActiveCfg = Debug|Any CPU
		{5D373627-BBFF-4FBA-92C7-7A56F36ABF15}.Ad-Hoc|iPhone.Build.0 = Debug|Any CPU
		{5D373627-BBFF-4FBA-92C7-7A56F36ABF15}.Ad-Hoc|iPhoneSimulator.ActiveCfg = Debug|Any CPU
		{5D373627-BBFF-4FBA-92C7-7A56F36ABF15}.Ad-Hoc|iPhoneSimulator.Build.0 = Debug|Any CPU
		{5D373627-BBFF-4FBA-92C7-7A56F36ABF15}.Ad-Hoc|x64.ActiveCfg = Debug|Any CPU
		{5D373627-BBFF-4FBA-92C7-7A56F36ABF15}.Ad-Hoc|x64.Build.0 = Debug|Any CPU
		{5D373627-BBFF-4FBA-92C7-7A56F36ABF15}.Ad-Hoc|x86.ActiveCfg = Debug|Any CPU
		{5D373627-BBFF-4FBA-92C7-7A56F36ABF15}.Ad-Hoc|x86.Build.0 = Debug|Any CPU
		{5D373627-BBFF-4FBA-92C7-7A56F36ABF15}.AppStore|Any CPU.ActiveCfg = Debug|Any CPU
		{5D373627-BBFF-4FBA-92C7-7A56F36ABF15}.AppStore|Any CPU.Build.0 = Debug|Any CPU
		{5D373627-BBFF-4FBA-92C7-7A56F36ABF15}.AppStore|ARM.ActiveCfg = Debug|Any CPU
		{5D373627-BBFF-4FBA-92C7-7A56F36ABF15}.AppStore|ARM.Build.0 = Debug|Any CPU
		{5D373627-BBFF-4FBA-92C7-7A56F36ABF15}.AppStore|iPhone.ActiveCfg = Debug|Any CPU
		{5D373627-BBFF-4FBA-92C7-7A56F36ABF15}.AppStore|iPhone.Build.0 = Debug|Any CPU
		{5D373627-BBFF-4FBA-92C7-7A56F36ABF15}.AppStore|iPhoneSimulator.ActiveCfg = Debug|Any CPU
		{5D373627-BBFF-4FBA-92C7-7A56F36ABF15}.AppStore|iPhoneSimulator.Build.0 = Debug|Any CPU
		{5D373627-BBFF-4FBA-92C7-7A56F36ABF15}.AppStore|x64.ActiveCfg = Debug|Any CPU
		{5D373627-BBFF-4FBA-92C7-7A56F36ABF15}.AppStore|x64.Build.0 = Debug|Any CPU
		{5D373627-BBFF-4FBA-92C7-7A56F36ABF15}.AppStore|x86.ActiveCfg = Debug|Any CPU
		{5D373627-BBFF-4FBA-92C7-7A56F36ABF15}.AppStore|x86.Build.0 = Debug|Any CPU
		{5D373627-BBFF-4FBA-92C7-7A56F36ABF15}.Debug|Any CPU.ActiveCfg = Debug|Any CPU
		{5D373627-BBFF-4FBA-92C7-7A56F36ABF15}.Debug|Any CPU.Build.0 = Debug|Any CPU
		{5D373627-BBFF-4FBA-92C7-7A56F36ABF15}.Debug|ARM.ActiveCfg = Debug|Any CPU
		{5D373627-BBFF-4FBA-92C7-7A56F36ABF15}.Debug|ARM.Build.0 = Debug|Any CPU
		{5D373627-BBFF-4FBA-92C7-7A56F36ABF15}.Debug|iPhone.ActiveCfg = Debug|Any CPU
		{5D373627-BBFF-4FBA-92C7-7A56F36ABF15}.Debug|iPhone.Build.0 = Debug|Any CPU
		{5D373627-BBFF-4FBA-92C7-7A56F36ABF15}.Debug|iPhoneSimulator.ActiveCfg = Debug|Any CPU
		{5D373627-BBFF-4FBA-92C7-7A56F36ABF15}.Debug|iPhoneSimulator.Build.0 = Debug|Any CPU
		{5D373627-BBFF-4FBA-92C7-7A56F36ABF15}.Debug|x64.ActiveCfg = Debug|Any CPU
		{5D373627-BBFF-4FBA-92C7-7A56F36ABF15}.Debug|x64.Build.0 = Debug|Any CPU
		{5D373627-BBFF-4FBA-92C7-7A56F36ABF15}.Debug|x86.ActiveCfg = Debug|Any CPU
		{5D373627-BBFF-4FBA-92C7-7A56F36ABF15}.Debug|x86.Build.0 = Debug|Any CPU
		{5D373627-BBFF-4FBA-92C7-7A56F36ABF15}.Release|Any CPU.ActiveCfg = Release|Any CPU
		{5D373627-BBFF-4FBA-92C7-7A56F36ABF15}.Release|Any CPU.Build.0 = Release|Any CPU
		{5D373627-BBFF-4FBA-92C7-7A56F36ABF15}.Release|ARM.ActiveCfg = Release|Any CPU
		{5D373627-BBFF-4FBA-92C7-7A56F36ABF15}.Release|ARM.Build.0 = Release|Any CPU
		{5D373627-BBFF-4FBA-92C7-7A56F36ABF15}.Release|iPhone.ActiveCfg = Release|Any CPU
		{5D373627-BBFF-4FBA-92C7-7A56F36ABF15}.Release|iPhone.Build.0 = Release|Any CPU
		{5D373627-BBFF-4FBA-92C7-7A56F36ABF15}.Release|iPhoneSimulator.ActiveCfg = Release|Any CPU
		{5D373627-BBFF-4FBA-92C7-7A56F36ABF15}.Release|iPhoneSimulator.Build.0 = Release|Any CPU
		{5D373627-BBFF-4FBA-92C7-7A56F36ABF15}.Release|x64.ActiveCfg = Release|Any CPU
		{5D373627-BBFF-4FBA-92C7-7A56F36ABF15}.Release|x64.Build.0 = Release|Any CPU
		{5D373627-BBFF-4FBA-92C7-7A56F36ABF15}.Release|x86.ActiveCfg = Release|Any CPU
		{5D373627-BBFF-4FBA-92C7-7A56F36ABF15}.Release|x86.Build.0 = Release|Any CPU
		{6F4988E0-9553-432B-B4DA-F8134C69E9AC}.Ad-Hoc|Any CPU.ActiveCfg = Debug|Any CPU
		{6F4988E0-9553-432B-B4DA-F8134C69E9AC}.Ad-Hoc|Any CPU.Build.0 = Debug|Any CPU
		{6F4988E0-9553-432B-B4DA-F8134C69E9AC}.Ad-Hoc|Any CPU.Deploy.0 = Debug|Any CPU
		{6F4988E0-9553-432B-B4DA-F8134C69E9AC}.Ad-Hoc|ARM.ActiveCfg = Debug|Any CPU
		{6F4988E0-9553-432B-B4DA-F8134C69E9AC}.Ad-Hoc|ARM.Build.0 = Debug|Any CPU
		{6F4988E0-9553-432B-B4DA-F8134C69E9AC}.Ad-Hoc|ARM.Deploy.0 = Debug|Any CPU
		{6F4988E0-9553-432B-B4DA-F8134C69E9AC}.Ad-Hoc|iPhone.ActiveCfg = Debug|Any CPU
		{6F4988E0-9553-432B-B4DA-F8134C69E9AC}.Ad-Hoc|iPhone.Build.0 = Debug|Any CPU
		{6F4988E0-9553-432B-B4DA-F8134C69E9AC}.Ad-Hoc|iPhone.Deploy.0 = Debug|Any CPU
		{6F4988E0-9553-432B-B4DA-F8134C69E9AC}.Ad-Hoc|iPhoneSimulator.ActiveCfg = Debug|Any CPU
		{6F4988E0-9553-432B-B4DA-F8134C69E9AC}.Ad-Hoc|iPhoneSimulator.Build.0 = Debug|Any CPU
		{6F4988E0-9553-432B-B4DA-F8134C69E9AC}.Ad-Hoc|iPhoneSimulator.Deploy.0 = Debug|Any CPU
		{6F4988E0-9553-432B-B4DA-F8134C69E9AC}.Ad-Hoc|x64.ActiveCfg = Debug|Any CPU
		{6F4988E0-9553-432B-B4DA-F8134C69E9AC}.Ad-Hoc|x64.Build.0 = Debug|Any CPU
		{6F4988E0-9553-432B-B4DA-F8134C69E9AC}.Ad-Hoc|x64.Deploy.0 = Debug|Any CPU
		{6F4988E0-9553-432B-B4DA-F8134C69E9AC}.Ad-Hoc|x86.ActiveCfg = Debug|Any CPU
		{6F4988E0-9553-432B-B4DA-F8134C69E9AC}.Ad-Hoc|x86.Build.0 = Debug|Any CPU
		{6F4988E0-9553-432B-B4DA-F8134C69E9AC}.Ad-Hoc|x86.Deploy.0 = Debug|Any CPU
		{6F4988E0-9553-432B-B4DA-F8134C69E9AC}.AppStore|Any CPU.ActiveCfg = Debug|Any CPU
		{6F4988E0-9553-432B-B4DA-F8134C69E9AC}.AppStore|Any CPU.Build.0 = Debug|Any CPU
		{6F4988E0-9553-432B-B4DA-F8134C69E9AC}.AppStore|Any CPU.Deploy.0 = Debug|Any CPU
		{6F4988E0-9553-432B-B4DA-F8134C69E9AC}.AppStore|ARM.ActiveCfg = Debug|Any CPU
		{6F4988E0-9553-432B-B4DA-F8134C69E9AC}.AppStore|ARM.Build.0 = Debug|Any CPU
		{6F4988E0-9553-432B-B4DA-F8134C69E9AC}.AppStore|ARM.Deploy.0 = Debug|Any CPU
		{6F4988E0-9553-432B-B4DA-F8134C69E9AC}.AppStore|iPhone.ActiveCfg = Debug|Any CPU
		{6F4988E0-9553-432B-B4DA-F8134C69E9AC}.AppStore|iPhone.Build.0 = Debug|Any CPU
		{6F4988E0-9553-432B-B4DA-F8134C69E9AC}.AppStore|iPhone.Deploy.0 = Debug|Any CPU
		{6F4988E0-9553-432B-B4DA-F8134C69E9AC}.AppStore|iPhoneSimulator.ActiveCfg = Debug|Any CPU
		{6F4988E0-9553-432B-B4DA-F8134C69E9AC}.AppStore|iPhoneSimulator.Build.0 = Debug|Any CPU
		{6F4988E0-9553-432B-B4DA-F8134C69E9AC}.AppStore|iPhoneSimulator.Deploy.0 = Debug|Any CPU
		{6F4988E0-9553-432B-B4DA-F8134C69E9AC}.AppStore|x64.ActiveCfg = Debug|Any CPU
		{6F4988E0-9553-432B-B4DA-F8134C69E9AC}.AppStore|x64.Build.0 = Debug|Any CPU
		{6F4988E0-9553-432B-B4DA-F8134C69E9AC}.AppStore|x64.Deploy.0 = Debug|Any CPU
		{6F4988E0-9553-432B-B4DA-F8134C69E9AC}.AppStore|x86.ActiveCfg = Debug|Any CPU
		{6F4988E0-9553-432B-B4DA-F8134C69E9AC}.AppStore|x86.Build.0 = Debug|Any CPU
		{6F4988E0-9553-432B-B4DA-F8134C69E9AC}.AppStore|x86.Deploy.0 = Debug|Any CPU
		{6F4988E0-9553-432B-B4DA-F8134C69E9AC}.Debug|Any CPU.ActiveCfg = Debug|Any CPU
		{6F4988E0-9553-432B-B4DA-F8134C69E9AC}.Debug|Any CPU.Build.0 = Debug|Any CPU
		{6F4988E0-9553-432B-B4DA-F8134C69E9AC}.Debug|Any CPU.Deploy.0 = Debug|Any CPU
		{6F4988E0-9553-432B-B4DA-F8134C69E9AC}.Debug|ARM.ActiveCfg = Debug|Any CPU
		{6F4988E0-9553-432B-B4DA-F8134C69E9AC}.Debug|ARM.Build.0 = Debug|Any CPU
		{6F4988E0-9553-432B-B4DA-F8134C69E9AC}.Debug|ARM.Deploy.0 = Debug|Any CPU
		{6F4988E0-9553-432B-B4DA-F8134C69E9AC}.Debug|iPhone.ActiveCfg = Debug|Any CPU
		{6F4988E0-9553-432B-B4DA-F8134C69E9AC}.Debug|iPhone.Build.0 = Debug|Any CPU
		{6F4988E0-9553-432B-B4DA-F8134C69E9AC}.Debug|iPhone.Deploy.0 = Debug|Any CPU
		{6F4988E0-9553-432B-B4DA-F8134C69E9AC}.Debug|iPhoneSimulator.ActiveCfg = Debug|Any CPU
		{6F4988E0-9553-432B-B4DA-F8134C69E9AC}.Debug|iPhoneSimulator.Build.0 = Debug|Any CPU
		{6F4988E0-9553-432B-B4DA-F8134C69E9AC}.Debug|iPhoneSimulator.Deploy.0 = Debug|Any CPU
		{6F4988E0-9553-432B-B4DA-F8134C69E9AC}.Debug|x64.ActiveCfg = Debug|Any CPU
		{6F4988E0-9553-432B-B4DA-F8134C69E9AC}.Debug|x64.Build.0 = Debug|Any CPU
		{6F4988E0-9553-432B-B4DA-F8134C69E9AC}.Debug|x64.Deploy.0 = Debug|Any CPU
		{6F4988E0-9553-432B-B4DA-F8134C69E9AC}.Debug|x86.ActiveCfg = Debug|Any CPU
		{6F4988E0-9553-432B-B4DA-F8134C69E9AC}.Debug|x86.Build.0 = Debug|Any CPU
		{6F4988E0-9553-432B-B4DA-F8134C69E9AC}.Debug|x86.Deploy.0 = Debug|Any CPU
		{6F4988E0-9553-432B-B4DA-F8134C69E9AC}.Release|Any CPU.ActiveCfg = Release|Any CPU
		{6F4988E0-9553-432B-B4DA-F8134C69E9AC}.Release|Any CPU.Build.0 = Release|Any CPU
		{6F4988E0-9553-432B-B4DA-F8134C69E9AC}.Release|Any CPU.Deploy.0 = Release|Any CPU
		{6F4988E0-9553-432B-B4DA-F8134C69E9AC}.Release|ARM.ActiveCfg = Release|Any CPU
		{6F4988E0-9553-432B-B4DA-F8134C69E9AC}.Release|ARM.Build.0 = Release|Any CPU
		{6F4988E0-9553-432B-B4DA-F8134C69E9AC}.Release|ARM.Deploy.0 = Release|Any CPU
		{6F4988E0-9553-432B-B4DA-F8134C69E9AC}.Release|iPhone.ActiveCfg = Release|Any CPU
		{6F4988E0-9553-432B-B4DA-F8134C69E9AC}.Release|iPhone.Build.0 = Release|Any CPU
		{6F4988E0-9553-432B-B4DA-F8134C69E9AC}.Release|iPhone.Deploy.0 = Release|Any CPU
		{6F4988E0-9553-432B-B4DA-F8134C69E9AC}.Release|iPhoneSimulator.ActiveCfg = Release|Any CPU
		{6F4988E0-9553-432B-B4DA-F8134C69E9AC}.Release|iPhoneSimulator.Build.0 = Release|Any CPU
		{6F4988E0-9553-432B-B4DA-F8134C69E9AC}.Release|iPhoneSimulator.Deploy.0 = Release|Any CPU
		{6F4988E0-9553-432B-B4DA-F8134C69E9AC}.Release|x64.ActiveCfg = Release|Any CPU
		{6F4988E0-9553-432B-B4DA-F8134C69E9AC}.Release|x64.Build.0 = Release|Any CPU
		{6F4988E0-9553-432B-B4DA-F8134C69E9AC}.Release|x64.Deploy.0 = Release|Any CPU
		{6F4988E0-9553-432B-B4DA-F8134C69E9AC}.Release|x86.ActiveCfg = Release|Any CPU
		{6F4988E0-9553-432B-B4DA-F8134C69E9AC}.Release|x86.Build.0 = Release|Any CPU
		{6F4988E0-9553-432B-B4DA-F8134C69E9AC}.Release|x86.Deploy.0 = Release|Any CPU
		{F8FE4CF8-E65C-4A2B-808E-13C5D771AEA9}.Ad-Hoc|Any CPU.ActiveCfg = Ad-Hoc|iPhoneSimulator
		{F8FE4CF8-E65C-4A2B-808E-13C5D771AEA9}.Ad-Hoc|ARM.ActiveCfg = Ad-Hoc|iPhoneSimulator
		{F8FE4CF8-E65C-4A2B-808E-13C5D771AEA9}.Ad-Hoc|iPhone.ActiveCfg = Ad-Hoc|iPhone
		{F8FE4CF8-E65C-4A2B-808E-13C5D771AEA9}.Ad-Hoc|iPhone.Build.0 = Ad-Hoc|iPhone
		{F8FE4CF8-E65C-4A2B-808E-13C5D771AEA9}.Ad-Hoc|iPhoneSimulator.ActiveCfg = Ad-Hoc|iPhoneSimulator
		{F8FE4CF8-E65C-4A2B-808E-13C5D771AEA9}.Ad-Hoc|iPhoneSimulator.Build.0 = Ad-Hoc|iPhoneSimulator
		{F8FE4CF8-E65C-4A2B-808E-13C5D771AEA9}.Ad-Hoc|x64.ActiveCfg = Ad-Hoc|iPhoneSimulator
		{F8FE4CF8-E65C-4A2B-808E-13C5D771AEA9}.Ad-Hoc|x86.ActiveCfg = Ad-Hoc|iPhoneSimulator
		{F8FE4CF8-E65C-4A2B-808E-13C5D771AEA9}.AppStore|Any CPU.ActiveCfg = AppStore|iPhoneSimulator
		{F8FE4CF8-E65C-4A2B-808E-13C5D771AEA9}.AppStore|ARM.ActiveCfg = AppStore|iPhoneSimulator
		{F8FE4CF8-E65C-4A2B-808E-13C5D771AEA9}.AppStore|iPhone.ActiveCfg = AppStore|iPhone
		{F8FE4CF8-E65C-4A2B-808E-13C5D771AEA9}.AppStore|iPhone.Build.0 = AppStore|iPhone
		{F8FE4CF8-E65C-4A2B-808E-13C5D771AEA9}.AppStore|iPhoneSimulator.ActiveCfg = AppStore|iPhoneSimulator
		{F8FE4CF8-E65C-4A2B-808E-13C5D771AEA9}.AppStore|iPhoneSimulator.Build.0 = AppStore|iPhoneSimulator
		{F8FE4CF8-E65C-4A2B-808E-13C5D771AEA9}.AppStore|x64.ActiveCfg = AppStore|iPhoneSimulator
		{F8FE4CF8-E65C-4A2B-808E-13C5D771AEA9}.AppStore|x86.ActiveCfg = AppStore|iPhoneSimulator
		{F8FE4CF8-E65C-4A2B-808E-13C5D771AEA9}.Debug|Any CPU.ActiveCfg = Debug|iPhoneSimulator
		{F8FE4CF8-E65C-4A2B-808E-13C5D771AEA9}.Debug|ARM.ActiveCfg = Debug|iPhoneSimulator
		{F8FE4CF8-E65C-4A2B-808E-13C5D771AEA9}.Debug|iPhone.ActiveCfg = Debug|iPhone
		{F8FE4CF8-E65C-4A2B-808E-13C5D771AEA9}.Debug|iPhone.Build.0 = Debug|iPhone
		{F8FE4CF8-E65C-4A2B-808E-13C5D771AEA9}.Debug|iPhoneSimulator.ActiveCfg = Debug|iPhoneSimulator
		{F8FE4CF8-E65C-4A2B-808E-13C5D771AEA9}.Debug|iPhoneSimulator.Build.0 = Debug|iPhoneSimulator
		{F8FE4CF8-E65C-4A2B-808E-13C5D771AEA9}.Debug|x64.ActiveCfg = Debug|iPhoneSimulator
		{F8FE4CF8-E65C-4A2B-808E-13C5D771AEA9}.Debug|x86.ActiveCfg = Debug|iPhoneSimulator
		{F8FE4CF8-E65C-4A2B-808E-13C5D771AEA9}.Release|Any CPU.ActiveCfg = Release|iPhoneSimulator
		{F8FE4CF8-E65C-4A2B-808E-13C5D771AEA9}.Release|ARM.ActiveCfg = Release|iPhoneSimulator
		{F8FE4CF8-E65C-4A2B-808E-13C5D771AEA9}.Release|iPhone.ActiveCfg = Release|iPhone
		{F8FE4CF8-E65C-4A2B-808E-13C5D771AEA9}.Release|iPhone.Build.0 = Release|iPhone
		{F8FE4CF8-E65C-4A2B-808E-13C5D771AEA9}.Release|iPhoneSimulator.ActiveCfg = Release|iPhoneSimulator
		{F8FE4CF8-E65C-4A2B-808E-13C5D771AEA9}.Release|iPhoneSimulator.Build.0 = Release|iPhoneSimulator
		{F8FE4CF8-E65C-4A2B-808E-13C5D771AEA9}.Release|x64.ActiveCfg = Release|iPhoneSimulator
		{F8FE4CF8-E65C-4A2B-808E-13C5D771AEA9}.Release|x86.ActiveCfg = Release|iPhoneSimulator
		{B094FF64-85AB-4D4E-A38F-9B18DA918882}.Ad-Hoc|Any CPU.ActiveCfg = Debug|Any CPU
		{B094FF64-85AB-4D4E-A38F-9B18DA918882}.Ad-Hoc|Any CPU.Build.0 = Debug|Any CPU
		{B094FF64-85AB-4D4E-A38F-9B18DA918882}.Ad-Hoc|ARM.ActiveCfg = Debug|Any CPU
		{B094FF64-85AB-4D4E-A38F-9B18DA918882}.Ad-Hoc|ARM.Build.0 = Debug|Any CPU
		{B094FF64-85AB-4D4E-A38F-9B18DA918882}.Ad-Hoc|iPhone.ActiveCfg = Debug|Any CPU
		{B094FF64-85AB-4D4E-A38F-9B18DA918882}.Ad-Hoc|iPhone.Build.0 = Debug|Any CPU
		{B094FF64-85AB-4D4E-A38F-9B18DA918882}.Ad-Hoc|iPhoneSimulator.ActiveCfg = Debug|Any CPU
		{B094FF64-85AB-4D4E-A38F-9B18DA918882}.Ad-Hoc|iPhoneSimulator.Build.0 = Debug|Any CPU
		{B094FF64-85AB-4D4E-A38F-9B18DA918882}.Ad-Hoc|x64.ActiveCfg = Debug|Any CPU
		{B094FF64-85AB-4D4E-A38F-9B18DA918882}.Ad-Hoc|x64.Build.0 = Debug|Any CPU
		{B094FF64-85AB-4D4E-A38F-9B18DA918882}.Ad-Hoc|x86.ActiveCfg = Debug|Any CPU
		{B094FF64-85AB-4D4E-A38F-9B18DA918882}.Ad-Hoc|x86.Build.0 = Debug|Any CPU
		{B094FF64-85AB-4D4E-A38F-9B18DA918882}.AppStore|Any CPU.ActiveCfg = Debug|Any CPU
		{B094FF64-85AB-4D4E-A38F-9B18DA918882}.AppStore|Any CPU.Build.0 = Debug|Any CPU
		{B094FF64-85AB-4D4E-A38F-9B18DA918882}.AppStore|ARM.ActiveCfg = Debug|Any CPU
		{B094FF64-85AB-4D4E-A38F-9B18DA918882}.AppStore|ARM.Build.0 = Debug|Any CPU
		{B094FF64-85AB-4D4E-A38F-9B18DA918882}.AppStore|iPhone.ActiveCfg = Debug|Any CPU
		{B094FF64-85AB-4D4E-A38F-9B18DA918882}.AppStore|iPhone.Build.0 = Debug|Any CPU
		{B094FF64-85AB-4D4E-A38F-9B18DA918882}.AppStore|iPhoneSimulator.ActiveCfg = Debug|Any CPU
		{B094FF64-85AB-4D4E-A38F-9B18DA918882}.AppStore|iPhoneSimulator.Build.0 = Debug|Any CPU
		{B094FF64-85AB-4D4E-A38F-9B18DA918882}.AppStore|x64.ActiveCfg = Debug|Any CPU
		{B094FF64-85AB-4D4E-A38F-9B18DA918882}.AppStore|x64.Build.0 = Debug|Any CPU
		{B094FF64-85AB-4D4E-A38F-9B18DA918882}.AppStore|x86.ActiveCfg = Debug|Any CPU
		{B094FF64-85AB-4D4E-A38F-9B18DA918882}.AppStore|x86.Build.0 = Debug|Any CPU
		{B094FF64-85AB-4D4E-A38F-9B18DA918882}.Debug|Any CPU.ActiveCfg = Debug|Any CPU
		{B094FF64-85AB-4D4E-A38F-9B18DA918882}.Debug|Any CPU.Build.0 = Debug|Any CPU
		{B094FF64-85AB-4D4E-A38F-9B18DA918882}.Debug|ARM.ActiveCfg = Debug|Any CPU
		{B094FF64-85AB-4D4E-A38F-9B18DA918882}.Debug|ARM.Build.0 = Debug|Any CPU
		{B094FF64-85AB-4D4E-A38F-9B18DA918882}.Debug|iPhone.ActiveCfg = Debug|Any CPU
		{B094FF64-85AB-4D4E-A38F-9B18DA918882}.Debug|iPhone.Build.0 = Debug|Any CPU
		{B094FF64-85AB-4D4E-A38F-9B18DA918882}.Debug|iPhoneSimulator.ActiveCfg = Debug|Any CPU
		{B094FF64-85AB-4D4E-A38F-9B18DA918882}.Debug|iPhoneSimulator.Build.0 = Debug|Any CPU
		{B094FF64-85AB-4D4E-A38F-9B18DA918882}.Debug|x64.ActiveCfg = Debug|Any CPU
		{B094FF64-85AB-4D4E-A38F-9B18DA918882}.Debug|x64.Build.0 = Debug|Any CPU
		{B094FF64-85AB-4D4E-A38F-9B18DA918882}.Debug|x86.ActiveCfg = Debug|Any CPU
		{B094FF64-85AB-4D4E-A38F-9B18DA918882}.Debug|x86.Build.0 = Debug|Any CPU
		{B094FF64-85AB-4D4E-A38F-9B18DA918882}.Release|Any CPU.ActiveCfg = Release|Any CPU
		{B094FF64-85AB-4D4E-A38F-9B18DA918882}.Release|Any CPU.Build.0 = Release|Any CPU
		{B094FF64-85AB-4D4E-A38F-9B18DA918882}.Release|ARM.ActiveCfg = Release|Any CPU
		{B094FF64-85AB-4D4E-A38F-9B18DA918882}.Release|ARM.Build.0 = Release|Any CPU
		{B094FF64-85AB-4D4E-A38F-9B18DA918882}.Release|iPhone.ActiveCfg = Release|Any CPU
		{B094FF64-85AB-4D4E-A38F-9B18DA918882}.Release|iPhone.Build.0 = Release|Any CPU
		{B094FF64-85AB-4D4E-A38F-9B18DA918882}.Release|iPhoneSimulator.ActiveCfg = Release|Any CPU
		{B094FF64-85AB-4D4E-A38F-9B18DA918882}.Release|iPhoneSimulator.Build.0 = Release|Any CPU
		{B094FF64-85AB-4D4E-A38F-9B18DA918882}.Release|x64.ActiveCfg = Release|Any CPU
		{B094FF64-85AB-4D4E-A38F-9B18DA918882}.Release|x64.Build.0 = Release|Any CPU
		{B094FF64-85AB-4D4E-A38F-9B18DA918882}.Release|x86.ActiveCfg = Release|Any CPU
		{B094FF64-85AB-4D4E-A38F-9B18DA918882}.Release|x86.Build.0 = Release|Any CPU
		{8B405457-582E-43E6-9D32-8120C2DF2A47}.Ad-Hoc|Any CPU.ActiveCfg = Debug|Any CPU
		{8B405457-582E-43E6-9D32-8120C2DF2A47}.Ad-Hoc|Any CPU.Build.0 = Debug|Any CPU
		{8B405457-582E-43E6-9D32-8120C2DF2A47}.Ad-Hoc|ARM.ActiveCfg = Debug|Any CPU
		{8B405457-582E-43E6-9D32-8120C2DF2A47}.Ad-Hoc|ARM.Build.0 = Debug|Any CPU
		{8B405457-582E-43E6-9D32-8120C2DF2A47}.Ad-Hoc|iPhone.ActiveCfg = Debug|Any CPU
		{8B405457-582E-43E6-9D32-8120C2DF2A47}.Ad-Hoc|iPhone.Build.0 = Debug|Any CPU
		{8B405457-582E-43E6-9D32-8120C2DF2A47}.Ad-Hoc|iPhoneSimulator.ActiveCfg = Debug|Any CPU
		{8B405457-582E-43E6-9D32-8120C2DF2A47}.Ad-Hoc|iPhoneSimulator.Build.0 = Debug|Any CPU
		{8B405457-582E-43E6-9D32-8120C2DF2A47}.Ad-Hoc|x64.ActiveCfg = Debug|Any CPU
		{8B405457-582E-43E6-9D32-8120C2DF2A47}.Ad-Hoc|x64.Build.0 = Debug|Any CPU
		{8B405457-582E-43E6-9D32-8120C2DF2A47}.Ad-Hoc|x86.ActiveCfg = Debug|Any CPU
		{8B405457-582E-43E6-9D32-8120C2DF2A47}.Ad-Hoc|x86.Build.0 = Debug|Any CPU
		{8B405457-582E-43E6-9D32-8120C2DF2A47}.AppStore|Any CPU.ActiveCfg = Debug|Any CPU
		{8B405457-582E-43E6-9D32-8120C2DF2A47}.AppStore|Any CPU.Build.0 = Debug|Any CPU
		{8B405457-582E-43E6-9D32-8120C2DF2A47}.AppStore|ARM.ActiveCfg = Debug|Any CPU
		{8B405457-582E-43E6-9D32-8120C2DF2A47}.AppStore|ARM.Build.0 = Debug|Any CPU
		{8B405457-582E-43E6-9D32-8120C2DF2A47}.AppStore|iPhone.ActiveCfg = Debug|Any CPU
		{8B405457-582E-43E6-9D32-8120C2DF2A47}.AppStore|iPhone.Build.0 = Debug|Any CPU
		{8B405457-582E-43E6-9D32-8120C2DF2A47}.AppStore|iPhoneSimulator.ActiveCfg = Debug|Any CPU
		{8B405457-582E-43E6-9D32-8120C2DF2A47}.AppStore|iPhoneSimulator.Build.0 = Debug|Any CPU
		{8B405457-582E-43E6-9D32-8120C2DF2A47}.AppStore|x64.ActiveCfg = Debug|Any CPU
		{8B405457-582E-43E6-9D32-8120C2DF2A47}.AppStore|x64.Build.0 = Debug|Any CPU
		{8B405457-582E-43E6-9D32-8120C2DF2A47}.AppStore|x86.ActiveCfg = Debug|Any CPU
		{8B405457-582E-43E6-9D32-8120C2DF2A47}.AppStore|x86.Build.0 = Debug|Any CPU
		{8B405457-582E-43E6-9D32-8120C2DF2A47}.Debug|Any CPU.ActiveCfg = Debug|Any CPU
		{8B405457-582E-43E6-9D32-8120C2DF2A47}.Debug|Any CPU.Build.0 = Debug|Any CPU
		{8B405457-582E-43E6-9D32-8120C2DF2A47}.Debug|ARM.ActiveCfg = Debug|Any CPU
		{8B405457-582E-43E6-9D32-8120C2DF2A47}.Debug|ARM.Build.0 = Debug|Any CPU
		{8B405457-582E-43E6-9D32-8120C2DF2A47}.Debug|iPhone.ActiveCfg = Debug|Any CPU
		{8B405457-582E-43E6-9D32-8120C2DF2A47}.Debug|iPhone.Build.0 = Debug|Any CPU
		{8B405457-582E-43E6-9D32-8120C2DF2A47}.Debug|iPhoneSimulator.ActiveCfg = Debug|Any CPU
		{8B405457-582E-43E6-9D32-8120C2DF2A47}.Debug|iPhoneSimulator.Build.0 = Debug|Any CPU
		{8B405457-582E-43E6-9D32-8120C2DF2A47}.Debug|x64.ActiveCfg = Debug|Any CPU
		{8B405457-582E-43E6-9D32-8120C2DF2A47}.Debug|x64.Build.0 = Debug|Any CPU
		{8B405457-582E-43E6-9D32-8120C2DF2A47}.Debug|x86.ActiveCfg = Debug|Any CPU
		{8B405457-582E-43E6-9D32-8120C2DF2A47}.Debug|x86.Build.0 = Debug|Any CPU
		{8B405457-582E-43E6-9D32-8120C2DF2A47}.Release|Any CPU.ActiveCfg = Release|Any CPU
		{8B405457-582E-43E6-9D32-8120C2DF2A47}.Release|Any CPU.Build.0 = Release|Any CPU
		{8B405457-582E-43E6-9D32-8120C2DF2A47}.Release|ARM.ActiveCfg = Release|Any CPU
		{8B405457-582E-43E6-9D32-8120C2DF2A47}.Release|ARM.Build.0 = Release|Any CPU
		{8B405457-582E-43E6-9D32-8120C2DF2A47}.Release|iPhone.ActiveCfg = Release|Any CPU
		{8B405457-582E-43E6-9D32-8120C2DF2A47}.Release|iPhone.Build.0 = Release|Any CPU
		{8B405457-582E-43E6-9D32-8120C2DF2A47}.Release|iPhoneSimulator.ActiveCfg = Release|Any CPU
		{8B405457-582E-43E6-9D32-8120C2DF2A47}.Release|iPhoneSimulator.Build.0 = Release|Any CPU
		{8B405457-582E-43E6-9D32-8120C2DF2A47}.Release|x64.ActiveCfg = Release|Any CPU
		{8B405457-582E-43E6-9D32-8120C2DF2A47}.Release|x64.Build.0 = Release|Any CPU
		{8B405457-582E-43E6-9D32-8120C2DF2A47}.Release|x86.ActiveCfg = Release|Any CPU
		{8B405457-582E-43E6-9D32-8120C2DF2A47}.Release|x86.Build.0 = Release|Any CPU
		{501B6A40-2619-493C-A8BD-9C4B8371E6FE}.Ad-Hoc|Any CPU.ActiveCfg = Debug|Any CPU
		{501B6A40-2619-493C-A8BD-9C4B8371E6FE}.Ad-Hoc|Any CPU.Build.0 = Debug|Any CPU
		{501B6A40-2619-493C-A8BD-9C4B8371E6FE}.Ad-Hoc|ARM.ActiveCfg = Debug|Any CPU
		{501B6A40-2619-493C-A8BD-9C4B8371E6FE}.Ad-Hoc|ARM.Build.0 = Debug|Any CPU
		{501B6A40-2619-493C-A8BD-9C4B8371E6FE}.Ad-Hoc|iPhone.ActiveCfg = Debug|Any CPU
		{501B6A40-2619-493C-A8BD-9C4B8371E6FE}.Ad-Hoc|iPhone.Build.0 = Debug|Any CPU
		{501B6A40-2619-493C-A8BD-9C4B8371E6FE}.Ad-Hoc|iPhoneSimulator.ActiveCfg = Debug|Any CPU
		{501B6A40-2619-493C-A8BD-9C4B8371E6FE}.Ad-Hoc|iPhoneSimulator.Build.0 = Debug|Any CPU
		{501B6A40-2619-493C-A8BD-9C4B8371E6FE}.Ad-Hoc|x64.ActiveCfg = Debug|Any CPU
		{501B6A40-2619-493C-A8BD-9C4B8371E6FE}.Ad-Hoc|x64.Build.0 = Debug|Any CPU
		{501B6A40-2619-493C-A8BD-9C4B8371E6FE}.Ad-Hoc|x86.ActiveCfg = Debug|Any CPU
		{501B6A40-2619-493C-A8BD-9C4B8371E6FE}.Ad-Hoc|x86.Build.0 = Debug|Any CPU
		{501B6A40-2619-493C-A8BD-9C4B8371E6FE}.AppStore|Any CPU.ActiveCfg = Debug|Any CPU
		{501B6A40-2619-493C-A8BD-9C4B8371E6FE}.AppStore|Any CPU.Build.0 = Debug|Any CPU
		{501B6A40-2619-493C-A8BD-9C4B8371E6FE}.AppStore|ARM.ActiveCfg = Debug|Any CPU
		{501B6A40-2619-493C-A8BD-9C4B8371E6FE}.AppStore|ARM.Build.0 = Debug|Any CPU
		{501B6A40-2619-493C-A8BD-9C4B8371E6FE}.AppStore|iPhone.ActiveCfg = Debug|Any CPU
		{501B6A40-2619-493C-A8BD-9C4B8371E6FE}.AppStore|iPhone.Build.0 = Debug|Any CPU
		{501B6A40-2619-493C-A8BD-9C4B8371E6FE}.AppStore|iPhoneSimulator.ActiveCfg = Debug|Any CPU
		{501B6A40-2619-493C-A8BD-9C4B8371E6FE}.AppStore|iPhoneSimulator.Build.0 = Debug|Any CPU
		{501B6A40-2619-493C-A8BD-9C4B8371E6FE}.AppStore|x64.ActiveCfg = Debug|Any CPU
		{501B6A40-2619-493C-A8BD-9C4B8371E6FE}.AppStore|x64.Build.0 = Debug|Any CPU
		{501B6A40-2619-493C-A8BD-9C4B8371E6FE}.AppStore|x86.ActiveCfg = Debug|Any CPU
		{501B6A40-2619-493C-A8BD-9C4B8371E6FE}.AppStore|x86.Build.0 = Debug|Any CPU
		{501B6A40-2619-493C-A8BD-9C4B8371E6FE}.Debug|Any CPU.ActiveCfg = Debug|Any CPU
		{501B6A40-2619-493C-A8BD-9C4B8371E6FE}.Debug|Any CPU.Build.0 = Debug|Any CPU
		{501B6A40-2619-493C-A8BD-9C4B8371E6FE}.Debug|ARM.ActiveCfg = Debug|Any CPU
		{501B6A40-2619-493C-A8BD-9C4B8371E6FE}.Debug|ARM.Build.0 = Debug|Any CPU
		{501B6A40-2619-493C-A8BD-9C4B8371E6FE}.Debug|iPhone.ActiveCfg = Debug|Any CPU
		{501B6A40-2619-493C-A8BD-9C4B8371E6FE}.Debug|iPhone.Build.0 = Debug|Any CPU
		{501B6A40-2619-493C-A8BD-9C4B8371E6FE}.Debug|iPhoneSimulator.ActiveCfg = Debug|Any CPU
		{501B6A40-2619-493C-A8BD-9C4B8371E6FE}.Debug|iPhoneSimulator.Build.0 = Debug|Any CPU
		{501B6A40-2619-493C-A8BD-9C4B8371E6FE}.Debug|x64.ActiveCfg = Debug|Any CPU
		{501B6A40-2619-493C-A8BD-9C4B8371E6FE}.Debug|x64.Build.0 = Debug|Any CPU
		{501B6A40-2619-493C-A8BD-9C4B8371E6FE}.Debug|x86.ActiveCfg = Debug|Any CPU
		{501B6A40-2619-493C-A8BD-9C4B8371E6FE}.Debug|x86.Build.0 = Debug|Any CPU
		{501B6A40-2619-493C-A8BD-9C4B8371E6FE}.Release|Any CPU.ActiveCfg = Release|Any CPU
		{501B6A40-2619-493C-A8BD-9C4B8371E6FE}.Release|Any CPU.Build.0 = Release|Any CPU
		{501B6A40-2619-493C-A8BD-9C4B8371E6FE}.Release|ARM.ActiveCfg = Release|Any CPU
		{501B6A40-2619-493C-A8BD-9C4B8371E6FE}.Release|ARM.Build.0 = Release|Any CPU
		{501B6A40-2619-493C-A8BD-9C4B8371E6FE}.Release|iPhone.ActiveCfg = Release|Any CPU
		{501B6A40-2619-493C-A8BD-9C4B8371E6FE}.Release|iPhone.Build.0 = Release|Any CPU
		{501B6A40-2619-493C-A8BD-9C4B8371E6FE}.Release|iPhoneSimulator.ActiveCfg = Release|Any CPU
		{501B6A40-2619-493C-A8BD-9C4B8371E6FE}.Release|iPhoneSimulator.Build.0 = Release|Any CPU
		{501B6A40-2619-493C-A8BD-9C4B8371E6FE}.Release|x64.ActiveCfg = Release|Any CPU
		{501B6A40-2619-493C-A8BD-9C4B8371E6FE}.Release|x64.Build.0 = Release|Any CPU
		{501B6A40-2619-493C-A8BD-9C4B8371E6FE}.Release|x86.ActiveCfg = Release|Any CPU
		{501B6A40-2619-493C-A8BD-9C4B8371E6FE}.Release|x86.Build.0 = Release|Any CPU
		{E4B7DEC5-4092-4FF6-B163-5F40A29653F5}.Ad-Hoc|Any CPU.ActiveCfg = Debug|Any CPU
		{E4B7DEC5-4092-4FF6-B163-5F40A29653F5}.Ad-Hoc|Any CPU.Build.0 = Debug|Any CPU
		{E4B7DEC5-4092-4FF6-B163-5F40A29653F5}.Ad-Hoc|ARM.ActiveCfg = Debug|Any CPU
		{E4B7DEC5-4092-4FF6-B163-5F40A29653F5}.Ad-Hoc|ARM.Build.0 = Debug|Any CPU
		{E4B7DEC5-4092-4FF6-B163-5F40A29653F5}.Ad-Hoc|iPhone.ActiveCfg = Debug|Any CPU
		{E4B7DEC5-4092-4FF6-B163-5F40A29653F5}.Ad-Hoc|iPhone.Build.0 = Debug|Any CPU
		{E4B7DEC5-4092-4FF6-B163-5F40A29653F5}.Ad-Hoc|iPhoneSimulator.ActiveCfg = Debug|Any CPU
		{E4B7DEC5-4092-4FF6-B163-5F40A29653F5}.Ad-Hoc|iPhoneSimulator.Build.0 = Debug|Any CPU
		{E4B7DEC5-4092-4FF6-B163-5F40A29653F5}.Ad-Hoc|x64.ActiveCfg = Debug|Any CPU
		{E4B7DEC5-4092-4FF6-B163-5F40A29653F5}.Ad-Hoc|x64.Build.0 = Debug|Any CPU
		{E4B7DEC5-4092-4FF6-B163-5F40A29653F5}.Ad-Hoc|x86.ActiveCfg = Debug|Any CPU
		{E4B7DEC5-4092-4FF6-B163-5F40A29653F5}.Ad-Hoc|x86.Build.0 = Debug|Any CPU
		{E4B7DEC5-4092-4FF6-B163-5F40A29653F5}.AppStore|Any CPU.ActiveCfg = Debug|Any CPU
		{E4B7DEC5-4092-4FF6-B163-5F40A29653F5}.AppStore|Any CPU.Build.0 = Debug|Any CPU
		{E4B7DEC5-4092-4FF6-B163-5F40A29653F5}.AppStore|ARM.ActiveCfg = Debug|Any CPU
		{E4B7DEC5-4092-4FF6-B163-5F40A29653F5}.AppStore|ARM.Build.0 = Debug|Any CPU
		{E4B7DEC5-4092-4FF6-B163-5F40A29653F5}.AppStore|iPhone.ActiveCfg = Debug|Any CPU
		{E4B7DEC5-4092-4FF6-B163-5F40A29653F5}.AppStore|iPhone.Build.0 = Debug|Any CPU
		{E4B7DEC5-4092-4FF6-B163-5F40A29653F5}.AppStore|iPhoneSimulator.ActiveCfg = Debug|Any CPU
		{E4B7DEC5-4092-4FF6-B163-5F40A29653F5}.AppStore|iPhoneSimulator.Build.0 = Debug|Any CPU
		{E4B7DEC5-4092-4FF6-B163-5F40A29653F5}.AppStore|x64.ActiveCfg = Debug|Any CPU
		{E4B7DEC5-4092-4FF6-B163-5F40A29653F5}.AppStore|x64.Build.0 = Debug|Any CPU
		{E4B7DEC5-4092-4FF6-B163-5F40A29653F5}.AppStore|x86.ActiveCfg = Debug|Any CPU
		{E4B7DEC5-4092-4FF6-B163-5F40A29653F5}.AppStore|x86.Build.0 = Debug|Any CPU
		{E4B7DEC5-4092-4FF6-B163-5F40A29653F5}.Debug|Any CPU.ActiveCfg = Debug|Any CPU
		{E4B7DEC5-4092-4FF6-B163-5F40A29653F5}.Debug|Any CPU.Build.0 = Debug|Any CPU
		{E4B7DEC5-4092-4FF6-B163-5F40A29653F5}.Debug|ARM.ActiveCfg = Debug|Any CPU
		{E4B7DEC5-4092-4FF6-B163-5F40A29653F5}.Debug|ARM.Build.0 = Debug|Any CPU
		{E4B7DEC5-4092-4FF6-B163-5F40A29653F5}.Debug|iPhone.ActiveCfg = Debug|Any CPU
		{E4B7DEC5-4092-4FF6-B163-5F40A29653F5}.Debug|iPhone.Build.0 = Debug|Any CPU
		{E4B7DEC5-4092-4FF6-B163-5F40A29653F5}.Debug|iPhoneSimulator.ActiveCfg = Debug|Any CPU
		{E4B7DEC5-4092-4FF6-B163-5F40A29653F5}.Debug|iPhoneSimulator.Build.0 = Debug|Any CPU
		{E4B7DEC5-4092-4FF6-B163-5F40A29653F5}.Debug|x64.ActiveCfg = Debug|Any CPU
		{E4B7DEC5-4092-4FF6-B163-5F40A29653F5}.Debug|x64.Build.0 = Debug|Any CPU
		{E4B7DEC5-4092-4FF6-B163-5F40A29653F5}.Debug|x86.ActiveCfg = Debug|Any CPU
		{E4B7DEC5-4092-4FF6-B163-5F40A29653F5}.Debug|x86.Build.0 = Debug|Any CPU
		{E4B7DEC5-4092-4FF6-B163-5F40A29653F5}.Release|Any CPU.ActiveCfg = Release|Any CPU
		{E4B7DEC5-4092-4FF6-B163-5F40A29653F5}.Release|Any CPU.Build.0 = Release|Any CPU
		{E4B7DEC5-4092-4FF6-B163-5F40A29653F5}.Release|ARM.ActiveCfg = Release|Any CPU
		{E4B7DEC5-4092-4FF6-B163-5F40A29653F5}.Release|ARM.Build.0 = Release|Any CPU
		{E4B7DEC5-4092-4FF6-B163-5F40A29653F5}.Release|iPhone.ActiveCfg = Release|Any CPU
		{E4B7DEC5-4092-4FF6-B163-5F40A29653F5}.Release|iPhone.Build.0 = Release|Any CPU
		{E4B7DEC5-4092-4FF6-B163-5F40A29653F5}.Release|iPhoneSimulator.ActiveCfg = Release|Any CPU
		{E4B7DEC5-4092-4FF6-B163-5F40A29653F5}.Release|iPhoneSimulator.Build.0 = Release|Any CPU
		{E4B7DEC5-4092-4FF6-B163-5F40A29653F5}.Release|x64.ActiveCfg = Release|Any CPU
		{E4B7DEC5-4092-4FF6-B163-5F40A29653F5}.Release|x64.Build.0 = Release|Any CPU
		{E4B7DEC5-4092-4FF6-B163-5F40A29653F5}.Release|x86.ActiveCfg = Release|Any CPU
		{E4B7DEC5-4092-4FF6-B163-5F40A29653F5}.Release|x86.Build.0 = Release|Any CPU
	EndGlobalSection
	GlobalSection(SolutionProperties) = preSolution
		HideSolutionNode = FALSE
	EndGlobalSection
	GlobalSection(NestedProjects) = preSolution
		{DEB62302-A166-4D4E-9827-27609C8834E7} = {445CBEDE-1815-408B-AAEE-9217310DE158}
		{85CA40EF-A438-4E0F-B3B2-F4F3AB88E7EE} = {B56A122E-E129-4205-89A6-065B4B2798B7}
		{4F7D3E1B-88F5-4A88-8747-CE64B91F52BA} = {B56A122E-E129-4205-89A6-065B4B2798B7}
		{0C3D7F2B-A1E8-4722-BA6C-E183BF758ECC} = {B56A122E-E129-4205-89A6-065B4B2798B7}
		{4F5517E3-7FBC-42FC-9073-7C4C7657B951} = {60F56B49-2067-42BA-8648-A664A3D0FA32}
		{E3DF0492-C3BB-4854-B072-F977C97BE7C7} = {60F56B49-2067-42BA-8648-A664A3D0FA32}
		{D5658B6A-22A7-4D8A-BFF4-1E79937F033C} = {95BB3518-72E4-4DF7-9D9E-8C6840B8FB6B}
		{6672E374-C500-420F-BFE0-ACE364071325} = {95BB3518-72E4-4DF7-9D9E-8C6840B8FB6B}
		{1C71563D-6E7B-4375-AA3F-552131B745A1} = {95BB3518-72E4-4DF7-9D9E-8C6840B8FB6B}
		{5D373627-BBFF-4FBA-92C7-7A56F36ABF15} = {13B347FC-7469-4E35-9597-0A4DC5EAEAA8}
		{6F4988E0-9553-432B-B4DA-F8134C69E9AC} = {13B347FC-7469-4E35-9597-0A4DC5EAEAA8}
		{F8FE4CF8-E65C-4A2B-808E-13C5D771AEA9} = {13B347FC-7469-4E35-9597-0A4DC5EAEAA8}
		{B094FF64-85AB-4D4E-A38F-9B18DA918882} = {13B347FC-7469-4E35-9597-0A4DC5EAEAA8}
		{8B405457-582E-43E6-9D32-8120C2DF2A47} = {60F56B49-2067-42BA-8648-A664A3D0FA32}
		{501B6A40-2619-493C-A8BD-9C4B8371E6FE} = {60F56B49-2067-42BA-8648-A664A3D0FA32}
		{E4B7DEC5-4092-4FF6-B163-5F40A29653F5} = {517A8313-4C6A-42A7-B2AB-337AA29060E0}
	EndGlobalSection
	GlobalSection(ExtensibilityGlobals) = postSolution
		SolutionGuid = {B76B1597-93B3-4D2F-921E-6E6F74D672C0}
	EndGlobalSection
EndGlobal
