
Microsoft Visual Studio Solution File, Format Version 12.00
# Visual Studio Version 16
VisualStudioVersion = 16.0.31205.134
MinimumVisualStudioVersion = 10.0.40219.1
Project("{2150E333-8FDC-42A3-9474-1A3956D46DE8}") = "Tests", "Tests", "{33730E03-AE7A-435E-BF21-9FE98E6C66ED}"
EndProject
Project("{2150E333-8FDC-42A3-9474-1A3956D46DE8}") = "Modules", "Modules", "{72F1C10F-1BE8-4D77-8EEF-3F26E7D4A561}"
EndProject
Project("{2150E333-8FDC-42A3-9474-1A3956D46DE8}") = "Services", "Services", "{7B075BDE-44AB-4CF3-90E0-D45392F05908}"
EndProject
Project("{9A19103F-16F7-4668-BE54-9A1E7A4F7556}") = "Skymly.JyGameStudio.Wpf", "Desktop\Skymly.JyGameStudio.Wpf\Skymly.JyGameStudio.Wpf\Skymly.JyGameStudio.Wpf.csproj", "{494AC66E-98FD-493D-B504-9871AB69EA04}"
EndProject
Project("{9A19103F-16F7-4668-BE54-9A1E7A4F7556}") = "Skymly.JyGameStudio.Wpf.Core", "Desktop\Skymly.JyGameStudio.Wpf\Skymly.JyGameStudio.Wpf.Core\Skymly.JyGameStudio.Wpf.Core.csproj", "{6A849030-93A4-4086-B757-AF4650438B25}"
EndProject
Project("{2150E333-8FDC-42A3-9474-1A3956D46DE8}") = "Wpf", "Wpf", "{B56A122E-E129-4205-89A6-065B4B2798B7}"
EndProject
Project("{2150E333-8FDC-42A3-9474-1A3956D46DE8}") = "Xamarin.Forms", "Xamarin.Forms", "{13B347FC-7469-4E35-9597-0A4DC5EAEAA8}"
EndProject
Project("{9A19103F-16F7-4668-BE54-9A1E7A4F7556}") = "Skymly.JyGameStudio.Mobile", "Mobile\Skymly.JyGameStudio.Mobile\Skymly.JyGameStudio.Mobile\Skymly.JyGameStudio.Mobile.csproj", "{D646ED16-B6CF-4D4C-8152-03C9DA4EB639}"
EndProject
Project("{FAE04EC0-301F-11D3-BF4B-00C04F79EFBC}") = "Skymly.JyGameStudio.Mobile.Android", "Mobile\Skymly.JyGameStudio.Mobile\Skymly.JyGameStudio.Mobile.Android\Skymly.JyGameStudio.Mobile.Android.csproj", "{0DF81D85-3550-472E-B5D2-D3E5DB25A50C}"
EndProject
Project("{FAE04EC0-301F-11D3-BF4B-00C04F79EFBC}") = "Skymly.JyGameStudio.Mobile.iOS", "Mobile\Skymly.JyGameStudio.Mobile\Skymly.JyGameStudio.Mobile.iOS\Skymly.JyGameStudio.Mobile.iOS.csproj", "{C98B2B58-9467-49D6-B843-9D091086B859}"
EndProject
Project("{FAE04EC0-301F-11D3-BF4B-00C04F79EFBC}") = "Skymly.JyGameStudio.Mobile.UWP", "Mobile\Skymly.JyGameStudio.Mobile\Skymly.JyGameStudio.Mobile.UWP\Skymly.JyGameStudio.Mobile.UWP.csproj", "{EEC8C758-0853-4922-803C-5088AE59B701}"
EndProject
Project("{9A19103F-16F7-4668-BE54-9A1E7A4F7556}") = "Skymly.JyGameStudio.Mobile.Services", "Mobile\Skymly.JyGameStudio.Services\Skymly.JyGameStudio.Mobile.Services.csproj", "{80145C46-B516-4442-A91F-B8104A96164B}"
EndProject
Project("{9A19103F-16F7-4668-BE54-9A1E7A4F7556}") = "Skymly.JyGameStudio.Mobile.Core", "Mobile\Skymly.JyGameStudio.Core\Skymly.JyGameStudio.Mobile.Core.csproj", "{38D0250B-D436-4DB8-BDA2-C177D6144FBC}"
EndProject
Project("{2150E333-8FDC-42A3-9474-1A3956D46DE8}") = "Common", "Common", "{60F56B49-2067-42BA-8648-A664A3D0FA32}"
EndProject
Project("{9A19103F-16F7-4668-BE54-9A1E7A4F7556}") = "Skymly.JyGameTools.Models", "Common\Skymly.JyGameTools.Models\Skymly.JyGameTools.Models.csproj", "{E85B3BDB-7157-433C-ABC0-78C9B7A209AB}"
EndProject
Project("{2150E333-8FDC-42A3-9474-1A3956D46DE8}") = "Test", "Test", "{5FAA8962-AAF3-4ECB-AA1C-F3EAC7215FA2}"
EndProject
Project("{9A19103F-16F7-4668-BE54-9A1E7A4F7556}") = "ConsoleTest", "Test\ConsoleTest\ConsoleTest.csproj", "{DEB62302-A166-4D4E-9827-27609C8834E7}"
EndProject
Project("{9A19103F-16F7-4668-BE54-9A1E7A4F7556}") = "Tools", "Tools\Tools.csproj", "{AF3C8446-DB99-4791-A863-C3CFD4C99604}"
EndProject
Project("{2150E333-8FDC-42A3-9474-1A3956D46DE8}") = "Server", "Server", "{517A8313-4C6A-42A7-B2AB-337AA29060E0}"
EndProject
Project("{9A19103F-16F7-4668-BE54-9A1E7A4F7556}") = "Skymly.JyGameStudio.Api", "Skymly.JyGameStudio.Api\Skymly.JyGameStudio.Api.csproj", "{54B8E73D-9AAA-40C5-9A6E-AF7EBA4FDD9F}"
EndProject
Global
	GlobalSection(SolutionConfigurationPlatforms) = preSolution
		Ad-Hoc|Any CPU = Ad-Hoc|Any CPU
		Ad-Hoc|ARM = Ad-Hoc|ARM
		Ad-Hoc|iPhone = Ad-Hoc|iPhone
		Ad-Hoc|iPhoneSimulator = Ad-Hoc|iPhoneSimulator
		Ad-Hoc|x64 = Ad-Hoc|x64
		Ad-Hoc|x86 = Ad-Hoc|x86
		AppStore|Any CPU = AppStore|Any CPU
		AppStore|ARM = AppStore|ARM
		AppStore|iPhone = AppStore|iPhone
		AppStore|iPhoneSimulator = AppStore|iPhoneSimulator
		AppStore|x64 = AppStore|x64
		AppStore|x86 = AppStore|x86
		Debug|Any CPU = Debug|Any CPU
		Debug|ARM = Debug|ARM
		Debug|iPhone = Debug|iPhone
		Debug|iPhoneSimulator = Debug|iPhoneSimulator
		Debug|x64 = Debug|x64
		Debug|x86 = Debug|x86
		Release|Any CPU = Release|Any CPU
		Release|ARM = Release|ARM
		Release|iPhone = Release|iPhone
		Release|iPhoneSimulator = Release|iPhoneSimulator
		Release|x64 = Release|x64
		Release|x86 = Release|x86
	EndGlobalSection
	GlobalSection(ProjectConfigurationPlatforms) = postSolution
		{494AC66E-98FD-493D-B504-9871AB69EA04}.Ad-Hoc|Any CPU.ActiveCfg = Release|Any CPU
		{494AC66E-98FD-493D-B504-9871AB69EA04}.Ad-Hoc|Any CPU.Build.0 = Release|Any CPU
		{494AC66E-98FD-493D-B504-9871AB69EA04}.Ad-Hoc|ARM.ActiveCfg = Release|Any CPU
		{494AC66E-98FD-493D-B504-9871AB69EA04}.Ad-Hoc|ARM.Build.0 = Release|Any CPU
		{494AC66E-98FD-493D-B504-9871AB69EA04}.Ad-Hoc|iPhone.ActiveCfg = Release|Any CPU
		{494AC66E-98FD-493D-B504-9871AB69EA04}.Ad-Hoc|iPhone.Build.0 = Release|Any CPU
		{494AC66E-98FD-493D-B504-9871AB69EA04}.Ad-Hoc|iPhoneSimulator.ActiveCfg = Release|Any CPU
		{494AC66E-98FD-493D-B504-9871AB69EA04}.Ad-Hoc|iPhoneSimulator.Build.0 = Release|Any CPU
		{494AC66E-98FD-493D-B504-9871AB69EA04}.Ad-Hoc|x64.ActiveCfg = Release|Any CPU
		{494AC66E-98FD-493D-B504-9871AB69EA04}.Ad-Hoc|x64.Build.0 = Release|Any CPU
		{494AC66E-98FD-493D-B504-9871AB69EA04}.Ad-Hoc|x86.ActiveCfg = Release|Any CPU
		{494AC66E-98FD-493D-B504-9871AB69EA04}.Ad-Hoc|x86.Build.0 = Release|Any CPU
		{494AC66E-98FD-493D-B504-9871AB69EA04}.AppStore|Any CPU.ActiveCfg = Release|Any CPU
		{494AC66E-98FD-493D-B504-9871AB69EA04}.AppStore|Any CPU.Build.0 = Release|Any CPU
		{494AC66E-98FD-493D-B504-9871AB69EA04}.AppStore|ARM.ActiveCfg = Release|Any CPU
		{494AC66E-98FD-493D-B504-9871AB69EA04}.AppStore|ARM.Build.0 = Release|Any CPU
		{494AC66E-98FD-493D-B504-9871AB69EA04}.AppStore|iPhone.ActiveCfg = Release|Any CPU
		{494AC66E-98FD-493D-B504-9871AB69EA04}.AppStore|iPhone.Build.0 = Release|Any CPU
		{494AC66E-98FD-493D-B504-9871AB69EA04}.AppStore|iPhoneSimulator.ActiveCfg = Release|Any CPU
		{494AC66E-98FD-493D-B504-9871AB69EA04}.AppStore|iPhoneSimulator.Build.0 = Release|Any CPU
		{494AC66E-98FD-493D-B504-9871AB69EA04}.AppStore|x64.ActiveCfg = Release|Any CPU
		{494AC66E-98FD-493D-B504-9871AB69EA04}.AppStore|x64.Build.0 = Release|Any CPU
		{494AC66E-98FD-493D-B504-9871AB69EA04}.AppStore|x86.ActiveCfg = Release|Any CPU
		{494AC66E-98FD-493D-B504-9871AB69EA04}.AppStore|x86.Build.0 = Release|Any CPU
		{494AC66E-98FD-493D-B504-9871AB69EA04}.Debug|Any CPU.ActiveCfg = Debug|Any CPU
		{494AC66E-98FD-493D-B504-9871AB69EA04}.Debug|Any CPU.Build.0 = Debug|Any CPU
		{494AC66E-98FD-493D-B504-9871AB69EA04}.Debug|ARM.ActiveCfg = Debug|Any CPU
		{494AC66E-98FD-493D-B504-9871AB69EA04}.Debug|ARM.Build.0 = Debug|Any CPU
		{494AC66E-98FD-493D-B504-9871AB69EA04}.Debug|iPhone.ActiveCfg = Debug|Any CPU
		{494AC66E-98FD-493D-B504-9871AB69EA04}.Debug|iPhone.Build.0 = Debug|Any CPU
		{494AC66E-98FD-493D-B504-9871AB69EA04}.Debug|iPhoneSimulator.ActiveCfg = Debug|Any CPU
		{494AC66E-98FD-493D-B504-9871AB69EA04}.Debug|iPhoneSimulator.Build.0 = Debug|Any CPU
		{494AC66E-98FD-493D-B504-9871AB69EA04}.Debug|x64.ActiveCfg = Debug|Any CPU
		{494AC66E-98FD-493D-B504-9871AB69EA04}.Debug|x64.Build.0 = Debug|Any CPU
		{494AC66E-98FD-493D-B504-9871AB69EA04}.Debug|x86.ActiveCfg = Debug|Any CPU
		{494AC66E-98FD-493D-B504-9871AB69EA04}.Debug|x86.Build.0 = Debug|Any CPU
		{494AC66E-98FD-493D-B504-9871AB69EA04}.Release|Any CPU.ActiveCfg = Release|Any CPU
		{494AC66E-98FD-493D-B504-9871AB69EA04}.Release|Any CPU.Build.0 = Release|Any CPU
		{494AC66E-98FD-493D-B504-9871AB69EA04}.Release|ARM.ActiveCfg = Release|Any CPU
		{494AC66E-98FD-493D-B504-9871AB69EA04}.Release|ARM.Build.0 = Release|Any CPU
		{494AC66E-98FD-493D-B504-9871AB69EA04}.Release|iPhone.ActiveCfg = Release|Any CPU
		{494AC66E-98FD-493D-B504-9871AB69EA04}.Release|iPhone.Build.0 = Release|Any CPU
		{494AC66E-98FD-493D-B504-9871AB69EA04}.Release|iPhoneSimulator.ActiveCfg = Release|Any CPU
		{494AC66E-98FD-493D-B504-9871AB69EA04}.Release|iPhoneSimulator.Build.0 = Release|Any CPU
		{494AC66E-98FD-493D-B504-9871AB69EA04}.Release|x64.ActiveCfg = Release|Any CPU
		{494AC66E-98FD-493D-B504-9871AB69EA04}.Release|x64.Build.0 = Release|Any CPU
		{494AC66E-98FD-493D-B504-9871AB69EA04}.Release|x86.ActiveCfg = Release|Any CPU
		{494AC66E-98FD-493D-B504-9871AB69EA04}.Release|x86.Build.0 = Release|Any CPU
		{6A849030-93A4-4086-B757-AF4650438B25}.Ad-Hoc|Any CPU.ActiveCfg = Release|Any CPU
		{6A849030-93A4-4086-B757-AF4650438B25}.Ad-Hoc|Any CPU.Build.0 = Release|Any CPU
		{6A849030-93A4-4086-B757-AF4650438B25}.Ad-Hoc|ARM.ActiveCfg = Release|Any CPU
		{6A849030-93A4-4086-B757-AF4650438B25}.Ad-Hoc|ARM.Build.0 = Release|Any CPU
		{6A849030-93A4-4086-B757-AF4650438B25}.Ad-Hoc|iPhone.ActiveCfg = Release|Any CPU
		{6A849030-93A4-4086-B757-AF4650438B25}.Ad-Hoc|iPhone.Build.0 = Release|Any CPU
		{6A849030-93A4-4086-B757-AF4650438B25}.Ad-Hoc|iPhoneSimulator.ActiveCfg = Release|Any CPU
		{6A849030-93A4-4086-B757-AF4650438B25}.Ad-Hoc|iPhoneSimulator.Build.0 = Release|Any CPU
		{6A849030-93A4-4086-B757-AF4650438B25}.Ad-Hoc|x64.ActiveCfg = Release|Any CPU
		{6A849030-93A4-4086-B757-AF4650438B25}.Ad-Hoc|x64.Build.0 = Release|Any CPU
		{6A849030-93A4-4086-B757-AF4650438B25}.Ad-Hoc|x86.ActiveCfg = Release|Any CPU
		{6A849030-93A4-4086-B757-AF4650438B25}.Ad-Hoc|x86.Build.0 = Release|Any CPU
		{6A849030-93A4-4086-B757-AF4650438B25}.AppStore|Any CPU.ActiveCfg = Release|Any CPU
		{6A849030-93A4-4086-B757-AF4650438B25}.AppStore|Any CPU.Build.0 = Release|Any CPU
		{6A849030-93A4-4086-B757-AF4650438B25}.AppStore|ARM.ActiveCfg = Release|Any CPU
		{6A849030-93A4-4086-B757-AF4650438B25}.AppStore|ARM.Build.0 = Release|Any CPU
		{6A849030-93A4-4086-B757-AF4650438B25}.AppStore|iPhone.ActiveCfg = Release|Any CPU
		{6A849030-93A4-4086-B757-AF4650438B25}.AppStore|iPhone.Build.0 = Release|Any CPU
		{6A849030-93A4-4086-B757-AF4650438B25}.AppStore|iPhoneSimulator.ActiveCfg = Release|Any CPU
		{6A849030-93A4-4086-B757-AF4650438B25}.AppStore|iPhoneSimulator.Build.0 = Release|Any CPU
		{6A849030-93A4-4086-B757-AF4650438B25}.AppStore|x64.ActiveCfg = Release|Any CPU
		{6A849030-93A4-4086-B757-AF4650438B25}.AppStore|x64.Build.0 = Release|Any CPU
		{6A849030-93A4-4086-B757-AF4650438B25}.AppStore|x86.ActiveCfg = Release|Any CPU
		{6A849030-93A4-4086-B757-AF4650438B25}.AppStore|x86.Build.0 = Release|Any CPU
		{6A849030-93A4-4086-B757-AF4650438B25}.Debug|Any CPU.ActiveCfg = Debug|Any CPU
		{6A849030-93A4-4086-B757-AF4650438B25}.Debug|Any CPU.Build.0 = Debug|Any CPU
		{6A849030-93A4-4086-B757-AF4650438B25}.Debug|ARM.ActiveCfg = Debug|Any CPU
		{6A849030-93A4-4086-B757-AF4650438B25}.Debug|ARM.Build.0 = Debug|Any CPU
		{6A849030-93A4-4086-B757-AF4650438B25}.Debug|iPhone.ActiveCfg = Debug|Any CPU
		{6A849030-93A4-4086-B757-AF4650438B25}.Debug|iPhone.Build.0 = Debug|Any CPU
		{6A849030-93A4-4086-B757-AF4650438B25}.Debug|iPhoneSimulator.ActiveCfg = Debug|Any CPU
		{6A849030-93A4-4086-B757-AF4650438B25}.Debug|iPhoneSimulator.Build.0 = Debug|Any CPU
		{6A849030-93A4-4086-B757-AF4650438B25}.Debug|x64.ActiveCfg = Debug|Any CPU
		{6A849030-93A4-4086-B757-AF4650438B25}.Debug|x64.Build.0 = Debug|Any CPU
		{6A849030-93A4-4086-B757-AF4650438B25}.Debug|x86.ActiveCfg = Debug|Any CPU
		{6A849030-93A4-4086-B757-AF4650438B25}.Debug|x86.Build.0 = Debug|Any CPU
		{6A849030-93A4-4086-B757-AF4650438B25}.Release|Any CPU.ActiveCfg = Release|Any CPU
		{6A849030-93A4-4086-B757-AF4650438B25}.Release|Any CPU.Build.0 = Release|Any CPU
		{6A849030-93A4-4086-B757-AF4650438B25}.Release|ARM.ActiveCfg = Release|Any CPU
		{6A849030-93A4-4086-B757-AF4650438B25}.Release|ARM.Build.0 = Release|Any CPU
		{6A849030-93A4-4086-B757-AF4650438B25}.Release|iPhone.ActiveCfg = Release|Any CPU
		{6A849030-93A4-4086-B757-AF4650438B25}.Release|iPhone.Build.0 = Release|Any CPU
		{6A849030-93A4-4086-B757-AF4650438B25}.Release|iPhoneSimulator.ActiveCfg = Release|Any CPU
		{6A849030-93A4-4086-B757-AF4650438B25}.Release|iPhoneSimulator.Build.0 = Release|Any CPU
		{6A849030-93A4-4086-B757-AF4650438B25}.Release|x64.ActiveCfg = Release|Any CPU
		{6A849030-93A4-4086-B757-AF4650438B25}.Release|x64.Build.0 = Release|Any CPU
		{6A849030-93A4-4086-B757-AF4650438B25}.Release|x86.ActiveCfg = Release|Any CPU
		{6A849030-93A4-4086-B757-AF4650438B25}.Release|x86.Build.0 = Release|Any CPU
		{D646ED16-B6CF-4D4C-8152-03C9DA4EB639}.Ad-Hoc|Any CPU.ActiveCfg = Debug|Any CPU
		{D646ED16-B6CF-4D4C-8152-03C9DA4EB639}.Ad-Hoc|Any CPU.Build.0 = Debug|Any CPU
		{D646ED16-B6CF-4D4C-8152-03C9DA4EB639}.Ad-Hoc|ARM.ActiveCfg = Debug|Any CPU
		{D646ED16-B6CF-4D4C-8152-03C9DA4EB639}.Ad-Hoc|ARM.Build.0 = Debug|Any CPU
		{D646ED16-B6CF-4D4C-8152-03C9DA4EB639}.Ad-Hoc|iPhone.ActiveCfg = Debug|Any CPU
		{D646ED16-B6CF-4D4C-8152-03C9DA4EB639}.Ad-Hoc|iPhone.Build.0 = Debug|Any CPU
		{D646ED16-B6CF-4D4C-8152-03C9DA4EB639}.Ad-Hoc|iPhoneSimulator.ActiveCfg = Debug|Any CPU
		{D646ED16-B6CF-4D4C-8152-03C9DA4EB639}.Ad-Hoc|iPhoneSimulator.Build.0 = Debug|Any CPU
		{D646ED16-B6CF-4D4C-8152-03C9DA4EB639}.Ad-Hoc|x64.ActiveCfg = Debug|Any CPU
		{D646ED16-B6CF-4D4C-8152-03C9DA4EB639}.Ad-Hoc|x64.Build.0 = Debug|Any CPU
		{D646ED16-B6CF-4D4C-8152-03C9DA4EB639}.Ad-Hoc|x86.ActiveCfg = Debug|Any CPU
		{D646ED16-B6CF-4D4C-8152-03C9DA4EB639}.Ad-Hoc|x86.Build.0 = Debug|Any CPU
		{D646ED16-B6CF-4D4C-8152-03C9DA4EB639}.AppStore|Any CPU.ActiveCfg = Debug|Any CPU
		{D646ED16-B6CF-4D4C-8152-03C9DA4EB639}.AppStore|Any CPU.Build.0 = Debug|Any CPU
		{D646ED16-B6CF-4D4C-8152-03C9DA4EB639}.AppStore|ARM.ActiveCfg = Debug|Any CPU
		{D646ED16-B6CF-4D4C-8152-03C9DA4EB639}.AppStore|ARM.Build.0 = Debug|Any CPU
		{D646ED16-B6CF-4D4C-8152-03C9DA4EB639}.AppStore|iPhone.ActiveCfg = Debug|Any CPU
		{D646ED16-B6CF-4D4C-8152-03C9DA4EB639}.AppStore|iPhone.Build.0 = Debug|Any CPU
		{D646ED16-B6CF-4D4C-8152-03C9DA4EB639}.AppStore|iPhoneSimulator.ActiveCfg = Debug|Any CPU
		{D646ED16-B6CF-4D4C-8152-03C9DA4EB639}.AppStore|iPhoneSimulator.Build.0 = Debug|Any CPU
		{D646ED16-B6CF-4D4C-8152-03C9DA4EB639}.AppStore|x64.ActiveCfg = Debug|Any CPU
		{D646ED16-B6CF-4D4C-8152-03C9DA4EB639}.AppStore|x64.Build.0 = Debug|Any CPU
		{D646ED16-B6CF-4D4C-8152-03C9DA4EB639}.AppStore|x86.ActiveCfg = Debug|Any CPU
		{D646ED16-B6CF-4D4C-8152-03C9DA4EB639}.AppStore|x86.Build.0 = Debug|Any CPU
		{D646ED16-B6CF-4D4C-8152-03C9DA4EB639}.Debug|Any CPU.ActiveCfg = Debug|Any CPU
		{D646ED16-B6CF-4D4C-8152-03C9DA4EB639}.Debug|Any CPU.Build.0 = Debug|Any CPU
		{D646ED16-B6CF-4D4C-8152-03C9DA4EB639}.Debug|ARM.ActiveCfg = Debug|Any CPU
		{D646ED16-B6CF-4D4C-8152-03C9DA4EB639}.Debug|ARM.Build.0 = Debug|Any CPU
		{D646ED16-B6CF-4D4C-8152-03C9DA4EB639}.Debug|iPhone.ActiveCfg = Debug|Any CPU
		{D646ED16-B6CF-4D4C-8152-03C9DA4EB639}.Debug|iPhone.Build.0 = Debug|Any CPU
		{D646ED16-B6CF-4D4C-8152-03C9DA4EB639}.Debug|iPhoneSimulator.ActiveCfg = Debug|Any CPU
		{D646ED16-B6CF-4D4C-8152-03C9DA4EB639}.Debug|iPhoneSimulator.Build.0 = Debug|Any CPU
		{D646ED16-B6CF-4D4C-8152-03C9DA4EB639}.Debug|x64.ActiveCfg = Debug|Any CPU
		{D646ED16-B6CF-4D4C-8152-03C9DA4EB639}.Debug|x64.Build.0 = Debug|Any CPU
		{D646ED16-B6CF-4D4C-8152-03C9DA4EB639}.Debug|x86.ActiveCfg = Debug|Any CPU
		{D646ED16-B6CF-4D4C-8152-03C9DA4EB639}.Debug|x86.Build.0 = Debug|Any CPU
		{D646ED16-B6CF-4D4C-8152-03C9DA4EB639}.Release|Any CPU.ActiveCfg = Release|Any CPU
		{D646ED16-B6CF-4D4C-8152-03C9DA4EB639}.Release|Any CPU.Build.0 = Release|Any CPU
		{D646ED16-B6CF-4D4C-8152-03C9DA4EB639}.Release|ARM.ActiveCfg = Release|Any CPU
		{D646ED16-B6CF-4D4C-8152-03C9DA4EB639}.Release|ARM.Build.0 = Release|Any CPU
		{D646ED16-B6CF-4D4C-8152-03C9DA4EB639}.Release|iPhone.ActiveCfg = Release|Any CPU
		{D646ED16-B6CF-4D4C-8152-03C9DA4EB639}.Release|iPhone.Build.0 = Release|Any CPU
		{D646ED16-B6CF-4D4C-8152-03C9DA4EB639}.Release|iPhoneSimulator.ActiveCfg = Release|Any CPU
		{D646ED16-B6CF-4D4C-8152-03C9DA4EB639}.Release|iPhoneSimulator.Build.0 = Release|Any CPU
		{D646ED16-B6CF-4D4C-8152-03C9DA4EB639}.Release|x64.ActiveCfg = Release|Any CPU
		{D646ED16-B6CF-4D4C-8152-03C9DA4EB639}.Release|x64.Build.0 = Release|Any CPU
		{D646ED16-B6CF-4D4C-8152-03C9DA4EB639}.Release|x86.ActiveCfg = Release|Any CPU
		{D646ED16-B6CF-4D4C-8152-03C9DA4EB639}.Release|x86.Build.0 = Release|Any CPU
		{0DF81D85-3550-472E-B5D2-D3E5DB25A50C}.Ad-Hoc|Any CPU.ActiveCfg = Debug|Any CPU
		{0DF81D85-3550-472E-B5D2-D3E5DB25A50C}.Ad-Hoc|Any CPU.Build.0 = Debug|Any CPU
		{0DF81D85-3550-472E-B5D2-D3E5DB25A50C}.Ad-Hoc|Any CPU.Deploy.0 = Debug|Any CPU
		{0DF81D85-3550-472E-B5D2-D3E5DB25A50C}.Ad-Hoc|ARM.ActiveCfg = Debug|Any CPU
		{0DF81D85-3550-472E-B5D2-D3E5DB25A50C}.Ad-Hoc|ARM.Build.0 = Debug|Any CPU
		{0DF81D85-3550-472E-B5D2-D3E5DB25A50C}.Ad-Hoc|ARM.Deploy.0 = Debug|Any CPU
		{0DF81D85-3550-472E-B5D2-D3E5DB25A50C}.Ad-Hoc|iPhone.ActiveCfg = Debug|Any CPU
		{0DF81D85-3550-472E-B5D2-D3E5DB25A50C}.Ad-Hoc|iPhone.Build.0 = Debug|Any CPU
		{0DF81D85-3550-472E-B5D2-D3E5DB25A50C}.Ad-Hoc|iPhone.Deploy.0 = Debug|Any CPU
		{0DF81D85-3550-472E-B5D2-D3E5DB25A50C}.Ad-Hoc|iPhoneSimulator.ActiveCfg = Debug|Any CPU
		{0DF81D85-3550-472E-B5D2-D3E5DB25A50C}.Ad-Hoc|iPhoneSimulator.Build.0 = Debug|Any CPU
		{0DF81D85-3550-472E-B5D2-D3E5DB25A50C}.Ad-Hoc|iPhoneSimulator.Deploy.0 = Debug|Any CPU
		{0DF81D85-3550-472E-B5D2-D3E5DB25A50C}.Ad-Hoc|x64.ActiveCfg = Debug|Any CPU
		{0DF81D85-3550-472E-B5D2-D3E5DB25A50C}.Ad-Hoc|x64.Build.0 = Debug|Any CPU
		{0DF81D85-3550-472E-B5D2-D3E5DB25A50C}.Ad-Hoc|x64.Deploy.0 = Debug|Any CPU
		{0DF81D85-3550-472E-B5D2-D3E5DB25A50C}.Ad-Hoc|x86.ActiveCfg = Debug|Any CPU
		{0DF81D85-3550-472E-B5D2-D3E5DB25A50C}.Ad-Hoc|x86.Build.0 = Debug|Any CPU
		{0DF81D85-3550-472E-B5D2-D3E5DB25A50C}.Ad-Hoc|x86.Deploy.0 = Debug|Any CPU
		{0DF81D85-3550-472E-B5D2-D3E5DB25A50C}.AppStore|Any CPU.ActiveCfg = Debug|Any CPU
		{0DF81D85-3550-472E-B5D2-D3E5DB25A50C}.AppStore|Any CPU.Build.0 = Debug|Any CPU
		{0DF81D85-3550-472E-B5D2-D3E5DB25A50C}.AppStore|Any CPU.Deploy.0 = Debug|Any CPU
		{0DF81D85-3550-472E-B5D2-D3E5DB25A50C}.AppStore|ARM.ActiveCfg = Debug|Any CPU
		{0DF81D85-3550-472E-B5D2-D3E5DB25A50C}.AppStore|ARM.Build.0 = Debug|Any CPU
		{0DF81D85-3550-472E-B5D2-D3E5DB25A50C}.AppStore|ARM.Deploy.0 = Debug|Any CPU
		{0DF81D85-3550-472E-B5D2-D3E5DB25A50C}.AppStore|iPhone.ActiveCfg = Debug|Any CPU
		{0DF81D85-3550-472E-B5D2-D3E5DB25A50C}.AppStore|iPhone.Build.0 = Debug|Any CPU
		{0DF81D85-3550-472E-B5D2-D3E5DB25A50C}.AppStore|iPhone.Deploy.0 = Debug|Any CPU
		{0DF81D85-3550-472E-B5D2-D3E5DB25A50C}.AppStore|iPhoneSimulator.ActiveCfg = Debug|Any CPU
		{0DF81D85-3550-472E-B5D2-D3E5DB25A50C}.AppStore|iPhoneSimulator.Build.0 = Debug|Any CPU
		{0DF81D85-3550-472E-B5D2-D3E5DB25A50C}.AppStore|iPhoneSimulator.Deploy.0 = Debug|Any CPU
		{0DF81D85-3550-472E-B5D2-D3E5DB25A50C}.AppStore|x64.ActiveCfg = Debug|Any CPU
		{0DF81D85-3550-472E-B5D2-D3E5DB25A50C}.AppStore|x64.Build.0 = Debug|Any CPU
		{0DF81D85-3550-472E-B5D2-D3E5DB25A50C}.AppStore|x64.Deploy.0 = Debug|Any CPU
		{0DF81D85-3550-472E-B5D2-D3E5DB25A50C}.AppStore|x86.ActiveCfg = Debug|Any CPU
		{0DF81D85-3550-472E-B5D2-D3E5DB25A50C}.AppStore|x86.Build.0 = Debug|Any CPU
		{0DF81D85-3550-472E-B5D2-D3E5DB25A50C}.AppStore|x86.Deploy.0 = Debug|Any CPU
		{0DF81D85-3550-472E-B5D2-D3E5DB25A50C}.Debug|Any CPU.ActiveCfg = Debug|Any CPU
		{0DF81D85-3550-472E-B5D2-D3E5DB25A50C}.Debug|Any CPU.Build.0 = Debug|Any CPU
		{0DF81D85-3550-472E-B5D2-D3E5DB25A50C}.Debug|Any CPU.Deploy.0 = Debug|Any CPU
		{0DF81D85-3550-472E-B5D2-D3E5DB25A50C}.Debug|ARM.ActiveCfg = Debug|Any CPU
		{0DF81D85-3550-472E-B5D2-D3E5DB25A50C}.Debug|ARM.Build.0 = Debug|Any CPU
		{0DF81D85-3550-472E-B5D2-D3E5DB25A50C}.Debug|ARM.Deploy.0 = Debug|Any CPU
		{0DF81D85-3550-472E-B5D2-D3E5DB25A50C}.Debug|iPhone.ActiveCfg = Debug|Any CPU
		{0DF81D85-3550-472E-B5D2-D3E5DB25A50C}.Debug|iPhone.Build.0 = Debug|Any CPU
		{0DF81D85-3550-472E-B5D2-D3E5DB25A50C}.Debug|iPhone.Deploy.0 = Debug|Any CPU
		{0DF81D85-3550-472E-B5D2-D3E5DB25A50C}.Debug|iPhoneSimulator.ActiveCfg = Debug|Any CPU
		{0DF81D85-3550-472E-B5D2-D3E5DB25A50C}.Debug|iPhoneSimulator.Build.0 = Debug|Any CPU
		{0DF81D85-3550-472E-B5D2-D3E5DB25A50C}.Debug|iPhoneSimulator.Deploy.0 = Debug|Any CPU
		{0DF81D85-3550-472E-B5D2-D3E5DB25A50C}.Debug|x64.ActiveCfg = Debug|Any CPU
		{0DF81D85-3550-472E-B5D2-D3E5DB25A50C}.Debug|x64.Build.0 = Debug|Any CPU
		{0DF81D85-3550-472E-B5D2-D3E5DB25A50C}.Debug|x64.Deploy.0 = Debug|Any CPU
		{0DF81D85-3550-472E-B5D2-D3E5DB25A50C}.Debug|x86.ActiveCfg = Debug|Any CPU
		{0DF81D85-3550-472E-B5D2-D3E5DB25A50C}.Debug|x86.Build.0 = Debug|Any CPU
		{0DF81D85-3550-472E-B5D2-D3E5DB25A50C}.Debug|x86.Deploy.0 = Debug|Any CPU
		{0DF81D85-3550-472E-B5D2-D3E5DB25A50C}.Release|Any CPU.ActiveCfg = Release|Any CPU
		{0DF81D85-3550-472E-B5D2-D3E5DB25A50C}.Release|Any CPU.Build.0 = Release|Any CPU
		{0DF81D85-3550-472E-B5D2-D3E5DB25A50C}.Release|Any CPU.Deploy.0 = Release|Any CPU
		{0DF81D85-3550-472E-B5D2-D3E5DB25A50C}.Release|ARM.ActiveCfg = Release|Any CPU
		{0DF81D85-3550-472E-B5D2-D3E5DB25A50C}.Release|ARM.Build.0 = Release|Any CPU
		{0DF81D85-3550-472E-B5D2-D3E5DB25A50C}.Release|ARM.Deploy.0 = Release|Any CPU
		{0DF81D85-3550-472E-B5D2-D3E5DB25A50C}.Release|iPhone.ActiveCfg = Release|Any CPU
		{0DF81D85-3550-472E-B5D2-D3E5DB25A50C}.Release|iPhone.Build.0 = Release|Any CPU
		{0DF81D85-3550-472E-B5D2-D3E5DB25A50C}.Release|iPhone.Deploy.0 = Release|Any CPU
		{0DF81D85-3550-472E-B5D2-D3E5DB25A50C}.Release|iPhoneSimulator.ActiveCfg = Release|Any CPU
		{0DF81D85-3550-472E-B5D2-D3E5DB25A50C}.Release|iPhoneSimulator.Build.0 = Release|Any CPU
		{0DF81D85-3550-472E-B5D2-D3E5DB25A50C}.Release|iPhoneSimulator.Deploy.0 = Release|Any CPU
		{0DF81D85-3550-472E-B5D2-D3E5DB25A50C}.Release|x64.ActiveCfg = Release|Any CPU
		{0DF81D85-3550-472E-B5D2-D3E5DB25A50C}.Release|x64.Build.0 = Release|Any CPU
		{0DF81D85-3550-472E-B5D2-D3E5DB25A50C}.Release|x64.Deploy.0 = Release|Any CPU
		{0DF81D85-3550-472E-B5D2-D3E5DB25A50C}.Release|x86.ActiveCfg = Release|Any CPU
		{0DF81D85-3550-472E-B5D2-D3E5DB25A50C}.Release|x86.Build.0 = Release|Any CPU
		{0DF81D85-3550-472E-B5D2-D3E5DB25A50C}.Release|x86.Deploy.0 = Release|Any CPU
		{C98B2B58-9467-49D6-B843-9D091086B859}.Ad-Hoc|Any CPU.ActiveCfg = Ad-Hoc|iPhoneSimulator
		{C98B2B58-9467-49D6-B843-9D091086B859}.Ad-Hoc|ARM.ActiveCfg = Ad-Hoc|iPhoneSimulator
		{C98B2B58-9467-49D6-B843-9D091086B859}.Ad-Hoc|iPhone.ActiveCfg = Ad-Hoc|iPhone
		{C98B2B58-9467-49D6-B843-9D091086B859}.Ad-Hoc|iPhone.Build.0 = Ad-Hoc|iPhone
		{C98B2B58-9467-49D6-B843-9D091086B859}.Ad-Hoc|iPhoneSimulator.ActiveCfg = Ad-Hoc|iPhoneSimulator
		{C98B2B58-9467-49D6-B843-9D091086B859}.Ad-Hoc|iPhoneSimulator.Build.0 = Ad-Hoc|iPhoneSimulator
		{C98B2B58-9467-49D6-B843-9D091086B859}.Ad-Hoc|x64.ActiveCfg = Ad-Hoc|iPhoneSimulator
		{C98B2B58-9467-49D6-B843-9D091086B859}.Ad-Hoc|x86.ActiveCfg = Ad-Hoc|iPhoneSimulator
		{C98B2B58-9467-49D6-B843-9D091086B859}.AppStore|Any CPU.ActiveCfg = AppStore|iPhoneSimulator
		{C98B2B58-9467-49D6-B843-9D091086B859}.AppStore|ARM.ActiveCfg = AppStore|iPhoneSimulator
		{C98B2B58-9467-49D6-B843-9D091086B859}.AppStore|iPhone.ActiveCfg = AppStore|iPhone
		{C98B2B58-9467-49D6-B843-9D091086B859}.AppStore|iPhone.Build.0 = AppStore|iPhone
		{C98B2B58-9467-49D6-B843-9D091086B859}.AppStore|iPhoneSimulator.ActiveCfg = AppStore|iPhoneSimulator
		{C98B2B58-9467-49D6-B843-9D091086B859}.AppStore|iPhoneSimulator.Build.0 = AppStore|iPhoneSimulator
		{C98B2B58-9467-49D6-B843-9D091086B859}.AppStore|x64.ActiveCfg = AppStore|iPhoneSimulator
		{C98B2B58-9467-49D6-B843-9D091086B859}.AppStore|x86.ActiveCfg = AppStore|iPhoneSimulator
		{C98B2B58-9467-49D6-B843-9D091086B859}.Debug|Any CPU.ActiveCfg = Debug|iPhoneSimulator
		{C98B2B58-9467-49D6-B843-9D091086B859}.Debug|ARM.ActiveCfg = Debug|iPhoneSimulator
		{C98B2B58-9467-49D6-B843-9D091086B859}.Debug|iPhone.ActiveCfg = Debug|iPhone
		{C98B2B58-9467-49D6-B843-9D091086B859}.Debug|iPhone.Build.0 = Debug|iPhone
		{C98B2B58-9467-49D6-B843-9D091086B859}.Debug|iPhoneSimulator.ActiveCfg = Debug|iPhoneSimulator
		{C98B2B58-9467-49D6-B843-9D091086B859}.Debug|iPhoneSimulator.Build.0 = Debug|iPhoneSimulator
		{C98B2B58-9467-49D6-B843-9D091086B859}.Debug|x64.ActiveCfg = Debug|iPhoneSimulator
		{C98B2B58-9467-49D6-B843-9D091086B859}.Debug|x86.ActiveCfg = Debug|iPhoneSimulator
		{C98B2B58-9467-49D6-B843-9D091086B859}.Release|Any CPU.ActiveCfg = Release|iPhoneSimulator
		{C98B2B58-9467-49D6-B843-9D091086B859}.Release|ARM.ActiveCfg = Release|iPhoneSimulator
		{C98B2B58-9467-49D6-B843-9D091086B859}.Release|iPhone.ActiveCfg = Release|iPhone
		{C98B2B58-9467-49D6-B843-9D091086B859}.Release|iPhone.Build.0 = Release|iPhone
		{C98B2B58-9467-49D6-B843-9D091086B859}.Release|iPhoneSimulator.ActiveCfg = Release|iPhoneSimulator
		{C98B2B58-9467-49D6-B843-9D091086B859}.Release|iPhoneSimulator.Build.0 = Release|iPhoneSimulator
		{C98B2B58-9467-49D6-B843-9D091086B859}.Release|x64.ActiveCfg = Release|iPhoneSimulator
		{C98B2B58-9467-49D6-B843-9D091086B859}.Release|x86.ActiveCfg = Release|iPhoneSimulator
		{EEC8C758-0853-4922-803C-5088AE59B701}.Ad-Hoc|Any CPU.ActiveCfg = Debug|ARM
		{EEC8C758-0853-4922-803C-5088AE59B701}.Ad-Hoc|Any CPU.Build.0 = Debug|ARM
		{EEC8C758-0853-4922-803C-5088AE59B701}.Ad-Hoc|Any CPU.Deploy.0 = Debug|ARM
		{EEC8C758-0853-4922-803C-5088AE59B701}.Ad-Hoc|ARM.ActiveCfg = Debug|ARM
		{EEC8C758-0853-4922-803C-5088AE59B701}.Ad-Hoc|ARM.Build.0 = Debug|ARM
		{EEC8C758-0853-4922-803C-5088AE59B701}.Ad-Hoc|ARM.Deploy.0 = Debug|ARM
		{EEC8C758-0853-4922-803C-5088AE59B701}.Ad-Hoc|iPhone.ActiveCfg = Debug|ARM
		{EEC8C758-0853-4922-803C-5088AE59B701}.Ad-Hoc|iPhone.Build.0 = Debug|ARM
		{EEC8C758-0853-4922-803C-5088AE59B701}.Ad-Hoc|iPhone.Deploy.0 = Debug|ARM
		{EEC8C758-0853-4922-803C-5088AE59B701}.Ad-Hoc|iPhoneSimulator.ActiveCfg = Debug|ARM
		{EEC8C758-0853-4922-803C-5088AE59B701}.Ad-Hoc|iPhoneSimulator.Build.0 = Debug|ARM
		{EEC8C758-0853-4922-803C-5088AE59B701}.Ad-Hoc|iPhoneSimulator.Deploy.0 = Debug|ARM
		{EEC8C758-0853-4922-803C-5088AE59B701}.Ad-Hoc|x64.ActiveCfg = Debug|x64
		{EEC8C758-0853-4922-803C-5088AE59B701}.Ad-Hoc|x64.Build.0 = Debug|x64
		{EEC8C758-0853-4922-803C-5088AE59B701}.Ad-Hoc|x64.Deploy.0 = Debug|x64
		{EEC8C758-0853-4922-803C-5088AE59B701}.Ad-Hoc|x86.ActiveCfg = Debug|x86
		{EEC8C758-0853-4922-803C-5088AE59B701}.Ad-Hoc|x86.Build.0 = Debug|x86
		{EEC8C758-0853-4922-803C-5088AE59B701}.Ad-Hoc|x86.Deploy.0 = Debug|x86
		{EEC8C758-0853-4922-803C-5088AE59B701}.AppStore|Any CPU.ActiveCfg = Debug|ARM
		{EEC8C758-0853-4922-803C-5088AE59B701}.AppStore|Any CPU.Build.0 = Debug|ARM
		{EEC8C758-0853-4922-803C-5088AE59B701}.AppStore|Any CPU.Deploy.0 = Debug|ARM
		{EEC8C758-0853-4922-803C-5088AE59B701}.AppStore|ARM.ActiveCfg = Debug|ARM
		{EEC8C758-0853-4922-803C-5088AE59B701}.AppStore|ARM.Build.0 = Debug|ARM
		{EEC8C758-0853-4922-803C-5088AE59B701}.AppStore|ARM.Deploy.0 = Debug|ARM
		{EEC8C758-0853-4922-803C-5088AE59B701}.AppStore|iPhone.ActiveCfg = Debug|ARM
		{EEC8C758-0853-4922-803C-5088AE59B701}.AppStore|iPhone.Build.0 = Debug|ARM
		{EEC8C758-0853-4922-803C-5088AE59B701}.AppStore|iPhone.Deploy.0 = Debug|ARM
		{EEC8C758-0853-4922-803C-5088AE59B701}.AppStore|iPhoneSimulator.ActiveCfg = Debug|ARM
		{EEC8C758-0853-4922-803C-5088AE59B701}.AppStore|iPhoneSimulator.Build.0 = Debug|ARM
		{EEC8C758-0853-4922-803C-5088AE59B701}.AppStore|iPhoneSimulator.Deploy.0 = Debug|ARM
		{EEC8C758-0853-4922-803C-5088AE59B701}.AppStore|x64.ActiveCfg = Debug|x64
		{EEC8C758-0853-4922-803C-5088AE59B701}.AppStore|x64.Build.0 = Debug|x64
		{EEC8C758-0853-4922-803C-5088AE59B701}.AppStore|x64.Deploy.0 = Debug|x64
		{EEC8C758-0853-4922-803C-5088AE59B701}.AppStore|x86.ActiveCfg = Debug|x86
		{EEC8C758-0853-4922-803C-5088AE59B701}.AppStore|x86.Build.0 = Debug|x86
		{EEC8C758-0853-4922-803C-5088AE59B701}.AppStore|x86.Deploy.0 = Debug|x86
		{EEC8C758-0853-4922-803C-5088AE59B701}.Debug|Any CPU.ActiveCfg = Debug|x86
		{EEC8C758-0853-4922-803C-5088AE59B701}.Debug|Any CPU.Build.0 = Debug|x86
		{EEC8C758-0853-4922-803C-5088AE59B701}.Debug|Any CPU.Deploy.0 = Debug|x86
		{EEC8C758-0853-4922-803C-5088AE59B701}.Debug|ARM.ActiveCfg = Debug|ARM
		{EEC8C758-0853-4922-803C-5088AE59B701}.Debug|ARM.Build.0 = Debug|ARM
		{EEC8C758-0853-4922-803C-5088AE59B701}.Debug|ARM.Deploy.0 = Debug|ARM
		{EEC8C758-0853-4922-803C-5088AE59B701}.Debug|iPhone.ActiveCfg = Debug|x86
		{EEC8C758-0853-4922-803C-5088AE59B701}.Debug|iPhoneSimulator.ActiveCfg = Debug|x86
		{EEC8C758-0853-4922-803C-5088AE59B701}.Debug|x64.ActiveCfg = Debug|x64
		{EEC8C758-0853-4922-803C-5088AE59B701}.Debug|x64.Build.0 = Debug|x64
		{EEC8C758-0853-4922-803C-5088AE59B701}.Debug|x64.Deploy.0 = Debug|x64
		{EEC8C758-0853-4922-803C-5088AE59B701}.Debug|x86.ActiveCfg = Debug|x86
		{EEC8C758-0853-4922-803C-5088AE59B701}.Debug|x86.Build.0 = Debug|x86
		{EEC8C758-0853-4922-803C-5088AE59B701}.Debug|x86.Deploy.0 = Debug|x86
		{EEC8C758-0853-4922-803C-5088AE59B701}.Release|Any CPU.ActiveCfg = Release|x86
		{EEC8C758-0853-4922-803C-5088AE59B701}.Release|ARM.ActiveCfg = Release|ARM
		{EEC8C758-0853-4922-803C-5088AE59B701}.Release|ARM.Build.0 = Release|ARM
		{EEC8C758-0853-4922-803C-5088AE59B701}.Release|ARM.Deploy.0 = Release|ARM
		{EEC8C758-0853-4922-803C-5088AE59B701}.Release|iPhone.ActiveCfg = Release|x86
		{EEC8C758-0853-4922-803C-5088AE59B701}.Release|iPhoneSimulator.ActiveCfg = Release|x86
		{EEC8C758-0853-4922-803C-5088AE59B701}.Release|x64.ActiveCfg = Release|x64
		{EEC8C758-0853-4922-803C-5088AE59B701}.Release|x64.Build.0 = Release|x64
		{EEC8C758-0853-4922-803C-5088AE59B701}.Release|x64.Deploy.0 = Release|x64
		{EEC8C758-0853-4922-803C-5088AE59B701}.Release|x86.ActiveCfg = Release|x86
		{EEC8C758-0853-4922-803C-5088AE59B701}.Release|x86.Build.0 = Release|x86
		{EEC8C758-0853-4922-803C-5088AE59B701}.Release|x86.Deploy.0 = Release|x86
		{80145C46-B516-4442-A91F-B8104A96164B}.Ad-Hoc|Any CPU.ActiveCfg = Debug|Any CPU
		{80145C46-B516-4442-A91F-B8104A96164B}.Ad-Hoc|Any CPU.Build.0 = Debug|Any CPU
		{80145C46-B516-4442-A91F-B8104A96164B}.Ad-Hoc|ARM.ActiveCfg = Debug|Any CPU
		{80145C46-B516-4442-A91F-B8104A96164B}.Ad-Hoc|ARM.Build.0 = Debug|Any CPU
		{80145C46-B516-4442-A91F-B8104A96164B}.Ad-Hoc|iPhone.ActiveCfg = Debug|Any CPU
		{80145C46-B516-4442-A91F-B8104A96164B}.Ad-Hoc|iPhone.Build.0 = Debug|Any CPU
		{80145C46-B516-4442-A91F-B8104A96164B}.Ad-Hoc|iPhoneSimulator.ActiveCfg = Debug|Any CPU
		{80145C46-B516-4442-A91F-B8104A96164B}.Ad-Hoc|iPhoneSimulator.Build.0 = Debug|Any CPU
		{80145C46-B516-4442-A91F-B8104A96164B}.Ad-Hoc|x64.ActiveCfg = Debug|Any CPU
		{80145C46-B516-4442-A91F-B8104A96164B}.Ad-Hoc|x64.Build.0 = Debug|Any CPU
		{80145C46-B516-4442-A91F-B8104A96164B}.Ad-Hoc|x86.ActiveCfg = Debug|Any CPU
		{80145C46-B516-4442-A91F-B8104A96164B}.Ad-Hoc|x86.Build.0 = Debug|Any CPU
		{80145C46-B516-4442-A91F-B8104A96164B}.AppStore|Any CPU.ActiveCfg = Debug|Any CPU
		{80145C46-B516-4442-A91F-B8104A96164B}.AppStore|Any CPU.Build.0 = Debug|Any CPU
		{80145C46-B516-4442-A91F-B8104A96164B}.AppStore|ARM.ActiveCfg = Debug|Any CPU
		{80145C46-B516-4442-A91F-B8104A96164B}.AppStore|ARM.Build.0 = Debug|Any CPU
		{80145C46-B516-4442-A91F-B8104A96164B}.AppStore|iPhone.ActiveCfg = Debug|Any CPU
		{80145C46-B516-4442-A91F-B8104A96164B}.AppStore|iPhone.Build.0 = Debug|Any CPU
		{80145C46-B516-4442-A91F-B8104A96164B}.AppStore|iPhoneSimulator.ActiveCfg = Debug|Any CPU
		{80145C46-B516-4442-A91F-B8104A96164B}.AppStore|iPhoneSimulator.Build.0 = Debug|Any CPU
		{80145C46-B516-4442-A91F-B8104A96164B}.AppStore|x64.ActiveCfg = Debug|Any CPU
		{80145C46-B516-4442-A91F-B8104A96164B}.AppStore|x64.Build.0 = Debug|Any CPU
		{80145C46-B516-4442-A91F-B8104A96164B}.AppStore|x86.ActiveCfg = Debug|Any CPU
		{80145C46-B516-4442-A91F-B8104A96164B}.AppStore|x86.Build.0 = Debug|Any CPU
		{80145C46-B516-4442-A91F-B8104A96164B}.Debug|Any CPU.ActiveCfg = Debug|Any CPU
		{80145C46-B516-4442-A91F-B8104A96164B}.Debug|Any CPU.Build.0 = Debug|Any CPU
		{80145C46-B516-4442-A91F-B8104A96164B}.Debug|ARM.ActiveCfg = Debug|Any CPU
		{80145C46-B516-4442-A91F-B8104A96164B}.Debug|ARM.Build.0 = Debug|Any CPU
		{80145C46-B516-4442-A91F-B8104A96164B}.Debug|iPhone.ActiveCfg = Debug|Any CPU
		{80145C46-B516-4442-A91F-B8104A96164B}.Debug|iPhone.Build.0 = Debug|Any CPU
		{80145C46-B516-4442-A91F-B8104A96164B}.Debug|iPhoneSimulator.ActiveCfg = Debug|Any CPU
		{80145C46-B516-4442-A91F-B8104A96164B}.Debug|iPhoneSimulator.Build.0 = Debug|Any CPU
		{80145C46-B516-4442-A91F-B8104A96164B}.Debug|x64.ActiveCfg = Debug|Any CPU
		{80145C46-B516-4442-A91F-B8104A96164B}.Debug|x64.Build.0 = Debug|Any CPU
		{80145C46-B516-4442-A91F-B8104A96164B}.Debug|x86.ActiveCfg = Debug|Any CPU
		{80145C46-B516-4442-A91F-B8104A96164B}.Debug|x86.Build.0 = Debug|Any CPU
		{80145C46-B516-4442-A91F-B8104A96164B}.Release|Any CPU.ActiveCfg = Release|Any CPU
		{80145C46-B516-4442-A91F-B8104A96164B}.Release|Any CPU.Build.0 = Release|Any CPU
		{80145C46-B516-4442-A91F-B8104A96164B}.Release|ARM.ActiveCfg = Release|Any CPU
		{80145C46-B516-4442-A91F-B8104A96164B}.Release|ARM.Build.0 = Release|Any CPU
		{80145C46-B516-4442-A91F-B8104A96164B}.Release|iPhone.ActiveCfg = Release|Any CPU
		{80145C46-B516-4442-A91F-B8104A96164B}.Release|iPhone.Build.0 = Release|Any CPU
		{80145C46-B516-4442-A91F-B8104A96164B}.Release|iPhoneSimulator.ActiveCfg = Release|Any CPU
		{80145C46-B516-4442-A91F-B8104A96164B}.Release|iPhoneSimulator.Build.0 = Release|Any CPU
		{80145C46-B516-4442-A91F-B8104A96164B}.Release|x64.ActiveCfg = Release|Any CPU
		{80145C46-B516-4442-A91F-B8104A96164B}.Release|x64.Build.0 = Release|Any CPU
		{80145C46-B516-4442-A91F-B8104A96164B}.Release|x86.ActiveCfg = Release|Any CPU
		{80145C46-B516-4442-A91F-B8104A96164B}.Release|x86.Build.0 = Release|Any CPU
		{38D0250B-D436-4DB8-BDA2-C177D6144FBC}.Ad-Hoc|Any CPU.ActiveCfg = Debug|Any CPU
		{38D0250B-D436-4DB8-BDA2-C177D6144FBC}.Ad-Hoc|Any CPU.Build.0 = Debug|Any CPU
		{38D0250B-D436-4DB8-BDA2-C177D6144FBC}.Ad-Hoc|ARM.ActiveCfg = Debug|Any CPU
		{38D0250B-D436-4DB8-BDA2-C177D6144FBC}.Ad-Hoc|ARM.Build.0 = Debug|Any CPU
		{38D0250B-D436-4DB8-BDA2-C177D6144FBC}.Ad-Hoc|iPhone.ActiveCfg = Debug|Any CPU
		{38D0250B-D436-4DB8-BDA2-C177D6144FBC}.Ad-Hoc|iPhone.Build.0 = Debug|Any CPU
		{38D0250B-D436-4DB8-BDA2-C177D6144FBC}.Ad-Hoc|iPhoneSimulator.ActiveCfg = Debug|Any CPU
		{38D0250B-D436-4DB8-BDA2-C177D6144FBC}.Ad-Hoc|iPhoneSimulator.Build.0 = Debug|Any CPU
		{38D0250B-D436-4DB8-BDA2-C177D6144FBC}.Ad-Hoc|x64.ActiveCfg = Debug|Any CPU
		{38D0250B-D436-4DB8-BDA2-C177D6144FBC}.Ad-Hoc|x64.Build.0 = Debug|Any CPU
		{38D0250B-D436-4DB8-BDA2-C177D6144FBC}.Ad-Hoc|x86.ActiveCfg = Debug|Any CPU
		{38D0250B-D436-4DB8-BDA2-C177D6144FBC}.Ad-Hoc|x86.Build.0 = Debug|Any CPU
		{38D0250B-D436-4DB8-BDA2-C177D6144FBC}.AppStore|Any CPU.ActiveCfg = Debug|Any CPU
		{38D0250B-D436-4DB8-BDA2-C177D6144FBC}.AppStore|Any CPU.Build.0 = Debug|Any CPU
		{38D0250B-D436-4DB8-BDA2-C177D6144FBC}.AppStore|ARM.ActiveCfg = Debug|Any CPU
		{38D0250B-D436-4DB8-BDA2-C177D6144FBC}.AppStore|ARM.Build.0 = Debug|Any CPU
		{38D0250B-D436-4DB8-BDA2-C177D6144FBC}.AppStore|iPhone.ActiveCfg = Debug|Any CPU
		{38D0250B-D436-4DB8-BDA2-C177D6144FBC}.AppStore|iPhone.Build.0 = Debug|Any CPU
		{38D0250B-D436-4DB8-BDA2-C177D6144FBC}.AppStore|iPhoneSimulator.ActiveCfg = Debug|Any CPU
		{38D0250B-D436-4DB8-BDA2-C177D6144FBC}.AppStore|iPhoneSimulator.Build.0 = Debug|Any CPU
		{38D0250B-D436-4DB8-BDA2-C177D6144FBC}.AppStore|x64.ActiveCfg = Debug|Any CPU
		{38D0250B-D436-4DB8-BDA2-C177D6144FBC}.AppStore|x64.Build.0 = Debug|Any CPU
		{38D0250B-D436-4DB8-BDA2-C177D6144FBC}.AppStore|x86.ActiveCfg = Debug|Any CPU
		{38D0250B-D436-4DB8-BDA2-C177D6144FBC}.AppStore|x86.Build.0 = Debug|Any CPU
		{38D0250B-D436-4DB8-BDA2-C177D6144FBC}.Debug|Any CPU.ActiveCfg = Debug|Any CPU
		{38D0250B-D436-4DB8-BDA2-C177D6144FBC}.Debug|Any CPU.Build.0 = Debug|Any CPU
		{38D0250B-D436-4DB8-BDA2-C177D6144FBC}.Debug|ARM.ActiveCfg = Debug|Any CPU
		{38D0250B-D436-4DB8-BDA2-C177D6144FBC}.Debug|ARM.Build.0 = Debug|Any CPU
		{38D0250B-D436-4DB8-BDA2-C177D6144FBC}.Debug|iPhone.ActiveCfg = Debug|Any CPU
		{38D0250B-D436-4DB8-BDA2-C177D6144FBC}.Debug|iPhone.Build.0 = Debug|Any CPU
		{38D0250B-D436-4DB8-BDA2-C177D6144FBC}.Debug|iPhoneSimulator.ActiveCfg = Debug|Any CPU
		{38D0250B-D436-4DB8-BDA2-C177D6144FBC}.Debug|iPhoneSimulator.Build.0 = Debug|Any CPU
		{38D0250B-D436-4DB8-BDA2-C177D6144FBC}.Debug|x64.ActiveCfg = Debug|Any CPU
		{38D0250B-D436-4DB8-BDA2-C177D6144FBC}.Debug|x64.Build.0 = Debug|Any CPU
		{38D0250B-D436-4DB8-BDA2-C177D6144FBC}.Debug|x86.ActiveCfg = Debug|Any CPU
		{38D0250B-D436-4DB8-BDA2-C177D6144FBC}.Debug|x86.Build.0 = Debug|Any CPU
		{38D0250B-D436-4DB8-BDA2-C177D6144FBC}.Release|Any CPU.ActiveCfg = Release|Any CPU
		{38D0250B-D436-4DB8-BDA2-C177D6144FBC}.Release|Any CPU.Build.0 = Release|Any CPU
		{38D0250B-D436-4DB8-BDA2-C177D6144FBC}.Release|ARM.ActiveCfg = Release|Any CPU
		{38D0250B-D436-4DB8-BDA2-C177D6144FBC}.Release|ARM.Build.0 = Release|Any CPU
		{38D0250B-D436-4DB8-BDA2-C177D6144FBC}.Release|iPhone.ActiveCfg = Release|Any CPU
		{38D0250B-D436-4DB8-BDA2-C177D6144FBC}.Release|iPhone.Build.0 = Release|Any CPU
		{38D0250B-D436-4DB8-BDA2-C177D6144FBC}.Release|iPhoneSimulator.ActiveCfg = Release|Any CPU
		{38D0250B-D436-4DB8-BDA2-C177D6144FBC}.Release|iPhoneSimulator.Build.0 = Release|Any CPU
		{38D0250B-D436-4DB8-BDA2-C177D6144FBC}.Release|x64.ActiveCfg = Release|Any CPU
		{38D0250B-D436-4DB8-BDA2-C177D6144FBC}.Release|x64.Build.0 = Release|Any CPU
		{38D0250B-D436-4DB8-BDA2-C177D6144FBC}.Release|x86.ActiveCfg = Release|Any CPU
		{38D0250B-D436-4DB8-BDA2-C177D6144FBC}.Release|x86.Build.0 = Release|Any CPU
		{E85B3BDB-7157-433C-ABC0-78C9B7A209AB}.Ad-Hoc|Any CPU.ActiveCfg = Debug|Any CPU
		{E85B3BDB-7157-433C-ABC0-78C9B7A209AB}.Ad-Hoc|Any CPU.Build.0 = Debug|Any CPU
		{E85B3BDB-7157-433C-ABC0-78C9B7A209AB}.Ad-Hoc|ARM.ActiveCfg = Debug|Any CPU
		{E85B3BDB-7157-433C-ABC0-78C9B7A209AB}.Ad-Hoc|ARM.Build.0 = Debug|Any CPU
		{E85B3BDB-7157-433C-ABC0-78C9B7A209AB}.Ad-Hoc|iPhone.ActiveCfg = Debug|Any CPU
		{E85B3BDB-7157-433C-ABC0-78C9B7A209AB}.Ad-Hoc|iPhone.Build.0 = Debug|Any CPU
		{E85B3BDB-7157-433C-ABC0-78C9B7A209AB}.Ad-Hoc|iPhoneSimulator.ActiveCfg = Debug|Any CPU
		{E85B3BDB-7157-433C-ABC0-78C9B7A209AB}.Ad-Hoc|iPhoneSimulator.Build.0 = Debug|Any CPU
		{E85B3BDB-7157-433C-ABC0-78C9B7A209AB}.Ad-Hoc|x64.ActiveCfg = Debug|Any CPU
		{E85B3BDB-7157-433C-ABC0-78C9B7A209AB}.Ad-Hoc|x64.Build.0 = Debug|Any CPU
		{E85B3BDB-7157-433C-ABC0-78C9B7A209AB}.Ad-Hoc|x86.ActiveCfg = Debug|Any CPU
		{E85B3BDB-7157-433C-ABC0-78C9B7A209AB}.Ad-Hoc|x86.Build.0 = Debug|Any CPU
		{E85B3BDB-7157-433C-ABC0-78C9B7A209AB}.AppStore|Any CPU.ActiveCfg = Debug|Any CPU
		{E85B3BDB-7157-433C-ABC0-78C9B7A209AB}.AppStore|Any CPU.Build.0 = Debug|Any CPU
		{E85B3BDB-7157-433C-ABC0-78C9B7A209AB}.AppStore|ARM.ActiveCfg = Debug|Any CPU
		{E85B3BDB-7157-433C-ABC0-78C9B7A209AB}.AppStore|ARM.Build.0 = Debug|Any CPU
		{E85B3BDB-7157-433C-ABC0-78C9B7A209AB}.AppStore|iPhone.ActiveCfg = Debug|Any CPU
		{E85B3BDB-7157-433C-ABC0-78C9B7A209AB}.AppStore|iPhone.Build.0 = Debug|Any CPU
		{E85B3BDB-7157-433C-ABC0-78C9B7A209AB}.AppStore|iPhoneSimulator.ActiveCfg = Debug|Any CPU
		{E85B3BDB-7157-433C-ABC0-78C9B7A209AB}.AppStore|iPhoneSimulator.Build.0 = Debug|Any CPU
		{E85B3BDB-7157-433C-ABC0-78C9B7A209AB}.AppStore|x64.ActiveCfg = Debug|Any CPU
		{E85B3BDB-7157-433C-ABC0-78C9B7A209AB}.AppStore|x64.Build.0 = Debug|Any CPU
		{E85B3BDB-7157-433C-ABC0-78C9B7A209AB}.AppStore|x86.ActiveCfg = Debug|Any CPU
		{E85B3BDB-7157-433C-ABC0-78C9B7A209AB}.AppStore|x86.Build.0 = Debug|Any CPU
		{E85B3BDB-7157-433C-ABC0-78C9B7A209AB}.Debug|Any CPU.ActiveCfg = Debug|Any CPU
		{E85B3BDB-7157-433C-ABC0-78C9B7A209AB}.Debug|Any CPU.Build.0 = Debug|Any CPU
		{E85B3BDB-7157-433C-ABC0-78C9B7A209AB}.Debug|ARM.ActiveCfg = Debug|Any CPU
		{E85B3BDB-7157-433C-ABC0-78C9B7A209AB}.Debug|ARM.Build.0 = Debug|Any CPU
		{E85B3BDB-7157-433C-ABC0-78C9B7A209AB}.Debug|iPhone.ActiveCfg = Debug|Any CPU
		{E85B3BDB-7157-433C-ABC0-78C9B7A209AB}.Debug|iPhone.Build.0 = Debug|Any CPU
		{E85B3BDB-7157-433C-ABC0-78C9B7A209AB}.Debug|iPhoneSimulator.ActiveCfg = Debug|Any CPU
		{E85B3BDB-7157-433C-ABC0-78C9B7A209AB}.Debug|iPhoneSimulator.Build.0 = Debug|Any CPU
		{E85B3BDB-7157-433C-ABC0-78C9B7A209AB}.Debug|x64.ActiveCfg = Debug|Any CPU
		{E85B3BDB-7157-433C-ABC0-78C9B7A209AB}.Debug|x64.Build.0 = Debug|Any CPU
		{E85B3BDB-7157-433C-ABC0-78C9B7A209AB}.Debug|x86.ActiveCfg = Debug|Any CPU
		{E85B3BDB-7157-433C-ABC0-78C9B7A209AB}.Debug|x86.Build.0 = Debug|Any CPU
		{E85B3BDB-7157-433C-ABC0-78C9B7A209AB}.Release|Any CPU.ActiveCfg = Release|Any CPU
		{E85B3BDB-7157-433C-ABC0-78C9B7A209AB}.Release|Any CPU.Build.0 = Release|Any CPU
		{E85B3BDB-7157-433C-ABC0-78C9B7A209AB}.Release|ARM.ActiveCfg = Release|Any CPU
		{E85B3BDB-7157-433C-ABC0-78C9B7A209AB}.Release|ARM.Build.0 = Release|Any CPU
		{E85B3BDB-7157-433C-ABC0-78C9B7A209AB}.Release|iPhone.ActiveCfg = Release|Any CPU
		{E85B3BDB-7157-433C-ABC0-78C9B7A209AB}.Release|iPhone.Build.0 = Release|Any CPU
		{E85B3BDB-7157-433C-ABC0-78C9B7A209AB}.Release|iPhoneSimulator.ActiveCfg = Release|Any CPU
		{E85B3BDB-7157-433C-ABC0-78C9B7A209AB}.Release|iPhoneSimulator.Build.0 = Release|Any CPU
		{E85B3BDB-7157-433C-ABC0-78C9B7A209AB}.Release|x64.ActiveCfg = Release|Any CPU
		{E85B3BDB-7157-433C-ABC0-78C9B7A209AB}.Release|x64.Build.0 = Release|Any CPU
		{E85B3BDB-7157-433C-ABC0-78C9B7A209AB}.Release|x86.ActiveCfg = Release|Any CPU
		{E85B3BDB-7157-433C-ABC0-78C9B7A209AB}.Release|x86.Build.0 = Release|Any CPU
		{DEB62302-A166-4D4E-9827-27609C8834E7}.Ad-Hoc|Any CPU.ActiveCfg = Debug|Any CPU
		{DEB62302-A166-4D4E-9827-27609C8834E7}.Ad-Hoc|Any CPU.Build.0 = Debug|Any CPU
		{DEB62302-A166-4D4E-9827-27609C8834E7}.Ad-Hoc|ARM.ActiveCfg = Debug|Any CPU
		{DEB62302-A166-4D4E-9827-27609C8834E7}.Ad-Hoc|ARM.Build.0 = Debug|Any CPU
		{DEB62302-A166-4D4E-9827-27609C8834E7}.Ad-Hoc|iPhone.ActiveCfg = Debug|Any CPU
		{DEB62302-A166-4D4E-9827-27609C8834E7}.Ad-Hoc|iPhone.Build.0 = Debug|Any CPU
		{DEB62302-A166-4D4E-9827-27609C8834E7}.Ad-Hoc|iPhoneSimulator.ActiveCfg = Debug|Any CPU
		{DEB62302-A166-4D4E-9827-27609C8834E7}.Ad-Hoc|iPhoneSimulator.Build.0 = Debug|Any CPU
		{DEB62302-A166-4D4E-9827-27609C8834E7}.Ad-Hoc|x64.ActiveCfg = Debug|Any CPU
		{DEB62302-A166-4D4E-9827-27609C8834E7}.Ad-Hoc|x64.Build.0 = Debug|Any CPU
		{DEB62302-A166-4D4E-9827-27609C8834E7}.Ad-Hoc|x86.ActiveCfg = Debug|Any CPU
		{DEB62302-A166-4D4E-9827-27609C8834E7}.Ad-Hoc|x86.Build.0 = Debug|Any CPU
		{DEB62302-A166-4D4E-9827-27609C8834E7}.AppStore|Any CPU.ActiveCfg = Debug|Any CPU
		{DEB62302-A166-4D4E-9827-27609C8834E7}.AppStore|Any CPU.Build.0 = Debug|Any CPU
		{DEB62302-A166-4D4E-9827-27609C8834E7}.AppStore|ARM.ActiveCfg = Debug|Any CPU
		{DEB62302-A166-4D4E-9827-27609C8834E7}.AppStore|ARM.Build.0 = Debug|Any CPU
		{DEB62302-A166-4D4E-9827-27609C8834E7}.AppStore|iPhone.ActiveCfg = Debug|Any CPU
		{DEB62302-A166-4D4E-9827-27609C8834E7}.AppStore|iPhone.Build.0 = Debug|Any CPU
		{DEB62302-A166-4D4E-9827-27609C8834E7}.AppStore|iPhoneSimulator.ActiveCfg = Debug|Any CPU
		{DEB62302-A166-4D4E-9827-27609C8834E7}.AppStore|iPhoneSimulator.Build.0 = Debug|Any CPU
		{DEB62302-A166-4D4E-9827-27609C8834E7}.AppStore|x64.ActiveCfg = Debug|Any CPU
		{DEB62302-A166-4D4E-9827-27609C8834E7}.AppStore|x64.Build.0 = Debug|Any CPU
		{DEB62302-A166-4D4E-9827-27609C8834E7}.AppStore|x86.ActiveCfg = Debug|Any CPU
		{DEB62302-A166-4D4E-9827-27609C8834E7}.AppStore|x86.Build.0 = Debug|Any CPU
		{DEB62302-A166-4D4E-9827-27609C8834E7}.Debug|Any CPU.ActiveCfg = Debug|Any CPU
		{DEB62302-A166-4D4E-9827-27609C8834E7}.Debug|Any CPU.Build.0 = Debug|Any CPU
		{DEB62302-A166-4D4E-9827-27609C8834E7}.Debug|ARM.ActiveCfg = Debug|Any CPU
		{DEB62302-A166-4D4E-9827-27609C8834E7}.Debug|ARM.Build.0 = Debug|Any CPU
		{DEB62302-A166-4D4E-9827-27609C8834E7}.Debug|iPhone.ActiveCfg = Debug|Any CPU
		{DEB62302-A166-4D4E-9827-27609C8834E7}.Debug|iPhone.Build.0 = Debug|Any CPU
		{DEB62302-A166-4D4E-9827-27609C8834E7}.Debug|iPhoneSimulator.ActiveCfg = Debug|Any CPU
		{DEB62302-A166-4D4E-9827-27609C8834E7}.Debug|iPhoneSimulator.Build.0 = Debug|Any CPU
		{DEB62302-A166-4D4E-9827-27609C8834E7}.Debug|x64.ActiveCfg = Debug|Any CPU
		{DEB62302-A166-4D4E-9827-27609C8834E7}.Debug|x64.Build.0 = Debug|Any CPU
		{DEB62302-A166-4D4E-9827-27609C8834E7}.Debug|x86.ActiveCfg = Debug|Any CPU
		{DEB62302-A166-4D4E-9827-27609C8834E7}.Debug|x86.Build.0 = Debug|Any CPU
		{DEB62302-A166-4D4E-9827-27609C8834E7}.Release|Any CPU.ActiveCfg = Release|Any CPU
		{DEB62302-A166-4D4E-9827-27609C8834E7}.Release|Any CPU.Build.0 = Release|Any CPU
		{DEB62302-A166-4D4E-9827-27609C8834E7}.Release|ARM.ActiveCfg = Release|Any CPU
		{DEB62302-A166-4D4E-9827-27609C8834E7}.Release|ARM.Build.0 = Release|Any CPU
		{DEB62302-A166-4D4E-9827-27609C8834E7}.Release|iPhone.ActiveCfg = Release|Any CPU
		{DEB62302-A166-4D4E-9827-27609C8834E7}.Release|iPhone.Build.0 = Release|Any CPU
		{DEB62302-A166-4D4E-9827-27609C8834E7}.Release|iPhoneSimulator.ActiveCfg = Release|Any CPU
		{DEB62302-A166-4D4E-9827-27609C8834E7}.Release|iPhoneSimulator.Build.0 = Release|Any CPU
		{DEB62302-A166-4D4E-9827-27609C8834E7}.Release|x64.ActiveCfg = Release|Any CPU
		{DEB62302-A166-4D4E-9827-27609C8834E7}.Release|x64.Build.0 = Release|Any CPU
		{DEB62302-A166-4D4E-9827-27609C8834E7}.Release|x86.ActiveCfg = Release|Any CPU
		{DEB62302-A166-4D4E-9827-27609C8834E7}.Release|x86.Build.0 = Release|Any CPU
		{AF3C8446-DB99-4791-A863-C3CFD4C99604}.Ad-Hoc|Any CPU.ActiveCfg = Debug|Any CPU
		{AF3C8446-DB99-4791-A863-C3CFD4C99604}.Ad-Hoc|Any CPU.Build.0 = Debug|Any CPU
		{AF3C8446-DB99-4791-A863-C3CFD4C99604}.Ad-Hoc|ARM.ActiveCfg = Debug|Any CPU
		{AF3C8446-DB99-4791-A863-C3CFD4C99604}.Ad-Hoc|ARM.Build.0 = Debug|Any CPU
		{AF3C8446-DB99-4791-A863-C3CFD4C99604}.Ad-Hoc|iPhone.ActiveCfg = Debug|Any CPU
		{AF3C8446-DB99-4791-A863-C3CFD4C99604}.Ad-Hoc|iPhone.Build.0 = Debug|Any CPU
		{AF3C8446-DB99-4791-A863-C3CFD4C99604}.Ad-Hoc|iPhoneSimulator.ActiveCfg = Debug|Any CPU
		{AF3C8446-DB99-4791-A863-C3CFD4C99604}.Ad-Hoc|iPhoneSimulator.Build.0 = Debug|Any CPU
		{AF3C8446-DB99-4791-A863-C3CFD4C99604}.Ad-Hoc|x64.ActiveCfg = Debug|Any CPU
		{AF3C8446-DB99-4791-A863-C3CFD4C99604}.Ad-Hoc|x64.Build.0 = Debug|Any CPU
		{AF3C8446-DB99-4791-A863-C3CFD4C99604}.Ad-Hoc|x86.ActiveCfg = Debug|Any CPU
		{AF3C8446-DB99-4791-A863-C3CFD4C99604}.Ad-Hoc|x86.Build.0 = Debug|Any CPU
		{AF3C8446-DB99-4791-A863-C3CFD4C99604}.AppStore|Any CPU.ActiveCfg = Debug|Any CPU
		{AF3C8446-DB99-4791-A863-C3CFD4C99604}.AppStore|Any CPU.Build.0 = Debug|Any CPU
		{AF3C8446-DB99-4791-A863-C3CFD4C99604}.AppStore|ARM.ActiveCfg = Debug|Any CPU
		{AF3C8446-DB99-4791-A863-C3CFD4C99604}.AppStore|ARM.Build.0 = Debug|Any CPU
		{AF3C8446-DB99-4791-A863-C3CFD4C99604}.AppStore|iPhone.ActiveCfg = Debug|Any CPU
		{AF3C8446-DB99-4791-A863-C3CFD4C99604}.AppStore|iPhone.Build.0 = Debug|Any CPU
		{AF3C8446-DB99-4791-A863-C3CFD4C99604}.AppStore|iPhoneSimulator.ActiveCfg = Debug|Any CPU
		{AF3C8446-DB99-4791-A863-C3CFD4C99604}.AppStore|iPhoneSimulator.Build.0 = Debug|Any CPU
		{AF3C8446-DB99-4791-A863-C3CFD4C99604}.AppStore|x64.ActiveCfg = Debug|Any CPU
		{AF3C8446-DB99-4791-A863-C3CFD4C99604}.AppStore|x64.Build.0 = Debug|Any CPU
		{AF3C8446-DB99-4791-A863-C3CFD4C99604}.AppStore|x86.ActiveCfg = Debug|Any CPU
		{AF3C8446-DB99-4791-A863-C3CFD4C99604}.AppStore|x86.Build.0 = Debug|Any CPU
		{AF3C8446-DB99-4791-A863-C3CFD4C99604}.Debug|Any CPU.ActiveCfg = Debug|Any CPU
		{AF3C8446-DB99-4791-A863-C3CFD4C99604}.Debug|Any CPU.Build.0 = Debug|Any CPU
		{AF3C8446-DB99-4791-A863-C3CFD4C99604}.Debug|ARM.ActiveCfg = Debug|Any CPU
		{AF3C8446-DB99-4791-A863-C3CFD4C99604}.Debug|ARM.Build.0 = Debug|Any CPU
		{AF3C8446-DB99-4791-A863-C3CFD4C99604}.Debug|iPhone.ActiveCfg = Debug|Any CPU
		{AF3C8446-DB99-4791-A863-C3CFD4C99604}.Debug|iPhone.Build.0 = Debug|Any CPU
		{AF3C8446-DB99-4791-A863-C3CFD4C99604}.Debug|iPhoneSimulator.ActiveCfg = Debug|Any CPU
		{AF3C8446-DB99-4791-A863-C3CFD4C99604}.Debug|iPhoneSimulator.Build.0 = Debug|Any CPU
		{AF3C8446-DB99-4791-A863-C3CFD4C99604}.Debug|x64.ActiveCfg = Debug|Any CPU
		{AF3C8446-DB99-4791-A863-C3CFD4C99604}.Debug|x64.Build.0 = Debug|Any CPU
		{AF3C8446-DB99-4791-A863-C3CFD4C99604}.Debug|x86.ActiveCfg = Debug|Any CPU
		{AF3C8446-DB99-4791-A863-C3CFD4C99604}.Debug|x86.Build.0 = Debug|Any CPU
		{AF3C8446-DB99-4791-A863-C3CFD4C99604}.Release|Any CPU.ActiveCfg = Release|Any CPU
		{AF3C8446-DB99-4791-A863-C3CFD4C99604}.Release|Any CPU.Build.0 = Release|Any CPU
		{AF3C8446-DB99-4791-A863-C3CFD4C99604}.Release|ARM.ActiveCfg = Release|Any CPU
		{AF3C8446-DB99-4791-A863-C3CFD4C99604}.Release|ARM.Build.0 = Release|Any CPU
		{AF3C8446-DB99-4791-A863-C3CFD4C99604}.Release|iPhone.ActiveCfg = Release|Any CPU
		{AF3C8446-DB99-4791-A863-C3CFD4C99604}.Release|iPhone.Build.0 = Release|Any CPU
		{AF3C8446-DB99-4791-A863-C3CFD4C99604}.Release|iPhoneSimulator.ActiveCfg = Release|Any CPU
		{AF3C8446-DB99-4791-A863-C3CFD4C99604}.Release|iPhoneSimulator.Build.0 = Release|Any CPU
		{AF3C8446-DB99-4791-A863-C3CFD4C99604}.Release|x64.ActiveCfg = Release|Any CPU
		{AF3C8446-DB99-4791-A863-C3CFD4C99604}.Release|x64.Build.0 = Release|Any CPU
		{AF3C8446-DB99-4791-A863-C3CFD4C99604}.Release|x86.ActiveCfg = Release|Any CPU
		{AF3C8446-DB99-4791-A863-C3CFD4C99604}.Release|x86.Build.0 = Release|Any CPU
		{54B8E73D-9AAA-40C5-9A6E-AF7EBA4FDD9F}.Ad-Hoc|Any CPU.ActiveCfg = Debug|Any CPU
		{54B8E73D-9AAA-40C5-9A6E-AF7EBA4FDD9F}.Ad-Hoc|Any CPU.Build.0 = Debug|Any CPU
		{54B8E73D-9AAA-40C5-9A6E-AF7EBA4FDD9F}.Ad-Hoc|ARM.ActiveCfg = Debug|Any CPU
		{54B8E73D-9AAA-40C5-9A6E-AF7EBA4FDD9F}.Ad-Hoc|ARM.Build.0 = Debug|Any CPU
		{54B8E73D-9AAA-40C5-9A6E-AF7EBA4FDD9F}.Ad-Hoc|iPhone.ActiveCfg = Debug|Any CPU
		{54B8E73D-9AAA-40C5-9A6E-AF7EBA4FDD9F}.Ad-Hoc|iPhone.Build.0 = Debug|Any CPU
		{54B8E73D-9AAA-40C5-9A6E-AF7EBA4FDD9F}.Ad-Hoc|iPhoneSimulator.ActiveCfg = Debug|Any CPU
		{54B8E73D-9AAA-40C5-9A6E-AF7EBA4FDD9F}.Ad-Hoc|iPhoneSimulator.Build.0 = Debug|Any CPU
		{54B8E73D-9AAA-40C5-9A6E-AF7EBA4FDD9F}.Ad-Hoc|x64.ActiveCfg = Debug|Any CPU
		{54B8E73D-9AAA-40C5-9A6E-AF7EBA4FDD9F}.Ad-Hoc|x64.Build.0 = Debug|Any CPU
		{54B8E73D-9AAA-40C5-9A6E-AF7EBA4FDD9F}.Ad-Hoc|x86.ActiveCfg = Debug|Any CPU
		{54B8E73D-9AAA-40C5-9A6E-AF7EBA4FDD9F}.Ad-Hoc|x86.Build.0 = Debug|Any CPU
		{54B8E73D-9AAA-40C5-9A6E-AF7EBA4FDD9F}.AppStore|Any CPU.ActiveCfg = Debug|Any CPU
		{54B8E73D-9AAA-40C5-9A6E-AF7EBA4FDD9F}.AppStore|Any CPU.Build.0 = Debug|Any CPU
		{54B8E73D-9AAA-40C5-9A6E-AF7EBA4FDD9F}.AppStore|ARM.ActiveCfg = Debug|Any CPU
		{54B8E73D-9AAA-40C5-9A6E-AF7EBA4FDD9F}.AppStore|ARM.Build.0 = Debug|Any CPU
		{54B8E73D-9AAA-40C5-9A6E-AF7EBA4FDD9F}.AppStore|iPhone.ActiveCfg = Debug|Any CPU
		{54B8E73D-9AAA-40C5-9A6E-AF7EBA4FDD9F}.AppStore|iPhone.Build.0 = Debug|Any CPU
		{54B8E73D-9AAA-40C5-9A6E-AF7EBA4FDD9F}.AppStore|iPhoneSimulator.ActiveCfg = Debug|Any CPU
		{54B8E73D-9AAA-40C5-9A6E-AF7EBA4FDD9F}.AppStore|iPhoneSimulator.Build.0 = Debug|Any CPU
		{54B8E73D-9AAA-40C5-9A6E-AF7EBA4FDD9F}.AppStore|x64.ActiveCfg = Debug|Any CPU
		{54B8E73D-9AAA-40C5-9A6E-AF7EBA4FDD9F}.AppStore|x64.Build.0 = Debug|Any CPU
		{54B8E73D-9AAA-40C5-9A6E-AF7EBA4FDD9F}.AppStore|x86.ActiveCfg = Debug|Any CPU
		{54B8E73D-9AAA-40C5-9A6E-AF7EBA4FDD9F}.AppStore|x86.Build.0 = Debug|Any CPU
		{54B8E73D-9AAA-40C5-9A6E-AF7EBA4FDD9F}.Debug|Any CPU.ActiveCfg = Debug|Any CPU
		{54B8E73D-9AAA-40C5-9A6E-AF7EBA4FDD9F}.Debug|Any CPU.Build.0 = Debug|Any CPU
		{54B8E73D-9AAA-40C5-9A6E-AF7EBA4FDD9F}.Debug|ARM.ActiveCfg = Debug|Any CPU
		{54B8E73D-9AAA-40C5-9A6E-AF7EBA4FDD9F}.Debug|ARM.Build.0 = Debug|Any CPU
		{54B8E73D-9AAA-40C5-9A6E-AF7EBA4FDD9F}.Debug|iPhone.ActiveCfg = Debug|Any CPU
		{54B8E73D-9AAA-40C5-9A6E-AF7EBA4FDD9F}.Debug|iPhone.Build.0 = Debug|Any CPU
		{54B8E73D-9AAA-40C5-9A6E-AF7EBA4FDD9F}.Debug|iPhoneSimulator.ActiveCfg = Debug|Any CPU
		{54B8E73D-9AAA-40C5-9A6E-AF7EBA4FDD9F}.Debug|iPhoneSimulator.Build.0 = Debug|Any CPU
		{54B8E73D-9AAA-40C5-9A6E-AF7EBA4FDD9F}.Debug|x64.ActiveCfg = Debug|Any CPU
		{54B8E73D-9AAA-40C5-9A6E-AF7EBA4FDD9F}.Debug|x64.Build.0 = Debug|Any CPU
		{54B8E73D-9AAA-40C5-9A6E-AF7EBA4FDD9F}.Debug|x86.ActiveCfg = Debug|Any CPU
		{54B8E73D-9AAA-40C5-9A6E-AF7EBA4FDD9F}.Debug|x86.Build.0 = Debug|Any CPU
		{54B8E73D-9AAA-40C5-9A6E-AF7EBA4FDD9F}.Release|Any CPU.ActiveCfg = Release|Any CPU
		{54B8E73D-9AAA-40C5-9A6E-AF7EBA4FDD9F}.Release|Any CPU.Build.0 = Release|Any CPU
		{54B8E73D-9AAA-40C5-9A6E-AF7EBA4FDD9F}.Release|ARM.ActiveCfg = Release|Any CPU
		{54B8E73D-9AAA-40C5-9A6E-AF7EBA4FDD9F}.Release|ARM.Build.0 = Release|Any CPU
		{54B8E73D-9AAA-40C5-9A6E-AF7EBA4FDD9F}.Release|iPhone.ActiveCfg = Release|Any CPU
		{54B8E73D-9AAA-40C5-9A6E-AF7EBA4FDD9F}.Release|iPhone.Build.0 = Release|Any CPU
		{54B8E73D-9AAA-40C5-9A6E-AF7EBA4FDD9F}.Release|iPhoneSimulator.ActiveCfg = Release|Any CPU
		{54B8E73D-9AAA-40C5-9A6E-AF7EBA4FDD9F}.Release|iPhoneSimulator.Build.0 = Release|Any CPU
		{54B8E73D-9AAA-40C5-9A6E-AF7EBA4FDD9F}.Release|x64.ActiveCfg = Release|Any CPU
		{54B8E73D-9AAA-40C5-9A6E-AF7EBA4FDD9F}.Release|x64.Build.0 = Release|Any CPU
		{54B8E73D-9AAA-40C5-9A6E-AF7EBA4FDD9F}.Release|x86.ActiveCfg = Release|Any CPU
		{54B8E73D-9AAA-40C5-9A6E-AF7EBA4FDD9F}.Release|x86.Build.0 = Release|Any CPU
	EndGlobalSection
	GlobalSection(SolutionProperties) = preSolution
		HideSolutionNode = FALSE
	EndGlobalSection
	GlobalSection(NestedProjects) = preSolution
		{33730E03-AE7A-435E-BF21-9FE98E6C66ED} = {B56A122E-E129-4205-89A6-065B4B2798B7}
		{72F1C10F-1BE8-4D77-8EEF-3F26E7D4A561} = {B56A122E-E129-4205-89A6-065B4B2798B7}
		{7B075BDE-44AB-4CF3-90E0-D45392F05908} = {B56A122E-E129-4205-89A6-065B4B2798B7}
		{494AC66E-98FD-493D-B504-9871AB69EA04} = {B56A122E-E129-4205-89A6-065B4B2798B7}
		{6A849030-93A4-4086-B757-AF4650438B25} = {B56A122E-E129-4205-89A6-065B4B2798B7}
		{D646ED16-B6CF-4D4C-8152-03C9DA4EB639} = {13B347FC-7469-4E35-9597-0A4DC5EAEAA8}
		{0DF81D85-3550-472E-B5D2-D3E5DB25A50C} = {13B347FC-7469-4E35-9597-0A4DC5EAEAA8}
		{C98B2B58-9467-49D6-B843-9D091086B859} = {13B347FC-7469-4E35-9597-0A4DC5EAEAA8}
		{EEC8C758-0853-4922-803C-5088AE59B701} = {13B347FC-7469-4E35-9597-0A4DC5EAEAA8}
		{80145C46-B516-4442-A91F-B8104A96164B} = {13B347FC-7469-4E35-9597-0A4DC5EAEAA8}
		{38D0250B-D436-4DB8-BDA2-C177D6144FBC} = {13B347FC-7469-4E35-9597-0A4DC5EAEAA8}
		{E85B3BDB-7157-433C-ABC0-78C9B7A209AB} = {60F56B49-2067-42BA-8648-A664A3D0FA32}
		{DEB62302-A166-4D4E-9827-27609C8834E7} = {5FAA8962-AAF3-4ECB-AA1C-F3EAC7215FA2}
		{AF3C8446-DB99-4791-A863-C3CFD4C99604} = {60F56B49-2067-42BA-8648-A664A3D0FA32}
		{54B8E73D-9AAA-40C5-9A6E-AF7EBA4FDD9F} = {517A8313-4C6A-42A7-B2AB-337AA29060E0}
	EndGlobalSection
	GlobalSection(ExtensibilityGlobals) = postSolution
		SolutionGuid = {B76B1597-93B3-4D2F-921E-6E6F74D672C0}
	EndGlobalSection
EndGlobal
